{
  "object": {
    "pins": [
      {
        "package": "Nimble",
        "repositoryURL": "https://github.com/Quick/Nimble.git",
        "state": {
          "branch": null,
          "revision": "2b1809051b4a65c1d7f5233331daa24572cd7fca",
          "version": "8.1.1"
        }
      },
      {
        "package": "QRCodeReader",
        "repositoryURL": "https://github.com/yannickl/QRCodeReader.swift.git",
        "state": {
          "branch": null,
          "revision": "5020b5a47199d8ba80c83a4b4fafd70e9dc9dc7f",
          "version": "10.1.1"
        }
      },
      {
        "package": "Quick",
        "repositoryURL": "https://github.com/Quick/Quick.git",
        "state": {
          "branch": null,
          "revision": "0038bcbab4292f3b028632556507c124e5ba69f3",
          "version": "3.0.0"
        }
      },
      {
        "package": "ReactiveSwift",
        "repositoryURL": "https://github.com/ReactiveCocoa/ReactiveSwift.git",
        "state": {
          "branch": null,
          "revision": "3f4351d04115fd8797802d9b2d17b812cd761602",
          "version": "6.3.0"
        }
      },
      {
        "package": "RxSwift",
        "repositoryURL": "https://github.com/ReactiveX/RxSwift.git",
        "state": {
          "branch": null,
          "revision": "002d325b0bdee94e7882e1114af5ff4fe1e96afa",
          "version": "5.1.1"
        }
      },
      {
        "package": "SwiftCheck",
        "repositoryURL": "https://github.com/typelift/SwiftCheck.git",
        "state": {
          "branch": "master",
          "revision": "abeeb225cb0268561d67485a8c767d71813d9fe2",
          "version": null
        }
      },
      {
        "package": "SwiftRex",
        "repositoryURL": "https://github.com/SwiftRex/SwiftRex.git",
        "state": {
          "branch": null,
          "revision": "a889f32137e6d359f948231235ce543b872e19ab",
          "version": "0.7.4"
        }
      },
      {
        "package": "ViewInspector",
        "repositoryURL": "https://github.com/nalexn/ViewInspector.git",
        "state": {
          "branch": null,
          "revision": "7a672b0a4c730d829ace40918bd65c21c2f356d9",
          "version": "0.4.0"
        }
      }
    ]
  },
  "version": 1
}
