// !$*UTF8*$!
{
	archiveVersion = 1;
	classes = {
	};
	objectVersion = 52;
	objects = {

/* Begin PBXBuildFile section */
		0206C363249B6BBD009DE1EC /* Main.storyboard in Resources */ = {isa = PBXBuildFile; fileRef = 0206C362249B6BBD009DE1EC /* Main.storyboard */; };
		0206C385249B72AA009DE1EC /* ZwaaiHost.swift in Sources */ = {isa = PBXBuildFile; fileRef = 0206C384249B72AA009DE1EC /* ZwaaiHost.swift */; };
		0206C387249BA263009DE1EC /* HistoryHost.swift in Sources */ = {isa = PBXBuildFile; fileRef = 0206C386249BA263009DE1EC /* HistoryHost.swift */; };
		0227555E249275BD00F66505 /* ZwaaiTab.swift in Sources */ = {isa = PBXBuildFile; fileRef = 0227555D249275BD00F66505 /* ZwaaiTab.swift */; };
		02275560249275DC00F66505 /* HistoryTab.swift in Sources */ = {isa = PBXBuildFile; fileRef = 0227555F249275DC00F66505 /* HistoryTab.swift */; };
		0228A731249E9E2700C894C6 /* QRScanner.strings in Resources */ = {isa = PBXBuildFile; fileRef = 0228A730249E9E2700C894C6 /* QRScanner.strings */; };
		0228A736249F54C000C894C6 /* PersistStateMiddleware.swift in Sources */ = {isa = PBXBuildFile; fileRef = 0228A735249F54C000C894C6 /* PersistStateMiddleware.swift */; };
		0228A73824A093F300C894C6 /* LoadSaveState.swift in Sources */ = {isa = PBXBuildFile; fileRef = 0228A73724A093F300C894C6 /* LoadSaveState.swift */; };
		0228A73B24A0A11300C894C6 /* AppError.swift in Sources */ = {isa = PBXBuildFile; fileRef = 0228A73A24A0A11300C894C6 /* AppError.swift */; };
		0228A73D24A0A8D600C894C6 /* AppMetaState.swift in Sources */ = {isa = PBXBuildFile; fileRef = 0228A73C24A0A8D600C894C6 /* AppMetaState.swift */; };
		0228A74024A0A9EA00C894C6 /* AppMetaAction.swift in Sources */ = {isa = PBXBuildFile; fileRef = 0228A73F24A0A9EA00C894C6 /* AppMetaAction.swift */; };
		0228A74224A0AAA800C894C6 /* AppMetaReducer.swift in Sources */ = {isa = PBXBuildFile; fileRef = 0228A74124A0AAA800C894C6 /* AppMetaReducer.swift */; };
		0228A74524A0B35600C894C6 /* SettingsHost.swift in Sources */ = {isa = PBXBuildFile; fileRef = 0228A74424A0B35600C894C6 /* SettingsHost.swift */; };
		022D52AD24A5B67A004BB348 /* UIApplication+currentWindow.swift in Sources */ = {isa = PBXBuildFile; fileRef = 022D52AC24A5B67A004BB348 /* UIApplication+currentWindow.swift */; };
		022D52AF24A5B6AF004BB348 /* ZwaaiRuimte.swift in Sources */ = {isa = PBXBuildFile; fileRef = 022D52AE24A5B6AF004BB348 /* ZwaaiRuimte.swift */; };
		022D52B124A5B88C004BB348 /* ScannerWithMask.swift in Sources */ = {isa = PBXBuildFile; fileRef = 022D52B024A5B88C004BB348 /* ScannerWithMask.swift */; };
		022D52B324A5D778004BB348 /* ZwaaiReducer.swift in Sources */ = {isa = PBXBuildFile; fileRef = 022D52B224A5D778004BB348 /* ZwaaiReducer.swift */; };
		022D52B524A5D7CE004BB348 /* ZwaaiState.swift in Sources */ = {isa = PBXBuildFile; fileRef = 022D52B424A5D7CE004BB348 /* ZwaaiState.swift */; };
		022D52B724A5E5D0004BB348 /* ZwaaiViewModel.swift in Sources */ = {isa = PBXBuildFile; fileRef = 022D52B624A5E5D0004BB348 /* ZwaaiViewModel.swift */; };
		022D52BA24A60CCC004BB348 /* HistoryItemSpec.swift in Sources */ = {isa = PBXBuildFile; fileRef = 022D52B924A60CCC004BB348 /* HistoryItemSpec.swift */; };
		022D52BC24A61A94004BB348 /* Generators.swift in Sources */ = {isa = PBXBuildFile; fileRef = 022D52BB24A61A94004BB348 /* Generators.swift */; };
		022D52C024A640B3004BB348 /* DidScanURLMiddleware.swift in Sources */ = {isa = PBXBuildFile; fileRef = 022D52BF24A640B3004BB348 /* DidScanURLMiddleware.swift */; };
		022D52C224A645AF004BB348 /* UpdateHistoryOnCheckoutMiddleware.swift in Sources */ = {isa = PBXBuildFile; fileRef = 022D52C124A645AF004BB348 /* UpdateHistoryOnCheckoutMiddleware.swift */; };
		02574CE824A75DCF0027F85E /* ZwaaiReducerSpec.swift in Sources */ = {isa = PBXBuildFile; fileRef = 02574CE724A75DCF0027F85E /* ZwaaiReducerSpec.swift */; };
		026315D6249C93F400B4F175 /* Colors.swift in Sources */ = {isa = PBXBuildFile; fileRef = 026315D5249C93F400B4F175 /* Colors.swift */; };
		0264461D24A22D7900EC132A /* Formatters.swift in Sources */ = {isa = PBXBuildFile; fileRef = 0264461C24A22D7900EC132A /* Formatters.swift */; };
		0264461F24A22E9A00EC132A /* SettingsViewModel.swift in Sources */ = {isa = PBXBuildFile; fileRef = 0264461E24A22E9A00EC132A /* SettingsViewModel.swift */; };
		02883DED249CAD1D00A6BFA0 /* QRScanner.swift in Sources */ = {isa = PBXBuildFile; fileRef = 02883DEC249CAD1D00A6BFA0 /* QRScanner.swift */; };
		02883DF2249CB0B200A6BFA0 /* CoreImage.framework in Frameworks */ = {isa = PBXBuildFile; fileRef = 02883DF1249CB0B200A6BFA0 /* CoreImage.framework */; };
		02883DF4249CC66E00A6BFA0 /* GenerateQRCode.swift in Sources */ = {isa = PBXBuildFile; fileRef = 02883DF3249CC66E00A6BFA0 /* GenerateQRCode.swift */; };
		02883DF6249CE2A200A6BFA0 /* ZwaaiAction.swift in Sources */ = {isa = PBXBuildFile; fileRef = 02883DF5249CE2A200A6BFA0 /* ZwaaiAction.swift */; };
		02883DFB249CE58E00A6BFA0 /* Prism.generated.swift in Sources */ = {isa = PBXBuildFile; fileRef = 02883DFA249CE58E00A6BFA0 /* Prism.generated.swift */; };
		02C1472624926DAC000C08F9 /* AppDelegate.swift in Sources */ = {isa = PBXBuildFile; fileRef = 02C1472524926DAC000C08F9 /* AppDelegate.swift */; };
		02C1472824926DAC000C08F9 /* SceneDelegate.swift in Sources */ = {isa = PBXBuildFile; fileRef = 02C1472724926DAC000C08F9 /* SceneDelegate.swift */; };
		02C1472C24926DAE000C08F9 /* Assets.xcassets in Resources */ = {isa = PBXBuildFile; fileRef = 02C1472B24926DAE000C08F9 /* Assets.xcassets */; };
		02C1472F24926DAE000C08F9 /* Preview Assets.xcassets in Resources */ = {isa = PBXBuildFile; fileRef = 02C1472E24926DAE000C08F9 /* Preview Assets.xcassets */; };
		02C1473224926DAE000C08F9 /* LaunchScreen.storyboard in Resources */ = {isa = PBXBuildFile; fileRef = 02C1473024926DAE000C08F9 /* LaunchScreen.storyboard */; };
		02C7784A2497657E0013EE05 /* AppState.swift in Sources */ = {isa = PBXBuildFile; fileRef = 02C778492497657E0013EE05 /* AppState.swift */; };
		02C7784D249765EF0013EE05 /* HistoryState.swift in Sources */ = {isa = PBXBuildFile; fileRef = 02C7784C249765EF0013EE05 /* HistoryState.swift */; };
		02C7784F249766550013EE05 /* HistoryItem.swift in Sources */ = {isa = PBXBuildFile; fileRef = 02C7784E249766550013EE05 /* HistoryItem.swift */; };
		02C77851249767940013EE05 /* HistoryActions.swift in Sources */ = {isa = PBXBuildFile; fileRef = 02C77850249767940013EE05 /* HistoryActions.swift */; };
		02C77853249767A70013EE05 /* AppActions.swift in Sources */ = {isa = PBXBuildFile; fileRef = 02C77852249767A70013EE05 /* AppActions.swift */; };
		02C778552497681A0013EE05 /* HistoryReducer.swift in Sources */ = {isa = PBXBuildFile; fileRef = 02C778542497681A0013EE05 /* HistoryReducer.swift */; };
		02C77857249768B90013EE05 /* AppStore.swift in Sources */ = {isa = PBXBuildFile; fileRef = 02C77856249768B90013EE05 /* AppStore.swift */; };
		02C778592497697E0013EE05 /* AppReducer.swift in Sources */ = {isa = PBXBuildFile; fileRef = 02C778582497697E0013EE05 /* AppReducer.swift */; };
		02C7785B2497B9060013EE05 /* AuthenticateMiddleware.swift in Sources */ = {isa = PBXBuildFile; fileRef = 02C7785A2497B9060013EE05 /* AuthenticateMiddleware.swift */; };
		02C7785D2497BA500013EE05 /* AppMiddleware.swift in Sources */ = {isa = PBXBuildFile; fileRef = 02C7785C2497BA500013EE05 /* AppMiddleware.swift */; };
		02E2E51324A0CB66009F2D1B /* SettingsTab.swift in Sources */ = {isa = PBXBuildFile; fileRef = 02E2E51224A0CB66009F2D1B /* SettingsTab.swift */; };
		02E2E51624A0CBC4009F2D1B /* BuildInfo.swift in Sources */ = {isa = PBXBuildFile; fileRef = 02E2E51524A0CBC4009F2D1B /* BuildInfo.swift */; };
		02E2E51824A0CEA2009F2D1B /* buildinfo.txt in Resources */ = {isa = PBXBuildFile; fileRef = 02E2E51724A0CEA2009F2D1B /* buildinfo.txt */; };
		02E2E51A24A0D198009F2D1B /* KeyValueRow.swift in Sources */ = {isa = PBXBuildFile; fileRef = 02E2E51924A0D198009F2D1B /* KeyValueRow.swift */; };
		02E2E51E24A0D33E009F2D1B /* ResetAppStateReducer.swift in Sources */ = {isa = PBXBuildFile; fileRef = 02E2E51D24A0D33E009F2D1B /* ResetAppStateReducer.swift */; };
		02E2E52024A0DD84009F2D1B /* FunctionalProgramming.swift in Sources */ = {isa = PBXBuildFile; fileRef = 02E2E51F24A0DD84009F2D1B /* FunctionalProgramming.swift */; };
		02E2E52324A0E490009F2D1B /* FunctionalProgrammingSpec.swift in Sources */ = {isa = PBXBuildFile; fileRef = 02E2E52224A0E490009F2D1B /* FunctionalProgrammingSpec.swift */; };
		02E2E52524A0EF65009F2D1B /* HistoryList.swift in Sources */ = {isa = PBXBuildFile; fileRef = 02E2E52424A0EF65009F2D1B /* HistoryList.swift */; };
		02E2E52724A0F305009F2D1B /* HistoryList.stringsdict in Resources */ = {isa = PBXBuildFile; fileRef = 02E2E52624A0F305009F2D1B /* HistoryList.stringsdict */; };
		02E2E52924A0FA38009F2D1B /* HistoryList.strings in Resources */ = {isa = PBXBuildFile; fileRef = 02E2E52824A0FA38009F2D1B /* HistoryList.strings */; };
		02E2E52B24A0FD1A009F2D1B /* HistoryViewModel.swift in Sources */ = {isa = PBXBuildFile; fileRef = 02E2E52A24A0FD1A009F2D1B /* HistoryViewModel.swift */; };
		02FA9AE9249D4E88003CCBB4 /* LoggingMiddleware.swift in Sources */ = {isa = PBXBuildFile; fileRef = 02FA9AE8249D4E88003CCBB4 /* LoggingMiddleware.swift */; };
		02FA9AEB249E18BA003CCBB4 /* Random.swift in Sources */ = {isa = PBXBuildFile; fileRef = 02FA9AEA249E18BA003CCBB4 /* Random.swift */; };
		02FA9AFC249E2CDE003CCBB4 /* Quick in Frameworks */ = {isa = PBXBuildFile; productRef = 02FA9AFB249E2CDE003CCBB4 /* Quick */; };
		02FA9AFF249E2D37003CCBB4 /* Nimble in Frameworks */ = {isa = PBXBuildFile; productRef = 02FA9AFE249E2D37003CCBB4 /* Nimble */; };
		02FA9B01249E2D7A003CCBB4 /* RandomSpec.swift in Sources */ = {isa = PBXBuildFile; fileRef = 02FA9B00249E2D7A003CCBB4 /* RandomSpec.swift */; };
		02FA9B04249E3050003CCBB4 /* SwiftCheck in Frameworks */ = {isa = PBXBuildFile; productRef = 02FA9B03249E3050003CCBB4 /* SwiftCheck */; };
		02FBEAA024980F0300295212 /* CombineRex in Frameworks */ = {isa = PBXBuildFile; productRef = 02FBEA9F24980F0300295212 /* CombineRex */; };
		02FBEAA324980FC900295212 /* QRCodeReader in Frameworks */ = {isa = PBXBuildFile; productRef = 02FBEAA224980FC900295212 /* QRCodeReader */; };
		02FBEACC2498BE2600295212 /* 180048__unfa__sneeze.wav in Resources */ = {isa = PBXBuildFile; fileRef = 02FBEACB2498BE2600295212 /* 180048__unfa__sneeze.wav */; };
		02FBEACF2498BE9900295212 /* AudioFeedback.swift in Sources */ = {isa = PBXBuildFile; fileRef = 02FBEACE2498BE9900295212 /* AudioFeedback.swift */; };
		02FBEAD22498C26200295212 /* ZwaaiPerson.swift in Sources */ = {isa = PBXBuildFile; fileRef = 02FBEAD12498C26200295212 /* ZwaaiPerson.swift */; };
/* End PBXBuildFile section */

/* Begin PBXContainerItemProxy section */
		02FA9AF5249E2C46003CCBB4 /* PBXContainerItemProxy */ = {
			isa = PBXContainerItemProxy;
			containerPortal = 02C1471A24926DAC000C08F9 /* Project object */;
			proxyType = 1;
			remoteGlobalIDString = 02C1472124926DAC000C08F9;
			remoteInfo = Zwaai;
		};
/* End PBXContainerItemProxy section */

/* Begin PBXFileReference section */
		0206C362249B6BBD009DE1EC /* Main.storyboard */ = {isa = PBXFileReference; lastKnownFileType = file.storyboard; path = Main.storyboard; sourceTree = "<group>"; };
		0206C384249B72AA009DE1EC /* ZwaaiHost.swift */ = {isa = PBXFileReference; lastKnownFileType = sourcecode.swift; path = ZwaaiHost.swift; sourceTree = "<group>"; };
		0206C386249BA263009DE1EC /* HistoryHost.swift */ = {isa = PBXFileReference; lastKnownFileType = sourcecode.swift; path = HistoryHost.swift; sourceTree = "<group>"; };
		0227555D249275BD00F66505 /* ZwaaiTab.swift */ = {isa = PBXFileReference; lastKnownFileType = sourcecode.swift; path = ZwaaiTab.swift; sourceTree = "<group>"; };
		0227555F249275DC00F66505 /* HistoryTab.swift */ = {isa = PBXFileReference; lastKnownFileType = sourcecode.swift; path = HistoryTab.swift; sourceTree = "<group>"; };
		0228A730249E9E2700C894C6 /* QRScanner.strings */ = {isa = PBXFileReference; lastKnownFileType = text.plist.strings; path = QRScanner.strings; sourceTree = "<group>"; };
		0228A735249F54C000C894C6 /* PersistStateMiddleware.swift */ = {isa = PBXFileReference; lastKnownFileType = sourcecode.swift; path = PersistStateMiddleware.swift; sourceTree = "<group>"; };
		0228A73724A093F300C894C6 /* LoadSaveState.swift */ = {isa = PBXFileReference; lastKnownFileType = sourcecode.swift; path = LoadSaveState.swift; sourceTree = "<group>"; };
		0228A73A24A0A11300C894C6 /* AppError.swift */ = {isa = PBXFileReference; lastKnownFileType = sourcecode.swift; path = AppError.swift; sourceTree = "<group>"; };
		0228A73C24A0A8D600C894C6 /* AppMetaState.swift */ = {isa = PBXFileReference; lastKnownFileType = sourcecode.swift; path = AppMetaState.swift; sourceTree = "<group>"; };
		0228A73F24A0A9EA00C894C6 /* AppMetaAction.swift */ = {isa = PBXFileReference; lastKnownFileType = sourcecode.swift; path = AppMetaAction.swift; sourceTree = "<group>"; };
		0228A74124A0AAA800C894C6 /* AppMetaReducer.swift */ = {isa = PBXFileReference; lastKnownFileType = sourcecode.swift; path = AppMetaReducer.swift; sourceTree = "<group>"; };
		0228A74424A0B35600C894C6 /* SettingsHost.swift */ = {isa = PBXFileReference; lastKnownFileType = sourcecode.swift; path = SettingsHost.swift; sourceTree = "<group>"; };
		022D52AC24A5B67A004BB348 /* UIApplication+currentWindow.swift */ = {isa = PBXFileReference; fileEncoding = 4; lastKnownFileType = sourcecode.swift; path = "UIApplication+currentWindow.swift"; sourceTree = "<group>"; };
		022D52AE24A5B6AF004BB348 /* ZwaaiRuimte.swift */ = {isa = PBXFileReference; lastKnownFileType = sourcecode.swift; path = ZwaaiRuimte.swift; sourceTree = "<group>"; };
		022D52B024A5B88C004BB348 /* ScannerWithMask.swift */ = {isa = PBXFileReference; lastKnownFileType = sourcecode.swift; path = ScannerWithMask.swift; sourceTree = "<group>"; };
		022D52B224A5D778004BB348 /* ZwaaiReducer.swift */ = {isa = PBXFileReference; lastKnownFileType = sourcecode.swift; path = ZwaaiReducer.swift; sourceTree = "<group>"; };
		022D52B424A5D7CE004BB348 /* ZwaaiState.swift */ = {isa = PBXFileReference; lastKnownFileType = sourcecode.swift; path = ZwaaiState.swift; sourceTree = "<group>"; };
		022D52B624A5E5D0004BB348 /* ZwaaiViewModel.swift */ = {isa = PBXFileReference; lastKnownFileType = sourcecode.swift; path = ZwaaiViewModel.swift; sourceTree = "<group>"; };
		022D52B924A60CCC004BB348 /* HistoryItemSpec.swift */ = {isa = PBXFileReference; lastKnownFileType = sourcecode.swift; path = HistoryItemSpec.swift; sourceTree = "<group>"; };
		022D52BB24A61A94004BB348 /* Generators.swift */ = {isa = PBXFileReference; lastKnownFileType = sourcecode.swift; path = Generators.swift; sourceTree = "<group>"; };
		022D52BF24A640B3004BB348 /* DidScanURLMiddleware.swift */ = {isa = PBXFileReference; lastKnownFileType = sourcecode.swift; path = DidScanURLMiddleware.swift; sourceTree = "<group>"; };
		022D52C124A645AF004BB348 /* UpdateHistoryOnCheckoutMiddleware.swift */ = {isa = PBXFileReference; lastKnownFileType = sourcecode.swift; path = UpdateHistoryOnCheckoutMiddleware.swift; sourceTree = "<group>"; };
		02574CE724A75DCF0027F85E /* ZwaaiReducerSpec.swift */ = {isa = PBXFileReference; lastKnownFileType = sourcecode.swift; path = ZwaaiReducerSpec.swift; sourceTree = "<group>"; };
		026315D5249C93F400B4F175 /* Colors.swift */ = {isa = PBXFileReference; lastKnownFileType = sourcecode.swift; path = Colors.swift; sourceTree = "<group>"; };
		0264461C24A22D7900EC132A /* Formatters.swift */ = {isa = PBXFileReference; lastKnownFileType = sourcecode.swift; path = Formatters.swift; sourceTree = "<group>"; };
		0264461E24A22E9A00EC132A /* SettingsViewModel.swift */ = {isa = PBXFileReference; lastKnownFileType = sourcecode.swift; path = SettingsViewModel.swift; sourceTree = "<group>"; };
		02883DEC249CAD1D00A6BFA0 /* QRScanner.swift */ = {isa = PBXFileReference; lastKnownFileType = sourcecode.swift; path = QRScanner.swift; sourceTree = "<group>"; };
		02883DF1249CB0B200A6BFA0 /* CoreImage.framework */ = {isa = PBXFileReference; lastKnownFileType = wrapper.framework; name = CoreImage.framework; path = System/Library/Frameworks/CoreImage.framework; sourceTree = SDKROOT; };
		02883DF3249CC66E00A6BFA0 /* GenerateQRCode.swift */ = {isa = PBXFileReference; lastKnownFileType = sourcecode.swift; path = GenerateQRCode.swift; sourceTree = "<group>"; };
		02883DF5249CE2A200A6BFA0 /* ZwaaiAction.swift */ = {isa = PBXFileReference; lastKnownFileType = sourcecode.swift; path = ZwaaiAction.swift; sourceTree = "<group>"; };
		02883DF8249CE47600A6BFA0 /* Prism.stencil */ = {isa = PBXFileReference; lastKnownFileType = text; path = Prism.stencil; sourceTree = "<group>"; };
		02883DFA249CE58E00A6BFA0 /* Prism.generated.swift */ = {isa = PBXFileReference; fileEncoding = 4; lastKnownFileType = sourcecode.swift; path = Prism.generated.swift; sourceTree = "<group>"; };
		02C1472224926DAC000C08F9 /* Zwaai.app */ = {isa = PBXFileReference; explicitFileType = wrapper.application; includeInIndex = 0; path = Zwaai.app; sourceTree = BUILT_PRODUCTS_DIR; };
		02C1472524926DAC000C08F9 /* AppDelegate.swift */ = {isa = PBXFileReference; lastKnownFileType = sourcecode.swift; path = AppDelegate.swift; sourceTree = "<group>"; };
		02C1472724926DAC000C08F9 /* SceneDelegate.swift */ = {isa = PBXFileReference; lastKnownFileType = sourcecode.swift; path = SceneDelegate.swift; sourceTree = "<group>"; };
		02C1472B24926DAE000C08F9 /* Assets.xcassets */ = {isa = PBXFileReference; lastKnownFileType = folder.assetcatalog; path = Assets.xcassets; sourceTree = "<group>"; };
		02C1472E24926DAE000C08F9 /* Preview Assets.xcassets */ = {isa = PBXFileReference; lastKnownFileType = folder.assetcatalog; path = "Preview Assets.xcassets"; sourceTree = "<group>"; };
		02C1473124926DAE000C08F9 /* Base */ = {isa = PBXFileReference; lastKnownFileType = file.storyboard; name = Base; path = Base.lproj/LaunchScreen.storyboard; sourceTree = "<group>"; };
		02C1473324926DAE000C08F9 /* Info.plist */ = {isa = PBXFileReference; lastKnownFileType = text.plist.xml; path = Info.plist; sourceTree = "<group>"; };
		02C778492497657E0013EE05 /* AppState.swift */ = {isa = PBXFileReference; lastKnownFileType = sourcecode.swift; path = AppState.swift; sourceTree = "<group>"; };
		02C7784C249765EF0013EE05 /* HistoryState.swift */ = {isa = PBXFileReference; lastKnownFileType = sourcecode.swift; path = HistoryState.swift; sourceTree = "<group>"; };
		02C7784E249766550013EE05 /* HistoryItem.swift */ = {isa = PBXFileReference; lastKnownFileType = sourcecode.swift; path = HistoryItem.swift; sourceTree = "<group>"; };
		02C77850249767940013EE05 /* HistoryActions.swift */ = {isa = PBXFileReference; lastKnownFileType = sourcecode.swift; path = HistoryActions.swift; sourceTree = "<group>"; };
		02C77852249767A70013EE05 /* AppActions.swift */ = {isa = PBXFileReference; lastKnownFileType = sourcecode.swift; path = AppActions.swift; sourceTree = "<group>"; };
		02C778542497681A0013EE05 /* HistoryReducer.swift */ = {isa = PBXFileReference; lastKnownFileType = sourcecode.swift; path = HistoryReducer.swift; sourceTree = "<group>"; };
		02C77856249768B90013EE05 /* AppStore.swift */ = {isa = PBXFileReference; lastKnownFileType = sourcecode.swift; path = AppStore.swift; sourceTree = "<group>"; };
		02C778582497697E0013EE05 /* AppReducer.swift */ = {isa = PBXFileReference; lastKnownFileType = sourcecode.swift; path = AppReducer.swift; sourceTree = "<group>"; };
		02C7785A2497B9060013EE05 /* AuthenticateMiddleware.swift */ = {isa = PBXFileReference; lastKnownFileType = sourcecode.swift; path = AuthenticateMiddleware.swift; sourceTree = "<group>"; };
		02C7785C2497BA500013EE05 /* AppMiddleware.swift */ = {isa = PBXFileReference; lastKnownFileType = sourcecode.swift; path = AppMiddleware.swift; sourceTree = "<group>"; };
		02E2E51224A0CB66009F2D1B /* SettingsTab.swift */ = {isa = PBXFileReference; lastKnownFileType = sourcecode.swift; path = SettingsTab.swift; sourceTree = "<group>"; };
		02E2E51524A0CBC4009F2D1B /* BuildInfo.swift */ = {isa = PBXFileReference; lastKnownFileType = sourcecode.swift; path = BuildInfo.swift; sourceTree = "<group>"; };
		02E2E51724A0CEA2009F2D1B /* buildinfo.txt */ = {isa = PBXFileReference; lastKnownFileType = text; path = buildinfo.txt; sourceTree = "<group>"; };
		02E2E51924A0D198009F2D1B /* KeyValueRow.swift */ = {isa = PBXFileReference; lastKnownFileType = sourcecode.swift; path = KeyValueRow.swift; sourceTree = "<group>"; };
		02E2E51D24A0D33E009F2D1B /* ResetAppStateReducer.swift */ = {isa = PBXFileReference; lastKnownFileType = sourcecode.swift; path = ResetAppStateReducer.swift; sourceTree = "<group>"; };
		02E2E51F24A0DD84009F2D1B /* FunctionalProgramming.swift */ = {isa = PBXFileReference; lastKnownFileType = sourcecode.swift; path = FunctionalProgramming.swift; sourceTree = "<group>"; };
		02E2E52224A0E490009F2D1B /* FunctionalProgrammingSpec.swift */ = {isa = PBXFileReference; lastKnownFileType = sourcecode.swift; path = FunctionalProgrammingSpec.swift; sourceTree = "<group>"; };
		02E2E52424A0EF65009F2D1B /* HistoryList.swift */ = {isa = PBXFileReference; lastKnownFileType = sourcecode.swift; path = HistoryList.swift; sourceTree = "<group>"; };
		02E2E52624A0F305009F2D1B /* HistoryList.stringsdict */ = {isa = PBXFileReference; lastKnownFileType = text.plist.stringsdict; path = HistoryList.stringsdict; sourceTree = "<group>"; };
		02E2E52824A0FA38009F2D1B /* HistoryList.strings */ = {isa = PBXFileReference; lastKnownFileType = text.plist.strings; path = HistoryList.strings; sourceTree = "<group>"; };
		02E2E52A24A0FD1A009F2D1B /* HistoryViewModel.swift */ = {isa = PBXFileReference; lastKnownFileType = sourcecode.swift; path = HistoryViewModel.swift; sourceTree = "<group>"; };
		02FA9AE8249D4E88003CCBB4 /* LoggingMiddleware.swift */ = {isa = PBXFileReference; lastKnownFileType = sourcecode.swift; path = LoggingMiddleware.swift; sourceTree = "<group>"; };
		02FA9AEA249E18BA003CCBB4 /* Random.swift */ = {isa = PBXFileReference; lastKnownFileType = sourcecode.swift; path = Random.swift; sourceTree = "<group>"; };
		02FA9AF0249E2C46003CCBB4 /* ZwaaiTests.xctest */ = {isa = PBXFileReference; explicitFileType = wrapper.cfbundle; includeInIndex = 0; path = ZwaaiTests.xctest; sourceTree = BUILT_PRODUCTS_DIR; };
		02FA9AF4249E2C46003CCBB4 /* Info.plist */ = {isa = PBXFileReference; lastKnownFileType = text.plist.xml; path = Info.plist; sourceTree = "<group>"; };
		02FA9B00249E2D7A003CCBB4 /* RandomSpec.swift */ = {isa = PBXFileReference; lastKnownFileType = sourcecode.swift; path = RandomSpec.swift; sourceTree = "<group>"; };
		02FBEACB2498BE2600295212 /* 180048__unfa__sneeze.wav */ = {isa = PBXFileReference; lastKnownFileType = audio.wav; path = 180048__unfa__sneeze.wav; sourceTree = "<group>"; };
		02FBEACD2498BE2D00295212 /* 180048__unfa__sneeze.flac */ = {isa = PBXFileReference; lastKnownFileType = file; path = 180048__unfa__sneeze.flac; sourceTree = "<group>"; };
		02FBEACE2498BE9900295212 /* AudioFeedback.swift */ = {isa = PBXFileReference; fileEncoding = 4; lastKnownFileType = sourcecode.swift; path = AudioFeedback.swift; sourceTree = "<group>"; };
		02FBEAD12498C26200295212 /* ZwaaiPerson.swift */ = {isa = PBXFileReference; lastKnownFileType = sourcecode.swift; path = ZwaaiPerson.swift; sourceTree = "<group>"; };
/* End PBXFileReference section */

/* Begin PBXFrameworksBuildPhase section */
		02C1471F24926DAC000C08F9 /* Frameworks */ = {
			isa = PBXFrameworksBuildPhase;
			buildActionMask = 2147483647;
			files = (
				02FBEAA024980F0300295212 /* CombineRex in Frameworks */,
				02FBEAA324980FC900295212 /* QRCodeReader in Frameworks */,
				02883DF2249CB0B200A6BFA0 /* CoreImage.framework in Frameworks */,
			);
			runOnlyForDeploymentPostprocessing = 0;
		};
		02FA9AED249E2C46003CCBB4 /* Frameworks */ = {
			isa = PBXFrameworksBuildPhase;
			buildActionMask = 2147483647;
			files = (
				02FA9B04249E3050003CCBB4 /* SwiftCheck in Frameworks */,
				02FA9AFC249E2CDE003CCBB4 /* Quick in Frameworks */,
				02FA9AFF249E2D37003CCBB4 /* Nimble in Frameworks */,
			);
			runOnlyForDeploymentPostprocessing = 0;
		};
/* End PBXFrameworksBuildPhase section */

/* Begin PBXGroup section */
		0228A734249F54AC00C894C6 /* Persistance */ = {
			isa = PBXGroup;
			children = (
				0228A735249F54C000C894C6 /* PersistStateMiddleware.swift */,
				0228A73724A093F300C894C6 /* LoadSaveState.swift */,
			);
			path = Persistance;
			sourceTree = "<group>";
		};
		0228A73E24A0A9DF00C894C6 /* AppMeta */ = {
			isa = PBXGroup;
			children = (
				0228A73C24A0A8D600C894C6 /* AppMetaState.swift */,
				0228A73F24A0A9EA00C894C6 /* AppMetaAction.swift */,
				0228A74124A0AAA800C894C6 /* AppMetaReducer.swift */,
			);
			path = AppMeta;
			sourceTree = "<group>";
		};
		0228A74324A0B34400C894C6 /* Settings */ = {
			isa = PBXGroup;
			children = (
				0228A74424A0B35600C894C6 /* SettingsHost.swift */,
				02E2E51224A0CB66009F2D1B /* SettingsTab.swift */,
				02E2E51524A0CBC4009F2D1B /* BuildInfo.swift */,
				0264461E24A22E9A00EC132A /* SettingsViewModel.swift */,
			);
			path = Settings;
			sourceTree = "<group>";
		};
		022D52B824A60CAC004BB348 /* History tab */ = {
			isa = PBXGroup;
			children = (
				022D52B924A60CCC004BB348 /* HistoryItemSpec.swift */,
			);
			path = "History tab";
			sourceTree = "<group>";
		};
		02574CE624A75DBC0027F85E /* Zwaai tab */ = {
			isa = PBXGroup;
			children = (
				02574CE724A75DCF0027F85E /* ZwaaiReducerSpec.swift */,
			);
			path = "Zwaai tab";
			sourceTree = "<group>";
		};
		02883DF0249CB0B200A6BFA0 /* Frameworks */ = {
			isa = PBXGroup;
			children = (
				02883DF1249CB0B200A6BFA0 /* CoreImage.framework */,
			);
			name = Frameworks;
			sourceTree = "<group>";
		};
		02883DF7249CE45200A6BFA0 /* SourceryTemplates */ = {
			isa = PBXGroup;
			children = (
				02883DF8249CE47600A6BFA0 /* Prism.stencil */,
			);
			path = SourceryTemplates;
			sourceTree = "<group>";
		};
		02883DF9249CE4D200A6BFA0 /* Generated */ = {
			isa = PBXGroup;
			children = (
				02883DFA249CE58E00A6BFA0 /* Prism.generated.swift */,
			);
			path = Generated;
			sourceTree = "<group>";
		};
		02C1471924926DAC000C08F9 = {
			isa = PBXGroup;
			children = (
				02C1472424926DAC000C08F9 /* Zwaai */,
				02883DF9249CE4D200A6BFA0 /* Generated */,
				02883DF7249CE45200A6BFA0 /* SourceryTemplates */,
				02FA9AF1249E2C46003CCBB4 /* ZwaaiTests */,
				02C1472324926DAC000C08F9 /* Products */,
				02883DF0249CB0B200A6BFA0 /* Frameworks */,
			);
			sourceTree = "<group>";
		};
		02C1472324926DAC000C08F9 /* Products */ = {
			isa = PBXGroup;
			children = (
				02C1472224926DAC000C08F9 /* Zwaai.app */,
				02FA9AF0249E2C46003CCBB4 /* ZwaaiTests.xctest */,
			);
			name = Products;
			sourceTree = "<group>";
		};
		02C1472424926DAC000C08F9 /* Zwaai */ = {
			isa = PBXGroup;
			children = (
				02FBEAD02498C1F300295212 /* Zwaai tab */,
				02C7784B249765E20013EE05 /* History tab */,
				02C778482497655F0013EE05 /* Redux */,
				0228A734249F54AC00C894C6 /* Persistance */,
				0228A73E24A0A9DF00C894C6 /* AppMeta */,
				0228A74324A0B34400C894C6 /* Settings */,
				02E2E51B24A0D1AD009F2D1B /* Utils */,
				02C1472524926DAC000C08F9 /* AppDelegate.swift */,
				02C1472724926DAC000C08F9 /* SceneDelegate.swift */,
				0206C362249B6BBD009DE1EC /* Main.storyboard */,
				02C1472B24926DAE000C08F9 /* Assets.xcassets */,
				02FBEAC72498BC8A00295212 /* Resources */,
				02C1473024926DAE000C08F9 /* LaunchScreen.storyboard */,
				02C1473324926DAE000C08F9 /* Info.plist */,
				02E2E51724A0CEA2009F2D1B /* buildinfo.txt */,
				02C1472D24926DAE000C08F9 /* Preview Content */,
			);
			path = Zwaai;
			sourceTree = "<group>";
		};
		02C1472D24926DAE000C08F9 /* Preview Content */ = {
			isa = PBXGroup;
			children = (
				02C1472E24926DAE000C08F9 /* Preview Assets.xcassets */,
			);
			path = "Preview Content";
			sourceTree = "<group>";
		};
		02C778482497655F0013EE05 /* Redux */ = {
			isa = PBXGroup;
			children = (
				02C778492497657E0013EE05 /* AppState.swift */,
				02C77852249767A70013EE05 /* AppActions.swift */,
				02C77856249768B90013EE05 /* AppStore.swift */,
				02C778582497697E0013EE05 /* AppReducer.swift */,
				02C7785C2497BA500013EE05 /* AppMiddleware.swift */,
				02FA9AE8249D4E88003CCBB4 /* LoggingMiddleware.swift */,
				02E2E51D24A0D33E009F2D1B /* ResetAppStateReducer.swift */,
			);
			path = Redux;
			sourceTree = "<group>";
		};
		02C7784B249765E20013EE05 /* History tab */ = {
			isa = PBXGroup;
			children = (
				0206C386249BA263009DE1EC /* HistoryHost.swift */,
				0227555F249275DC00F66505 /* HistoryTab.swift */,
				02E2E52A24A0FD1A009F2D1B /* HistoryViewModel.swift */,
				02E2E52424A0EF65009F2D1B /* HistoryList.swift */,
				02E2E52624A0F305009F2D1B /* HistoryList.stringsdict */,
				02E2E52824A0FA38009F2D1B /* HistoryList.strings */,
				02C7784C249765EF0013EE05 /* HistoryState.swift */,
				02C7784E249766550013EE05 /* HistoryItem.swift */,
				02C77850249767940013EE05 /* HistoryActions.swift */,
				02C778542497681A0013EE05 /* HistoryReducer.swift */,
				02C7785A2497B9060013EE05 /* AuthenticateMiddleware.swift */,
				022D52BF24A640B3004BB348 /* DidScanURLMiddleware.swift */,
			);
			path = "History tab";
			sourceTree = "<group>";
		};
		02E2E51B24A0D1AD009F2D1B /* Utils */ = {
			isa = PBXGroup;
			children = (
				0228A73A24A0A11300C894C6 /* AppError.swift */,
				02FBEACE2498BE9900295212 /* AudioFeedback.swift */,
				026315D5249C93F400B4F175 /* Colors.swift */,
				0264461C24A22D7900EC132A /* Formatters.swift */,
				02E2E51F24A0DD84009F2D1B /* FunctionalProgramming.swift */,
				02E2E51924A0D198009F2D1B /* KeyValueRow.swift */,
				02FA9AEA249E18BA003CCBB4 /* Random.swift */,
				022D52AC24A5B67A004BB348 /* UIApplication+currentWindow.swift */,
			);
			path = Utils;
			sourceTree = "<group>";
		};
		02E2E52124A0E481009F2D1B /* Utils */ = {
			isa = PBXGroup;
			children = (
				02E2E52224A0E490009F2D1B /* FunctionalProgrammingSpec.swift */,
				02FA9B00249E2D7A003CCBB4 /* RandomSpec.swift */,
			);
			path = Utils;
			sourceTree = "<group>";
		};
		02FA9AF1249E2C46003CCBB4 /* ZwaaiTests */ = {
			isa = PBXGroup;
			children = (
				02574CE624A75DBC0027F85E /* Zwaai tab */,
				022D52B824A60CAC004BB348 /* History tab */,
				02E2E52124A0E481009F2D1B /* Utils */,
				022D52BB24A61A94004BB348 /* Generators.swift */,
				02FA9AF4249E2C46003CCBB4 /* Info.plist */,
			);
			path = ZwaaiTests;
			sourceTree = "<group>";
		};
		02FBEAC72498BC8A00295212 /* Resources */ = {
			isa = PBXGroup;
			children = (
				02FBEACD2498BE2D00295212 /* 180048__unfa__sneeze.flac */,
				02FBEACB2498BE2600295212 /* 180048__unfa__sneeze.wav */,
			);
			path = Resources;
			sourceTree = "<group>";
		};
		02FBEAD02498C1F300295212 /* Zwaai tab */ = {
			isa = PBXGroup;
			children = (
				0206C384249B72AA009DE1EC /* ZwaaiHost.swift */,
				0227555D249275BD00F66505 /* ZwaaiTab.swift */,
				022D52B624A5E5D0004BB348 /* ZwaaiViewModel.swift */,
				02FBEAD12498C26200295212 /* ZwaaiPerson.swift */,
				022D52AE24A5B6AF004BB348 /* ZwaaiRuimte.swift */,
				022D52B024A5B88C004BB348 /* ScannerWithMask.swift */,
				02883DEC249CAD1D00A6BFA0 /* QRScanner.swift */,
				0228A730249E9E2700C894C6 /* QRScanner.strings */,
				02883DF3249CC66E00A6BFA0 /* GenerateQRCode.swift */,
				02883DF5249CE2A200A6BFA0 /* ZwaaiAction.swift */,
				022D52B224A5D778004BB348 /* ZwaaiReducer.swift */,
				022D52B424A5D7CE004BB348 /* ZwaaiState.swift */,
				022D52C124A645AF004BB348 /* UpdateHistoryOnCheckoutMiddleware.swift */,
			);
			path = "Zwaai tab";
			sourceTree = "<group>";
		};
/* End PBXGroup section */

/* Begin PBXNativeTarget section */
		02C1472124926DAC000C08F9 /* Zwaai */ = {
			isa = PBXNativeTarget;
			buildConfigurationList = 02C1473624926DAE000C08F9 /* Build configuration list for PBXNativeTarget "Zwaai" */;
			buildPhases = (
				02C1471E24926DAC000C08F9 /* Sources */,
				02C1471F24926DAC000C08F9 /* Frameworks */,
				02C1472024926DAC000C08F9 /* Resources */,
				02E2E51C24A0D2C2009F2D1B /* SwiftLint */,
				02E2E51424A0CB90009F2D1B /* Write build info */,
			);
			buildRules = (
			);
			dependencies = (
			);
			name = Zwaai;
			packageProductDependencies = (
				02FBEA9F24980F0300295212 /* CombineRex */,
				02FBEAA224980FC900295212 /* QRCodeReader */,
			);
			productName = Zwaai;
			productReference = 02C1472224926DAC000C08F9 /* Zwaai.app */;
			productType = "com.apple.product-type.application";
		};
		02FA9AEF249E2C46003CCBB4 /* ZwaaiTests */ = {
			isa = PBXNativeTarget;
			buildConfigurationList = 02FA9AF7249E2C46003CCBB4 /* Build configuration list for PBXNativeTarget "ZwaaiTests" */;
			buildPhases = (
				02FA9AEC249E2C46003CCBB4 /* Sources */,
				02FA9AED249E2C46003CCBB4 /* Frameworks */,
				02FA9AEE249E2C46003CCBB4 /* Resources */,
			);
			buildRules = (
			);
			dependencies = (
				02FA9AF6249E2C46003CCBB4 /* PBXTargetDependency */,
			);
			name = ZwaaiTests;
			packageProductDependencies = (
				02FA9AFB249E2CDE003CCBB4 /* Quick */,
				02FA9AFE249E2D37003CCBB4 /* Nimble */,
				02FA9B03249E3050003CCBB4 /* SwiftCheck */,
			);
			productName = ZwaaiTests;
			productReference = 02FA9AF0249E2C46003CCBB4 /* ZwaaiTests.xctest */;
			productType = "com.apple.product-type.bundle.unit-test";
		};
/* End PBXNativeTarget section */

/* Begin PBXProject section */
		02C1471A24926DAC000C08F9 /* Project object */ = {
			isa = PBXProject;
			attributes = {
				LastSwiftUpdateCheck = 1150;
				LastUpgradeCheck = 1150;
				ORGANIZATIONNAME = Zwaai;
				TargetAttributes = {
					02C1472124926DAC000C08F9 = {
						CreatedOnToolsVersion = 11.5;
					};
					02FA9AEF249E2C46003CCBB4 = {
						CreatedOnToolsVersion = 11.5;
						LastSwiftMigration = 1150;
						TestTargetID = 02C1472124926DAC000C08F9;
					};
				};
			};
			buildConfigurationList = 02C1471D24926DAC000C08F9 /* Build configuration list for PBXProject "Zwaai" */;
			compatibilityVersion = "Xcode 9.3";
			developmentRegion = en;
			hasScannedForEncodings = 0;
			knownRegions = (
				en,
				Base,
			);
			mainGroup = 02C1471924926DAC000C08F9;
			packageReferences = (
				02FBEA9E24980F0300295212 /* XCRemoteSwiftPackageReference "SwiftRex" */,
				02FBEAA124980FC900295212 /* XCRemoteSwiftPackageReference "QRCodeReader.swift" */,
				02FA9AFA249E2CDE003CCBB4 /* XCRemoteSwiftPackageReference "Quick" */,
				02FA9AFD249E2D37003CCBB4 /* XCRemoteSwiftPackageReference "Nimble" */,
				02FA9B02249E3050003CCBB4 /* XCRemoteSwiftPackageReference "SwiftCheck" */,
			);
			productRefGroup = 02C1472324926DAC000C08F9 /* Products */;
			projectDirPath = "";
			projectRoot = "";
			targets = (
				02C1472124926DAC000C08F9 /* Zwaai */,
				02FA9AEF249E2C46003CCBB4 /* ZwaaiTests */,
			);
		};
/* End PBXProject section */

/* Begin PBXResourcesBuildPhase section */
		02C1472024926DAC000C08F9 /* Resources */ = {
			isa = PBXResourcesBuildPhase;
			buildActionMask = 2147483647;
			files = (
				02E2E52924A0FA38009F2D1B /* HistoryList.strings in Resources */,
				02C1473224926DAE000C08F9 /* LaunchScreen.storyboard in Resources */,
				02E2E52724A0F305009F2D1B /* HistoryList.stringsdict in Resources */,
				0206C363249B6BBD009DE1EC /* Main.storyboard in Resources */,
				02E2E51824A0CEA2009F2D1B /* buildinfo.txt in Resources */,
				02FBEACC2498BE2600295212 /* 180048__unfa__sneeze.wav in Resources */,
				02C1472F24926DAE000C08F9 /* Preview Assets.xcassets in Resources */,
				0228A731249E9E2700C894C6 /* QRScanner.strings in Resources */,
				02C1472C24926DAE000C08F9 /* Assets.xcassets in Resources */,
			);
			runOnlyForDeploymentPostprocessing = 0;
		};
		02FA9AEE249E2C46003CCBB4 /* Resources */ = {
			isa = PBXResourcesBuildPhase;
			buildActionMask = 2147483647;
			files = (
			);
			runOnlyForDeploymentPostprocessing = 0;
		};
/* End PBXResourcesBuildPhase section */

/* Begin PBXShellScriptBuildPhase section */
		02E2E51424A0CB90009F2D1B /* Write build info */ = {
			isa = PBXShellScriptBuildPhase;
			buildActionMask = 2147483647;
			files = (
			);
			inputFileListPaths = (
			);
			inputPaths = (
			);
			name = "Write build info";
			outputFileListPaths = (
			);
			outputPaths = (
			);
			runOnlyForDeploymentPostprocessing = 0;
			shellPath = /bin/sh;
			shellScript = "BUILDINFO_FILE=$CODESIGNING_FOLDER_PATH/buildinfo.txt\nif [[ -f $BUILDINFO_FILE ]]; then\n    git rev-parse --short HEAD > $BUILDINFO_FILE\n    git rev-parse --abbrev-ref HEAD >> $BUILDINFO_FILE\nfi\n";
		};
		02E2E51C24A0D2C2009F2D1B /* SwiftLint */ = {
			isa = PBXShellScriptBuildPhase;
			buildActionMask = 2147483647;
			files = (
			);
			inputFileListPaths = (
			);
			inputPaths = (
			);
			name = SwiftLint;
			outputFileListPaths = (
			);
			outputPaths = (
			);
			runOnlyForDeploymentPostprocessing = 0;
			shellPath = /bin/sh;
			shellScript = "if command -v swiftlint; then\n  swiftlint\nelse\n  echo \"warning: SwiftLint not installed, download from https://github.com/realm/SwiftLint\"\nfi\n";
		};
/* End PBXShellScriptBuildPhase section */

/* Begin PBXSourcesBuildPhase section */
		02C1471E24926DAC000C08F9 /* Sources */ = {
			isa = PBXSourcesBuildPhase;
			buildActionMask = 2147483647;
			files = (
				02E2E51E24A0D33E009F2D1B /* ResetAppStateReducer.swift in Sources */,
				0228A736249F54C000C894C6 /* PersistStateMiddleware.swift in Sources */,
				02C7784D249765EF0013EE05 /* HistoryState.swift in Sources */,
				022D52B724A5E5D0004BB348 /* ZwaaiViewModel.swift in Sources */,
				02E2E51624A0CBC4009F2D1B /* BuildInfo.swift in Sources */,
				02275560249275DC00F66505 /* HistoryTab.swift in Sources */,
				02883DF4249CC66E00A6BFA0 /* GenerateQRCode.swift in Sources */,
				0206C387249BA263009DE1EC /* HistoryHost.swift in Sources */,
				02883DF6249CE2A200A6BFA0 /* ZwaaiAction.swift in Sources */,
				02C77853249767A70013EE05 /* AppActions.swift in Sources */,
				02C778552497681A0013EE05 /* HistoryReducer.swift in Sources */,
				022D52AD24A5B67A004BB348 /* UIApplication+currentWindow.swift in Sources */,
				02E2E51A24A0D198009F2D1B /* KeyValueRow.swift in Sources */,
				02C7785B2497B9060013EE05 /* AuthenticateMiddleware.swift in Sources */,
				0264461F24A22E9A00EC132A /* SettingsViewModel.swift in Sources */,
				02883DFB249CE58E00A6BFA0 /* Prism.generated.swift in Sources */,
				02FBEACF2498BE9900295212 /* AudioFeedback.swift in Sources */,
				0206C385249B72AA009DE1EC /* ZwaaiHost.swift in Sources */,
				02C7784F249766550013EE05 /* HistoryItem.swift in Sources */,
				022D52B124A5B88C004BB348 /* ScannerWithMask.swift in Sources */,
				0227555E249275BD00F66505 /* ZwaaiTab.swift in Sources */,
				02C77851249767940013EE05 /* HistoryActions.swift in Sources */,
				0264461D24A22D7900EC132A /* Formatters.swift in Sources */,
				022D52B524A5D7CE004BB348 /* ZwaaiState.swift in Sources */,
				022D52C224A645AF004BB348 /* UpdateHistoryOnCheckoutMiddleware.swift in Sources */,
				02E2E51324A0CB66009F2D1B /* SettingsTab.swift in Sources */,
				022D52AF24A5B6AF004BB348 /* ZwaaiRuimte.swift in Sources */,
				0228A73824A093F300C894C6 /* LoadSaveState.swift in Sources */,
				02C778592497697E0013EE05 /* AppReducer.swift in Sources */,
				02FA9AE9249D4E88003CCBB4 /* LoggingMiddleware.swift in Sources */,
				02E2E52024A0DD84009F2D1B /* FunctionalProgramming.swift in Sources */,
				0228A73D24A0A8D600C894C6 /* AppMetaState.swift in Sources */,
				026315D6249C93F400B4F175 /* Colors.swift in Sources */,
				0228A74224A0AAA800C894C6 /* AppMetaReducer.swift in Sources */,
				02C7784A2497657E0013EE05 /* AppState.swift in Sources */,
				0228A73B24A0A11300C894C6 /* AppError.swift in Sources */,
				02C77857249768B90013EE05 /* AppStore.swift in Sources */,
				02C1472624926DAC000C08F9 /* AppDelegate.swift in Sources */,
				02C1472824926DAC000C08F9 /* SceneDelegate.swift in Sources */,
				02FBEAD22498C26200295212 /* ZwaaiPerson.swift in Sources */,
				02E2E52524A0EF65009F2D1B /* HistoryList.swift in Sources */,
				02FA9AEB249E18BA003CCBB4 /* Random.swift in Sources */,
				0228A74524A0B35600C894C6 /* SettingsHost.swift in Sources */,
				02C7785D2497BA500013EE05 /* AppMiddleware.swift in Sources */,
				0228A74024A0A9EA00C894C6 /* AppMetaAction.swift in Sources */,
				022D52C024A640B3004BB348 /* DidScanURLMiddleware.swift in Sources */,
				022D52B324A5D778004BB348 /* ZwaaiReducer.swift in Sources */,
				02E2E52B24A0FD1A009F2D1B /* HistoryViewModel.swift in Sources */,
				02883DED249CAD1D00A6BFA0 /* QRScanner.swift in Sources */,
			);
			runOnlyForDeploymentPostprocessing = 0;
		};
		02FA9AEC249E2C46003CCBB4 /* Sources */ = {
			isa = PBXSourcesBuildPhase;
			buildActionMask = 2147483647;
			files = (
				02FA9B01249E2D7A003CCBB4 /* RandomSpec.swift in Sources */,
				022D52BC24A61A94004BB348 /* Generators.swift in Sources */,
				02E2E52324A0E490009F2D1B /* FunctionalProgrammingSpec.swift in Sources */,
				022D52BA24A60CCC004BB348 /* HistoryItemSpec.swift in Sources */,
				02574CE824A75DCF0027F85E /* ZwaaiReducerSpec.swift in Sources */,
			);
			runOnlyForDeploymentPostprocessing = 0;
		};
/* End PBXSourcesBuildPhase section */

/* Begin PBXTargetDependency section */
		02FA9AF6249E2C46003CCBB4 /* PBXTargetDependency */ = {
			isa = PBXTargetDependency;
			target = 02C1472124926DAC000C08F9 /* Zwaai */;
			targetProxy = 02FA9AF5249E2C46003CCBB4 /* PBXContainerItemProxy */;
		};
/* End PBXTargetDependency section */

/* Begin PBXVariantGroup section */
		02C1473024926DAE000C08F9 /* LaunchScreen.storyboard */ = {
			isa = PBXVariantGroup;
			children = (
				02C1473124926DAE000C08F9 /* Base */,
			);
			name = LaunchScreen.storyboard;
			sourceTree = "<group>";
		};
/* End PBXVariantGroup section */

/* Begin XCBuildConfiguration section */
		02C1473424926DAE000C08F9 /* Debug */ = {
			isa = XCBuildConfiguration;
			buildSettings = {
				ALWAYS_SEARCH_USER_PATHS = NO;
				CLANG_ANALYZER_NONNULL = YES;
				CLANG_ANALYZER_NUMBER_OBJECT_CONVERSION = YES_AGGRESSIVE;
				CLANG_CXX_LANGUAGE_STANDARD = "gnu++14";
				CLANG_CXX_LIBRARY = "libc++";
				CLANG_ENABLE_MODULES = YES;
				CLANG_ENABLE_OBJC_ARC = YES;
				CLANG_ENABLE_OBJC_WEAK = YES;
				CLANG_WARN_BLOCK_CAPTURE_AUTORELEASING = YES;
				CLANG_WARN_BOOL_CONVERSION = YES;
				CLANG_WARN_COMMA = YES;
				CLANG_WARN_CONSTANT_CONVERSION = YES;
				CLANG_WARN_DEPRECATED_OBJC_IMPLEMENTATIONS = YES;
				CLANG_WARN_DIRECT_OBJC_ISA_USAGE = YES_ERROR;
				CLANG_WARN_DOCUMENTATION_COMMENTS = YES;
				CLANG_WARN_EMPTY_BODY = YES;
				CLANG_WARN_ENUM_CONVERSION = YES;
				CLANG_WARN_INFINITE_RECURSION = YES;
				CLANG_WARN_INT_CONVERSION = YES;
				CLANG_WARN_NON_LITERAL_NULL_CONVERSION = YES;
				CLANG_WARN_OBJC_IMPLICIT_RETAIN_SELF = YES;
				CLANG_WARN_OBJC_LITERAL_CONVERSION = YES;
				CLANG_WARN_OBJC_ROOT_CLASS = YES_ERROR;
				CLANG_WARN_RANGE_LOOP_ANALYSIS = YES;
				CLANG_WARN_STRICT_PROTOTYPES = YES;
				CLANG_WARN_SUSPICIOUS_MOVE = YES;
				CLANG_WARN_UNGUARDED_AVAILABILITY = YES_AGGRESSIVE;
				CLANG_WARN_UNREACHABLE_CODE = YES;
				CLANG_WARN__DUPLICATE_METHOD_MATCH = YES;
				COPY_PHASE_STRIP = NO;
				DEBUG_INFORMATION_FORMAT = dwarf;
				ENABLE_STRICT_OBJC_MSGSEND = YES;
				ENABLE_TESTABILITY = YES;
				GCC_C_LANGUAGE_STANDARD = gnu11;
				GCC_DYNAMIC_NO_PIC = NO;
				GCC_NO_COMMON_BLOCKS = YES;
				GCC_OPTIMIZATION_LEVEL = 0;
				GCC_PREPROCESSOR_DEFINITIONS = (
					"DEBUG=1",
					"$(inherited)",
				);
				GCC_WARN_64_TO_32_BIT_CONVERSION = YES;
				GCC_WARN_ABOUT_RETURN_TYPE = YES_ERROR;
				GCC_WARN_UNDECLARED_SELECTOR = YES;
				GCC_WARN_UNINITIALIZED_AUTOS = YES_AGGRESSIVE;
				GCC_WARN_UNUSED_FUNCTION = YES;
				GCC_WARN_UNUSED_VARIABLE = YES;
				IPHONEOS_DEPLOYMENT_TARGET = 13.0;
				MTL_ENABLE_DEBUG_INFO = INCLUDE_SOURCE;
				MTL_FAST_MATH = YES;
				ONLY_ACTIVE_ARCH = YES;
				RUN_CLANG_STATIC_ANALYZER = YES;
				SDKROOT = iphoneos;
				SWIFT_ACTIVE_COMPILATION_CONDITIONS = DEBUG;
				SWIFT_OPTIMIZATION_LEVEL = "-Onone";
			};
			name = Debug;
		};
		02C1473524926DAE000C08F9 /* Release */ = {
			isa = XCBuildConfiguration;
			buildSettings = {
				ALWAYS_SEARCH_USER_PATHS = NO;
				CLANG_ANALYZER_NONNULL = YES;
				CLANG_ANALYZER_NUMBER_OBJECT_CONVERSION = YES_AGGRESSIVE;
				CLANG_CXX_LANGUAGE_STANDARD = "gnu++14";
				CLANG_CXX_LIBRARY = "libc++";
				CLANG_ENABLE_MODULES = YES;
				CLANG_ENABLE_OBJC_ARC = YES;
				CLANG_ENABLE_OBJC_WEAK = YES;
				CLANG_WARN_BLOCK_CAPTURE_AUTORELEASING = YES;
				CLANG_WARN_BOOL_CONVERSION = YES;
				CLANG_WARN_COMMA = YES;
				CLANG_WARN_CONSTANT_CONVERSION = YES;
				CLANG_WARN_DEPRECATED_OBJC_IMPLEMENTATIONS = YES;
				CLANG_WARN_DIRECT_OBJC_ISA_USAGE = YES_ERROR;
				CLANG_WARN_DOCUMENTATION_COMMENTS = YES;
				CLANG_WARN_EMPTY_BODY = YES;
				CLANG_WARN_ENUM_CONVERSION = YES;
				CLANG_WARN_INFINITE_RECURSION = YES;
				CLANG_WARN_INT_CONVERSION = YES;
				CLANG_WARN_NON_LITERAL_NULL_CONVERSION = YES;
				CLANG_WARN_OBJC_IMPLICIT_RETAIN_SELF = YES;
				CLANG_WARN_OBJC_LITERAL_CONVERSION = YES;
				CLANG_WARN_OBJC_ROOT_CLASS = YES_ERROR;
				CLANG_WARN_RANGE_LOOP_ANALYSIS = YES;
				CLANG_WARN_STRICT_PROTOTYPES = YES;
				CLANG_WARN_SUSPICIOUS_MOVE = YES;
				CLANG_WARN_UNGUARDED_AVAILABILITY = YES_AGGRESSIVE;
				CLANG_WARN_UNREACHABLE_CODE = YES;
				CLANG_WARN__DUPLICATE_METHOD_MATCH = YES;
				COPY_PHASE_STRIP = NO;
				DEBUG_INFORMATION_FORMAT = "dwarf-with-dsym";
				ENABLE_NS_ASSERTIONS = NO;
				ENABLE_STRICT_OBJC_MSGSEND = YES;
				GCC_C_LANGUAGE_STANDARD = gnu11;
				GCC_NO_COMMON_BLOCKS = YES;
				GCC_WARN_64_TO_32_BIT_CONVERSION = YES;
				GCC_WARN_ABOUT_RETURN_TYPE = YES_ERROR;
				GCC_WARN_UNDECLARED_SELECTOR = YES;
				GCC_WARN_UNINITIALIZED_AUTOS = YES_AGGRESSIVE;
				GCC_WARN_UNUSED_FUNCTION = YES;
				GCC_WARN_UNUSED_VARIABLE = YES;
				IPHONEOS_DEPLOYMENT_TARGET = 13.0;
				MTL_ENABLE_DEBUG_INFO = NO;
				MTL_FAST_MATH = YES;
				RUN_CLANG_STATIC_ANALYZER = YES;
				SDKROOT = iphoneos;
				SWIFT_COMPILATION_MODE = wholemodule;
				SWIFT_OPTIMIZATION_LEVEL = "-O";
				VALIDATE_PRODUCT = YES;
			};
			name = Release;
		};
		02C1473724926DAE000C08F9 /* Debug */ = {
			isa = XCBuildConfiguration;
			buildSettings = {
				ASSETCATALOG_COMPILER_APPICON_NAME = AppIcon;
				CODE_SIGN_STYLE = Automatic;
				DEVELOPMENT_ASSET_PATHS = "\"Zwaai/Preview Content\"";
				DEVELOPMENT_TEAM = 7EQ9KX3BR9;
				ENABLE_PREVIEWS = YES;
				INFOPLIST_FILE = Zwaai/Info.plist;
				LD_RUNPATH_SEARCH_PATHS = (
					"$(inherited)",
					"@executable_path/Frameworks",
				);
				PRODUCT_BUNDLE_IDENTIFIER = app.zwaai.Zwaai;
				PRODUCT_NAME = "$(TARGET_NAME)";
				SWIFT_VERSION = 5.0;
				TARGETED_DEVICE_FAMILY = 1;
			};
			name = Debug;
		};
		02C1473824926DAE000C08F9 /* Release */ = {
			isa = XCBuildConfiguration;
			buildSettings = {
				ASSETCATALOG_COMPILER_APPICON_NAME = AppIcon;
				CODE_SIGN_STYLE = Automatic;
				DEVELOPMENT_ASSET_PATHS = "\"Zwaai/Preview Content\"";
				DEVELOPMENT_TEAM = 7EQ9KX3BR9;
				ENABLE_PREVIEWS = YES;
				INFOPLIST_FILE = Zwaai/Info.plist;
				LD_RUNPATH_SEARCH_PATHS = (
					"$(inherited)",
					"@executable_path/Frameworks",
				);
				PRODUCT_BUNDLE_IDENTIFIER = app.zwaai.Zwaai;
				PRODUCT_NAME = "$(TARGET_NAME)";
				SWIFT_VERSION = 5.0;
				TARGETED_DEVICE_FAMILY = 1;
			};
			name = Release;
		};
		02FA9AF8249E2C46003CCBB4 /* Debug */ = {
			isa = XCBuildConfiguration;
			buildSettings = {
				BUNDLE_LOADER = "$(TEST_HOST)";
				CLANG_ENABLE_MODULES = YES;
				CODE_SIGN_STYLE = Automatic;
				DEVELOPMENT_TEAM = 38HP5T8ATC;
				INFOPLIST_FILE = ZwaaiTests/Info.plist;
				IPHONEOS_DEPLOYMENT_TARGET = 13.5;
				LD_RUNPATH_SEARCH_PATHS = (
					"$(inherited)",
					"@executable_path/Frameworks",
					"@loader_path/Frameworks",
				);
				PRODUCT_BUNDLE_IDENTIFIER = app.zwaai.ZwaaiTests;
				PRODUCT_NAME = "$(TARGET_NAME)";
				SWIFT_OPTIMIZATION_LEVEL = "-Onone";
				SWIFT_VERSION = 5.0;
				TARGETED_DEVICE_FAMILY = "1,2";
				TEST_HOST = "$(BUILT_PRODUCTS_DIR)/Zwaai.app/Zwaai";
			};
			name = Debug;
		};
		02FA9AF9249E2C46003CCBB4 /* Release */ = {
			isa = XCBuildConfiguration;
			buildSettings = {
				BUNDLE_LOADER = "$(TEST_HOST)";
				CLANG_ENABLE_MODULES = YES;
				CODE_SIGN_STYLE = Automatic;
				DEVELOPMENT_TEAM = 38HP5T8ATC;
				INFOPLIST_FILE = ZwaaiTests/Info.plist;
				IPHONEOS_DEPLOYMENT_TARGET = 13.5;
				LD_RUNPATH_SEARCH_PATHS = (
					"$(inherited)",
					"@executable_path/Frameworks",
					"@loader_path/Frameworks",
				);
				PRODUCT_BUNDLE_IDENTIFIER = app.zwaai.ZwaaiTests;
				PRODUCT_NAME = "$(TARGET_NAME)";
				SWIFT_VERSION = 5.0;
				TARGETED_DEVICE_FAMILY = "1,2";
				TEST_HOST = "$(BUILT_PRODUCTS_DIR)/Zwaai.app/Zwaai";
			};
			name = Release;
		};
/* End XCBuildConfiguration section */

/* Begin XCConfigurationList section */
		02C1471D24926DAC000C08F9 /* Build configuration list for PBXProject "Zwaai" */ = {
			isa = XCConfigurationList;
			buildConfigurations = (
				02C1473424926DAE000C08F9 /* Debug */,
				02C1473524926DAE000C08F9 /* Release */,
			);
			defaultConfigurationIsVisible = 0;
			defaultConfigurationName = Release;
		};
		02C1473624926DAE000C08F9 /* Build configuration list for PBXNativeTarget "Zwaai" */ = {
			isa = XCConfigurationList;
			buildConfigurations = (
				02C1473724926DAE000C08F9 /* Debug */,
				02C1473824926DAE000C08F9 /* Release */,
			);
			defaultConfigurationIsVisible = 0;
			defaultConfigurationName = Release;
		};
		02FA9AF7249E2C46003CCBB4 /* Build configuration list for PBXNativeTarget "ZwaaiTests" */ = {
			isa = XCConfigurationList;
			buildConfigurations = (
				02FA9AF8249E2C46003CCBB4 /* Debug */,
				02FA9AF9249E2C46003CCBB4 /* Release */,
			);
			defaultConfigurationIsVisible = 0;
			defaultConfigurationName = Release;
		};
/* End XCConfigurationList section */

/* Begin XCRemoteSwiftPackageReference section */
		02FA9AFA249E2CDE003CCBB4 /* XCRemoteSwiftPackageReference "Quick" */ = {
			isa = XCRemoteSwiftPackageReference;
			repositoryURL = "https://github.com/Quick/Quick.git";
			requirement = {
				kind = upToNextMajorVersion;
				minimumVersion = 3.0.0;
			};
		};
		02FA9AFD249E2D37003CCBB4 /* XCRemoteSwiftPackageReference "Nimble" */ = {
			isa = XCRemoteSwiftPackageReference;
			repositoryURL = "https://github.com/Quick/Nimble.git";
			requirement = {
				kind = upToNextMajorVersion;
				minimumVersion = 8.0.0;
			};
		};
		02FA9B02249E3050003CCBB4 /* XCRemoteSwiftPackageReference "SwiftCheck" */ = {
			isa = XCRemoteSwiftPackageReference;
			repositoryURL = "https://github.com/typelift/SwiftCheck.git";
			requirement = {
				branch = master;
				kind = branch;
			};
		};
		02FBEA9E24980F0300295212 /* XCRemoteSwiftPackageReference "SwiftRex" */ = {
			isa = XCRemoteSwiftPackageReference;
			repositoryURL = "https://github.com/SwiftRex/SwiftRex.git";
			requirement = {
				kind = upToNextMajorVersion;
				minimumVersion = 0.7.0;
			};
		};
		02FBEAA124980FC900295212 /* XCRemoteSwiftPackageReference "QRCodeReader.swift" */ = {
			isa = XCRemoteSwiftPackageReference;
			repositoryURL = "https://github.com/yannickl/QRCodeReader.swift.git";
			requirement = {
				kind = upToNextMajorVersion;
				minimumVersion = 10.0.0;
			};
		};
/* End XCRemoteSwiftPackageReference section */

/* Begin XCSwiftPackageProductDependency section */
		02FA9AFB249E2CDE003CCBB4 /* Quick */ = {
			isa = XCSwiftPackageProductDependency;
			package = 02FA9AFA249E2CDE003CCBB4 /* XCRemoteSwiftPackageReference "Quick" */;
			productName = Quick;
		};
		02FA9AFE249E2D37003CCBB4 /* Nimble */ = {
			isa = XCSwiftPackageProductDependency;
			package = 02FA9AFD249E2D37003CCBB4 /* XCRemoteSwiftPackageReference "Nimble" */;
			productName = Nimble;
		};
		02FA9B03249E3050003CCBB4 /* SwiftCheck */ = {
			isa = XCSwiftPackageProductDependency;
			package = 02FA9B02249E3050003CCBB4 /* XCRemoteSwiftPackageReference "SwiftCheck" */;
			productName = SwiftCheck;
		};
		02FBEA9F24980F0300295212 /* CombineRex */ = {
			isa = XCSwiftPackageProductDependency;
			package = 02FBEA9E24980F0300295212 /* XCRemoteSwiftPackageReference "SwiftRex" */;
			productName = CombineRex;
		};
		02FBEAA224980FC900295212 /* QRCodeReader */ = {
			isa = XCSwiftPackageProductDependency;
			package = 02FBEAA124980FC900295212 /* XCRemoteSwiftPackageReference "QRCodeReader.swift" */;
			productName = QRCodeReader;
		};
/* End XCSwiftPackageProductDependency section */
	};
	rootObject = 02C1471A24926DAC000C08F9 /* Project object */;
}
