// !$*UTF8*$!
{
	archiveVersion = 1;
	classes = {
	};
	objectVersion = 52;
	objects = {

/* Begin PBXBuildFile section */
		0206C363249B6BBD009DE1EC /* Main.storyboard in Resources */ = {isa = PBXBuildFile; fileRef = 0206C362249B6BBD009DE1EC /* Main.storyboard */; };
		0209262124A9EEEB0027FEFD /* Bundle.swift in Sources */ = {isa = PBXBuildFile; fileRef = 0209262024A9EEEB0027FEFD /* Bundle.swift */; };
		0209262224A9F04A0027FEFD /* 180048__unfa__sneeze.wav in Resources */ = {isa = PBXBuildFile; fileRef = 02FBEACB2498BE2600295212 /* 180048__unfa__sneeze.wav */; };
		02135F8724AA075200E33BF1 /* ZwaaiViewModelSpec.swift in Sources */ = {isa = PBXBuildFile; fileRef = 02135F8624AA075200E33BF1 /* ZwaaiViewModelSpec.swift */; };
		02135F8924AA149B00E33BF1 /* HexEncoding.swift in Sources */ = {isa = PBXBuildFile; fileRef = 02135F8824AA149B00E33BF1 /* HexEncoding.swift */; };
		02135F8B24AA1B5400E33BF1 /* HexEncodingSpec.swift in Sources */ = {isa = PBXBuildFile; fileRef = 02135F8A24AA1B5400E33BF1 /* HexEncodingSpec.swift */; };
		02135F8D24AA1F2B00E33BF1 /* CheckedInSpace.swift in Sources */ = {isa = PBXBuildFile; fileRef = 02135F8C24AA1F2B00E33BF1 /* CheckedInSpace.swift */; };
		02135F8F24AA1FCC00E33BF1 /* CheckedInSpaceSpec.swift in Sources */ = {isa = PBXBuildFile; fileRef = 02135F8E24AA1FCC00E33BF1 /* CheckedInSpaceSpec.swift */; };
		02135F9124AA2D2300E33BF1 /* UpdateHistoryOnCheckoutMiddlewareSpec.swift in Sources */ = {isa = PBXBuildFile; fileRef = 02135F9024AA2D2300E33BF1 /* UpdateHistoryOnCheckoutMiddlewareSpec.swift */; };
		02135F9724AA7FCC00E33BF1 /* HistoryStateSpec.swift in Sources */ = {isa = PBXBuildFile; fileRef = 02135F9624AA7FCC00E33BF1 /* HistoryStateSpec.swift */; };
		02135F9924AA83BC00E33BF1 /* HistoryReducerSpec.swift in Sources */ = {isa = PBXBuildFile; fileRef = 02135F9824AA83BC00E33BF1 /* HistoryReducerSpec.swift */; };
		02135F9B24AAFD2E00E33BF1 /* HistoryViewModelSpec.swift in Sources */ = {isa = PBXBuildFile; fileRef = 02135F9A24AAFD2E00E33BF1 /* HistoryViewModelSpec.swift */; };
		02135F9D24AB07CD00E33BF1 /* AuthenticateMiddlewareSpec.swift in Sources */ = {isa = PBXBuildFile; fileRef = 02135F9C24AB07CD00E33BF1 /* AuthenticateMiddlewareSpec.swift */; };
		02135F9F24AB12DC00E33BF1 /* DidScanURLMiddlewareSpec.swift in Sources */ = {isa = PBXBuildFile; fileRef = 02135F9E24AB12DC00E33BF1 /* DidScanURLMiddlewareSpec.swift */; };
		02135FA324AB19C900E33BF1 /* SettingsViewModelSpec.swift in Sources */ = {isa = PBXBuildFile; fileRef = 02135FA224AB19C900E33BF1 /* SettingsViewModelSpec.swift */; };
		02135FA624AB1C4900E33BF1 /* ResetAppStateReducerSpec.swift in Sources */ = {isa = PBXBuildFile; fileRef = 02135FA524AB1C4900E33BF1 /* ResetAppStateReducerSpec.swift */; };
		02135FA824AB20C600E33BF1 /* AppErrorSpec.swift in Sources */ = {isa = PBXBuildFile; fileRef = 02135FA724AB20C600E33BF1 /* AppErrorSpec.swift */; };
		02135FAB24AB2FE700E33BF1 /* PersistStateMiddlewareSpec.swift in Sources */ = {isa = PBXBuildFile; fileRef = 02135FAA24AB2FE700E33BF1 /* PersistStateMiddlewareSpec.swift */; };
		02135FAE24AB332800E33BF1 /* CaptureDispatchesMiddleware.swift in Sources */ = {isa = PBXBuildFile; fileRef = 02135FAD24AB332800E33BF1 /* CaptureDispatchesMiddleware.swift */; };
		02135FB224AB39CE00E33BF1 /* LoadSaveStateSpec.swift in Sources */ = {isa = PBXBuildFile; fileRef = 02135FB124AB39CE00E33BF1 /* LoadSaveStateSpec.swift */; };
		02135FB424AB68B400E33BF1 /* LoggerMiddlewareSpec.swift in Sources */ = {isa = PBXBuildFile; fileRef = 02135FB324AB68B400E33BF1 /* LoggerMiddlewareSpec.swift */; };
		02135FBD24AB78CC00E33BF1 /* Prism.generated.swift in Sources */ = {isa = PBXBuildFile; fileRef = 02135FBB24AB78CC00E33BF1 /* Prism.generated.swift */; };
		022D52BA24A60CCC004BB348 /* HistoryItemSpec.swift in Sources */ = {isa = PBXBuildFile; fileRef = 022D52B924A60CCC004BB348 /* HistoryItemSpec.swift */; };
		022D52BC24A61A94004BB348 /* Generators.swift in Sources */ = {isa = PBXBuildFile; fileRef = 022D52BB24A61A94004BB348 /* Generators.swift */; };
		02574CE824A75DCF0027F85E /* ZwaaiReducerSpec.swift in Sources */ = {isa = PBXBuildFile; fileRef = 02574CE724A75DCF0027F85E /* ZwaaiReducerSpec.swift */; };
		02574CF724A9BFC50027F85E /* ZwaaiPersonUITests.swift in Sources */ = {isa = PBXBuildFile; fileRef = 02574CF624A9BFC50027F85E /* ZwaaiPersonUITests.swift */; };
		02574CFF24A9C09D0027F85E /* Nimble in Frameworks */ = {isa = PBXBuildFile; productRef = 02574CFE24A9C09D0027F85E /* Nimble */; };
		02736BED24A9DA5D00422FE5 /* Assets.xcassets in Resources */ = {isa = PBXBuildFile; fileRef = 02C1472B24926DAE000C08F9 /* Assets.xcassets */; };
		027D1A9024ACB1F700089D27 /* ZwaaiRuimteSpec.swift in Sources */ = {isa = PBXBuildFile; fileRef = 027D1A8F24ACB1F700089D27 /* ZwaaiRuimteSpec.swift */; };
		027D1A9424ADAEEE00089D27 /* BuildInfo.swift in Sources */ = {isa = PBXBuildFile; fileRef = 02E2E51524A0CBC4009F2D1B /* BuildInfo.swift */; };
		027D1A9724ADB0CD00089D27 /* buildinfo.txt in Resources */ = {isa = PBXBuildFile; fileRef = 02E2E51724A0CEA2009F2D1B /* buildinfo.txt */; };
		027D1A9924ADB51100089D27 /* BuildInfoSpec.swift in Sources */ = {isa = PBXBuildFile; fileRef = 027D1A9224ADAED300089D27 /* BuildInfoSpec.swift */; };
		027ED00524ABB34B0090360B /* ArbitraryEnum.generated.swift in Sources */ = {isa = PBXBuildFile; fileRef = 02135FBC24AB78CC00E33BF1 /* ArbitraryEnum.generated.swift */; };
		02883DF2249CB0B200A6BFA0 /* CoreImage.framework in Frameworks */ = {isa = PBXBuildFile; fileRef = 02883DF1249CB0B200A6BFA0 /* CoreImage.framework */; };
		02BFF04C24A9DD0C007EFEAB /* ZwaaiLogic.h in Headers */ = {isa = PBXBuildFile; fileRef = 02BFF04A24A9DD0C007EFEAB /* ZwaaiLogic.h */; settings = {ATTRIBUTES = (Public, ); }; };
		02BFF04F24A9DD0C007EFEAB /* ZwaaiLogic.framework in Frameworks */ = {isa = PBXBuildFile; fileRef = 02BFF04824A9DD0C007EFEAB /* ZwaaiLogic.framework */; };
		02BFF05024A9DD0C007EFEAB /* ZwaaiLogic.framework in Embed Frameworks */ = {isa = PBXBuildFile; fileRef = 02BFF04824A9DD0C007EFEAB /* ZwaaiLogic.framework */; settings = {ATTRIBUTES = (CodeSignOnCopy, RemoveHeadersOnCopy, ); }; };
		02BFF05424A9DD57007EFEAB /* AppState.swift in Sources */ = {isa = PBXBuildFile; fileRef = 02C778492497657E0013EE05 /* AppState.swift */; };
		02BFF05524A9DD57007EFEAB /* AppActions.swift in Sources */ = {isa = PBXBuildFile; fileRef = 02C77852249767A70013EE05 /* AppActions.swift */; };
		02BFF05724A9DD57007EFEAB /* AppReducer.swift in Sources */ = {isa = PBXBuildFile; fileRef = 02C778582497697E0013EE05 /* AppReducer.swift */; };
		02BFF05824A9DD57007EFEAB /* AppMiddleware.swift in Sources */ = {isa = PBXBuildFile; fileRef = 02C7785C2497BA500013EE05 /* AppMiddleware.swift */; };
		02BFF05924A9DD57007EFEAB /* LoggingMiddleware.swift in Sources */ = {isa = PBXBuildFile; fileRef = 02FA9AE8249D4E88003CCBB4 /* LoggingMiddleware.swift */; };
		02BFF05A24A9DD57007EFEAB /* ResetAppStateReducer.swift in Sources */ = {isa = PBXBuildFile; fileRef = 02E2E51D24A0D33E009F2D1B /* ResetAppStateReducer.swift */; };
		02BFF05B24A9DD5E007EFEAB /* PersistStateMiddleware.swift in Sources */ = {isa = PBXBuildFile; fileRef = 0228A735249F54C000C894C6 /* PersistStateMiddleware.swift */; };
		02BFF05C24A9DD5E007EFEAB /* LoadSaveState.swift in Sources */ = {isa = PBXBuildFile; fileRef = 0228A73724A093F300C894C6 /* LoadSaveState.swift */; };
		02BFF05D24A9DD6C007EFEAB /* ZwaaiLogic.framework in Frameworks */ = {isa = PBXBuildFile; fileRef = 02BFF04824A9DD0C007EFEAB /* ZwaaiLogic.framework */; };
		02BFF05F24A9DD9B007EFEAB /* HistoryState.swift in Sources */ = {isa = PBXBuildFile; fileRef = 02C7784C249765EF0013EE05 /* HistoryState.swift */; };
		02BFF06024A9DD9B007EFEAB /* HistoryItem.swift in Sources */ = {isa = PBXBuildFile; fileRef = 02C7784E249766550013EE05 /* HistoryItem.swift */; };
		02BFF06124A9DD9B007EFEAB /* HistoryActions.swift in Sources */ = {isa = PBXBuildFile; fileRef = 02C77850249767940013EE05 /* HistoryActions.swift */; };
		02BFF06224A9DD9B007EFEAB /* HistoryReducer.swift in Sources */ = {isa = PBXBuildFile; fileRef = 02C778542497681A0013EE05 /* HistoryReducer.swift */; };
		02BFF06324A9DD9B007EFEAB /* AuthenticateMiddleware.swift in Sources */ = {isa = PBXBuildFile; fileRef = 02C7785A2497B9060013EE05 /* AuthenticateMiddleware.swift */; };
		02BFF06424A9DD9B007EFEAB /* DidScanURLMiddleware.swift in Sources */ = {isa = PBXBuildFile; fileRef = 022D52BF24A640B3004BB348 /* DidScanURLMiddleware.swift */; };
		02BFF06624A9DDCD007EFEAB /* FunctionalProgramming.swift in Sources */ = {isa = PBXBuildFile; fileRef = 02E2E51F24A0DD84009F2D1B /* FunctionalProgramming.swift */; };
		02BFF06724A9DDCD007EFEAB /* Random.swift in Sources */ = {isa = PBXBuildFile; fileRef = 02FA9AEA249E18BA003CCBB4 /* Random.swift */; };
		02BFF06924A9DE04007EFEAB /* ZwaaiViewModel.swift in Sources */ = {isa = PBXBuildFile; fileRef = 022D52B624A5E5D0004BB348 /* ZwaaiViewModel.swift */; };
		02BFF06A24A9DE04007EFEAB /* ZwaaiAction.swift in Sources */ = {isa = PBXBuildFile; fileRef = 02883DF5249CE2A200A6BFA0 /* ZwaaiAction.swift */; };
		02BFF06B24A9DE04007EFEAB /* ZwaaiReducer.swift in Sources */ = {isa = PBXBuildFile; fileRef = 022D52B224A5D778004BB348 /* ZwaaiReducer.swift */; };
		02BFF06C24A9DE04007EFEAB /* ZwaaiState.swift in Sources */ = {isa = PBXBuildFile; fileRef = 022D52B424A5D7CE004BB348 /* ZwaaiState.swift */; };
		02BFF06D24A9DE04007EFEAB /* UpdateHistoryOnCheckoutMiddleware.swift in Sources */ = {isa = PBXBuildFile; fileRef = 022D52C124A645AF004BB348 /* UpdateHistoryOnCheckoutMiddleware.swift */; };
		02BFF06E24A9DE1D007EFEAB /* AppMetaState.swift in Sources */ = {isa = PBXBuildFile; fileRef = 0228A73C24A0A8D600C894C6 /* AppMetaState.swift */; };
		02BFF06F24A9DE1D007EFEAB /* AppMetaAction.swift in Sources */ = {isa = PBXBuildFile; fileRef = 0228A73F24A0A9EA00C894C6 /* AppMetaAction.swift */; };
		02BFF07024A9DE1D007EFEAB /* AppMetaReducer.swift in Sources */ = {isa = PBXBuildFile; fileRef = 0228A74124A0AAA800C894C6 /* AppMetaReducer.swift */; };
		02BFF07424A9DE34007EFEAB /* AppError.swift in Sources */ = {isa = PBXBuildFile; fileRef = 0228A73A24A0A11300C894C6 /* AppError.swift */; };
		02BFF07524A9DE7D007EFEAB /* Formatters.swift in Sources */ = {isa = PBXBuildFile; fileRef = 0264461C24A22D7900EC132A /* Formatters.swift */; };
		02BFF07624A9DE8D007EFEAB /* Prism.generated.swift in Sources */ = {isa = PBXBuildFile; fileRef = 02883DFA249CE58E00A6BFA0 /* Prism.generated.swift */; };
		02BFF07824A9DEDD007EFEAB /* CombineRex in Frameworks */ = {isa = PBXBuildFile; productRef = 02BFF07724A9DEDD007EFEAB /* CombineRex */; };
		02BFF07A24A9DF6F007EFEAB /* SettingsViewModel.swift in Sources */ = {isa = PBXBuildFile; fileRef = 0264461E24A22E9A00EC132A /* SettingsViewModel.swift */; };
		02BFF07B24A9DF7C007EFEAB /* HistoryViewModel.swift in Sources */ = {isa = PBXBuildFile; fileRef = 02E2E52A24A0FD1A009F2D1B /* HistoryViewModel.swift */; };
		02BFF08324A9E72E007EFEAB /* AppDelegate.swift in Sources */ = {isa = PBXBuildFile; fileRef = 02C1472524926DAC000C08F9 /* AppDelegate.swift */; };
		02BFF08E24A9E7AF007EFEAB /* ZwaaiView.h in Headers */ = {isa = PBXBuildFile; fileRef = 02BFF08C24A9E7AF007EFEAB /* ZwaaiView.h */; settings = {ATTRIBUTES = (Public, ); }; };
		02BFF09124A9E7AF007EFEAB /* ZwaaiView.framework in Frameworks */ = {isa = PBXBuildFile; fileRef = 02BFF08A24A9E7AF007EFEAB /* ZwaaiView.framework */; };
		02BFF09224A9E7AF007EFEAB /* ZwaaiView.framework in Embed Frameworks */ = {isa = PBXBuildFile; fileRef = 02BFF08A24A9E7AF007EFEAB /* ZwaaiView.framework */; settings = {ATTRIBUTES = (CodeSignOnCopy, RemoveHeadersOnCopy, ); }; };
		02BFF09F24A9E7F0007EFEAB /* ZwaaiView.framework in Frameworks */ = {isa = PBXBuildFile; fileRef = 02BFF08A24A9E7AF007EFEAB /* ZwaaiView.framework */; };
		02BFF0A524A9E800007EFEAB /* ZwaaiTabSpec.swift in Sources */ = {isa = PBXBuildFile; fileRef = 02574CE924A763FF0027F85E /* ZwaaiTabSpec.swift */; };
		02BFF0A924A9E843007EFEAB /* ZwaaiHost.swift in Sources */ = {isa = PBXBuildFile; fileRef = 0206C384249B72AA009DE1EC /* ZwaaiHost.swift */; };
		02BFF0AA24A9E843007EFEAB /* ZwaaiTab.swift in Sources */ = {isa = PBXBuildFile; fileRef = 0227555D249275BD00F66505 /* ZwaaiTab.swift */; };
		02BFF0AB24A9E843007EFEAB /* ZwaaiPerson.swift in Sources */ = {isa = PBXBuildFile; fileRef = 02FBEAD12498C26200295212 /* ZwaaiPerson.swift */; };
		02BFF0AC24A9E843007EFEAB /* ZwaaiRuimte.swift in Sources */ = {isa = PBXBuildFile; fileRef = 022D52AE24A5B6AF004BB348 /* ZwaaiRuimte.swift */; };
		02BFF0AD24A9E843007EFEAB /* ScannerWithMask.swift in Sources */ = {isa = PBXBuildFile; fileRef = 022D52B024A5B88C004BB348 /* ScannerWithMask.swift */; };
		02BFF0AE24A9E843007EFEAB /* QRScanner.swift in Sources */ = {isa = PBXBuildFile; fileRef = 02883DEC249CAD1D00A6BFA0 /* QRScanner.swift */; };
		02BFF0AF24A9E843007EFEAB /* QRScanner.strings in Resources */ = {isa = PBXBuildFile; fileRef = 0228A730249E9E2700C894C6 /* QRScanner.strings */; };
		02BFF0B024A9E843007EFEAB /* GenerateQRCode.swift in Sources */ = {isa = PBXBuildFile; fileRef = 02883DF3249CC66E00A6BFA0 /* GenerateQRCode.swift */; };
		02BFF0B224A9E90D007EFEAB /* AppStore.swift in Sources */ = {isa = PBXBuildFile; fileRef = 02BFF0B124A9E90D007EFEAB /* AppStore.swift */; };
		02BFF0B324A9E93D007EFEAB /* HistoryHost.swift in Sources */ = {isa = PBXBuildFile; fileRef = 0206C386249BA263009DE1EC /* HistoryHost.swift */; };
		02BFF0B424A9E93D007EFEAB /* HistoryTab.swift in Sources */ = {isa = PBXBuildFile; fileRef = 0227555F249275DC00F66505 /* HistoryTab.swift */; };
		02BFF0B524A9E93D007EFEAB /* HistoryList.swift in Sources */ = {isa = PBXBuildFile; fileRef = 02E2E52424A0EF65009F2D1B /* HistoryList.swift */; };
		02BFF0B624A9E93D007EFEAB /* HistoryList.stringsdict in Resources */ = {isa = PBXBuildFile; fileRef = 02E2E52624A0F305009F2D1B /* HistoryList.stringsdict */; };
		02BFF0B724A9E93D007EFEAB /* HistoryList.strings in Resources */ = {isa = PBXBuildFile; fileRef = 02E2E52824A0FA38009F2D1B /* HistoryList.strings */; };
		02BFF0C424A9E96A007EFEAB /* SettingsHost.swift in Sources */ = {isa = PBXBuildFile; fileRef = 0228A74424A0B35600C894C6 /* SettingsHost.swift */; };
		02BFF0C524A9E96A007EFEAB /* SettingsTab.swift in Sources */ = {isa = PBXBuildFile; fileRef = 02E2E51224A0CB66009F2D1B /* SettingsTab.swift */; };
		02BFF0C724A9E970007EFEAB /* AudioFeedback.swift in Sources */ = {isa = PBXBuildFile; fileRef = 02FBEACE2498BE9900295212 /* AudioFeedback.swift */; };
		02BFF0C824A9E970007EFEAB /* Colors.swift in Sources */ = {isa = PBXBuildFile; fileRef = 026315D5249C93F400B4F175 /* Colors.swift */; };
		02BFF0C924A9E970007EFEAB /* KeyValueRow.swift in Sources */ = {isa = PBXBuildFile; fileRef = 02E2E51924A0D198009F2D1B /* KeyValueRow.swift */; };
		02BFF0CA24A9E970007EFEAB /* UIApplication+currentWindow.swift in Sources */ = {isa = PBXBuildFile; fileRef = 022D52AC24A5B67A004BB348 /* UIApplication+currentWindow.swift */; };
		02BFF0CB24A9E9A7007EFEAB /* ZwaaiLogic.framework in Frameworks */ = {isa = PBXBuildFile; fileRef = 02BFF04824A9DD0C007EFEAB /* ZwaaiLogic.framework */; };
		02BFF0CC24A9E9A7007EFEAB /* ZwaaiLogic.framework in Embed Frameworks */ = {isa = PBXBuildFile; fileRef = 02BFF04824A9DD0C007EFEAB /* ZwaaiLogic.framework */; settings = {ATTRIBUTES = (CodeSignOnCopy, RemoveHeadersOnCopy, ); }; };
		02BFF0D124A9E9C4007EFEAB /* Quick in Frameworks */ = {isa = PBXBuildFile; productRef = 02BFF0D024A9E9C4007EFEAB /* Quick */; };
		02BFF0D324A9E9C4007EFEAB /* Nimble in Frameworks */ = {isa = PBXBuildFile; productRef = 02BFF0D224A9E9C4007EFEAB /* Nimble */; };
		02BFF0D724A9E9E8007EFEAB /* ViewInspector in Frameworks */ = {isa = PBXBuildFile; productRef = 02BFF0D624A9E9E8007EFEAB /* ViewInspector */; };
		02BFF0D924A9EA2C007EFEAB /* QRCodeReader in Frameworks */ = {isa = PBXBuildFile; productRef = 02BFF0D824A9EA2C007EFEAB /* QRCodeReader */; };
		02BFF0DA24A9EA6C007EFEAB /* ZwaaiLogic.framework in Frameworks */ = {isa = PBXBuildFile; fileRef = 02BFF04824A9DD0C007EFEAB /* ZwaaiLogic.framework */; };
		02C1472624926DAC000C08F9 /* AppDelegate.swift in Sources */ = {isa = PBXBuildFile; fileRef = 02C1472524926DAC000C08F9 /* AppDelegate.swift */; };
		02C1472824926DAC000C08F9 /* SceneDelegate.swift in Sources */ = {isa = PBXBuildFile; fileRef = 02C1472724926DAC000C08F9 /* SceneDelegate.swift */; };
		02C1472C24926DAE000C08F9 /* Assets.xcassets in Resources */ = {isa = PBXBuildFile; fileRef = 02C1472B24926DAE000C08F9 /* Assets.xcassets */; };
		02C1472F24926DAE000C08F9 /* Preview Assets.xcassets in Resources */ = {isa = PBXBuildFile; fileRef = 02C1472E24926DAE000C08F9 /* Preview Assets.xcassets */; };
		02C1473224926DAE000C08F9 /* LaunchScreen.storyboard in Resources */ = {isa = PBXBuildFile; fileRef = 02C1473024926DAE000C08F9 /* LaunchScreen.storyboard */; };
		02E2E52324A0E490009F2D1B /* FunctionalProgrammingSpec.swift in Sources */ = {isa = PBXBuildFile; fileRef = 02E2E52224A0E490009F2D1B /* FunctionalProgrammingSpec.swift */; };
		02FA9AFC249E2CDE003CCBB4 /* Quick in Frameworks */ = {isa = PBXBuildFile; productRef = 02FA9AFB249E2CDE003CCBB4 /* Quick */; };
		02FA9AFF249E2D37003CCBB4 /* Nimble in Frameworks */ = {isa = PBXBuildFile; productRef = 02FA9AFE249E2D37003CCBB4 /* Nimble */; };
		02FA9B01249E2D7A003CCBB4 /* RandomSpec.swift in Sources */ = {isa = PBXBuildFile; fileRef = 02FA9B00249E2D7A003CCBB4 /* RandomSpec.swift */; };
		02FA9B04249E3050003CCBB4 /* SwiftCheck in Frameworks */ = {isa = PBXBuildFile; productRef = 02FA9B03249E3050003CCBB4 /* SwiftCheck */; };
/* End PBXBuildFile section */

/* Begin PBXContainerItemProxy section */
		02574CF924A9BFC50027F85E /* PBXContainerItemProxy */ = {
			isa = PBXContainerItemProxy;
			containerPortal = 02C1471A24926DAC000C08F9 /* Project object */;
			proxyType = 1;
			remoteGlobalIDString = 02C1472124926DAC000C08F9;
			remoteInfo = Zwaai;
		};
		02BFF04D24A9DD0C007EFEAB /* PBXContainerItemProxy */ = {
			isa = PBXContainerItemProxy;
			containerPortal = 02C1471A24926DAC000C08F9 /* Project object */;
			proxyType = 1;
			remoteGlobalIDString = 02BFF04724A9DD0C007EFEAB;
			remoteInfo = ZwaaiLogic;
		};
		02BFF08F24A9E7AF007EFEAB /* PBXContainerItemProxy */ = {
			isa = PBXContainerItemProxy;
			containerPortal = 02C1471A24926DAC000C08F9 /* Project object */;
			proxyType = 1;
			remoteGlobalIDString = 02BFF08924A9E7AF007EFEAB;
			remoteInfo = ZwaaiView;
		};
		02BFF0A024A9E7F0007EFEAB /* PBXContainerItemProxy */ = {
			isa = PBXContainerItemProxy;
			containerPortal = 02C1471A24926DAC000C08F9 /* Project object */;
			proxyType = 1;
			remoteGlobalIDString = 02BFF08924A9E7AF007EFEAB;
			remoteInfo = ZwaaiView;
		};
		02BFF0CD24A9E9A7007EFEAB /* PBXContainerItemProxy */ = {
			isa = PBXContainerItemProxy;
			containerPortal = 02C1471A24926DAC000C08F9 /* Project object */;
			proxyType = 1;
			remoteGlobalIDString = 02BFF04724A9DD0C007EFEAB;
			remoteInfo = ZwaaiLogic;
		};
		02FA9AF5249E2C46003CCBB4 /* PBXContainerItemProxy */ = {
			isa = PBXContainerItemProxy;
			containerPortal = 02C1471A24926DAC000C08F9 /* Project object */;
			proxyType = 1;
			remoteGlobalIDString = 02C1472124926DAC000C08F9;
			remoteInfo = Zwaai;
		};
/* End PBXContainerItemProxy section */

/* Begin PBXCopyFilesBuildPhase section */
		02BFF03F24A9DC51007EFEAB /* Embed Frameworks */ = {
			isa = PBXCopyFilesBuildPhase;
			buildActionMask = 2147483647;
			dstPath = "";
			dstSubfolderSpec = 10;
			files = (
				02BFF09224A9E7AF007EFEAB /* ZwaaiView.framework in Embed Frameworks */,
				02BFF05024A9DD0C007EFEAB /* ZwaaiLogic.framework in Embed Frameworks */,
			);
			name = "Embed Frameworks";
			runOnlyForDeploymentPostprocessing = 0;
		};
		02BFF0CF24A9E9A7007EFEAB /* Embed Frameworks */ = {
			isa = PBXCopyFilesBuildPhase;
			buildActionMask = 2147483647;
			dstPath = "";
			dstSubfolderSpec = 10;
			files = (
				02BFF0CC24A9E9A7007EFEAB /* ZwaaiLogic.framework in Embed Frameworks */,
			);
			name = "Embed Frameworks";
			runOnlyForDeploymentPostprocessing = 0;
		};
/* End PBXCopyFilesBuildPhase section */

/* Begin PBXFileReference section */
		0206C362249B6BBD009DE1EC /* Main.storyboard */ = {isa = PBXFileReference; lastKnownFileType = file.storyboard; path = Main.storyboard; sourceTree = "<group>"; };
		0206C384249B72AA009DE1EC /* ZwaaiHost.swift */ = {isa = PBXFileReference; lastKnownFileType = sourcecode.swift; path = ZwaaiHost.swift; sourceTree = "<group>"; };
		0206C386249BA263009DE1EC /* HistoryHost.swift */ = {isa = PBXFileReference; lastKnownFileType = sourcecode.swift; path = HistoryHost.swift; sourceTree = "<group>"; };
		0209262024A9EEEB0027FEFD /* Bundle.swift */ = {isa = PBXFileReference; lastKnownFileType = sourcecode.swift; path = Bundle.swift; sourceTree = "<group>"; };
		02135F8624AA075200E33BF1 /* ZwaaiViewModelSpec.swift */ = {isa = PBXFileReference; lastKnownFileType = sourcecode.swift; path = ZwaaiViewModelSpec.swift; sourceTree = "<group>"; };
		02135F8824AA149B00E33BF1 /* HexEncoding.swift */ = {isa = PBXFileReference; lastKnownFileType = sourcecode.swift; path = HexEncoding.swift; sourceTree = "<group>"; };
		02135F8A24AA1B5400E33BF1 /* HexEncodingSpec.swift */ = {isa = PBXFileReference; lastKnownFileType = sourcecode.swift; path = HexEncodingSpec.swift; sourceTree = "<group>"; };
		02135F8C24AA1F2B00E33BF1 /* CheckedInSpace.swift */ = {isa = PBXFileReference; lastKnownFileType = sourcecode.swift; path = CheckedInSpace.swift; sourceTree = "<group>"; };
		02135F8E24AA1FCC00E33BF1 /* CheckedInSpaceSpec.swift */ = {isa = PBXFileReference; lastKnownFileType = sourcecode.swift; path = CheckedInSpaceSpec.swift; sourceTree = "<group>"; };
		02135F9024AA2D2300E33BF1 /* UpdateHistoryOnCheckoutMiddlewareSpec.swift */ = {isa = PBXFileReference; lastKnownFileType = sourcecode.swift; path = UpdateHistoryOnCheckoutMiddlewareSpec.swift; sourceTree = "<group>"; };
		02135F9624AA7FCC00E33BF1 /* HistoryStateSpec.swift */ = {isa = PBXFileReference; lastKnownFileType = sourcecode.swift; path = HistoryStateSpec.swift; sourceTree = "<group>"; };
		02135F9824AA83BC00E33BF1 /* HistoryReducerSpec.swift */ = {isa = PBXFileReference; lastKnownFileType = sourcecode.swift; path = HistoryReducerSpec.swift; sourceTree = "<group>"; };
		02135F9A24AAFD2E00E33BF1 /* HistoryViewModelSpec.swift */ = {isa = PBXFileReference; lastKnownFileType = sourcecode.swift; path = HistoryViewModelSpec.swift; sourceTree = "<group>"; };
		02135F9C24AB07CD00E33BF1 /* AuthenticateMiddlewareSpec.swift */ = {isa = PBXFileReference; lastKnownFileType = sourcecode.swift; path = AuthenticateMiddlewareSpec.swift; sourceTree = "<group>"; };
		02135F9E24AB12DC00E33BF1 /* DidScanURLMiddlewareSpec.swift */ = {isa = PBXFileReference; lastKnownFileType = sourcecode.swift; path = DidScanURLMiddlewareSpec.swift; sourceTree = "<group>"; };
		02135FA224AB19C900E33BF1 /* SettingsViewModelSpec.swift */ = {isa = PBXFileReference; lastKnownFileType = sourcecode.swift; path = SettingsViewModelSpec.swift; sourceTree = "<group>"; };
		02135FA524AB1C4900E33BF1 /* ResetAppStateReducerSpec.swift */ = {isa = PBXFileReference; lastKnownFileType = sourcecode.swift; path = ResetAppStateReducerSpec.swift; sourceTree = "<group>"; };
		02135FA724AB20C600E33BF1 /* AppErrorSpec.swift */ = {isa = PBXFileReference; lastKnownFileType = sourcecode.swift; path = AppErrorSpec.swift; sourceTree = "<group>"; };
		02135FAA24AB2FE700E33BF1 /* PersistStateMiddlewareSpec.swift */ = {isa = PBXFileReference; lastKnownFileType = sourcecode.swift; path = PersistStateMiddlewareSpec.swift; sourceTree = "<group>"; };
		02135FAD24AB332800E33BF1 /* CaptureDispatchesMiddleware.swift */ = {isa = PBXFileReference; lastKnownFileType = sourcecode.swift; path = CaptureDispatchesMiddleware.swift; sourceTree = "<group>"; };
		02135FB124AB39CE00E33BF1 /* LoadSaveStateSpec.swift */ = {isa = PBXFileReference; lastKnownFileType = sourcecode.swift; path = LoadSaveStateSpec.swift; sourceTree = "<group>"; };
		02135FB324AB68B400E33BF1 /* LoggerMiddlewareSpec.swift */ = {isa = PBXFileReference; lastKnownFileType = sourcecode.swift; path = LoggerMiddlewareSpec.swift; sourceTree = "<group>"; };
		02135FBB24AB78CC00E33BF1 /* Prism.generated.swift */ = {isa = PBXFileReference; fileEncoding = 4; lastKnownFileType = sourcecode.swift; path = Prism.generated.swift; sourceTree = "<group>"; };
		02135FBC24AB78CC00E33BF1 /* ArbitraryEnum.generated.swift */ = {isa = PBXFileReference; fileEncoding = 4; lastKnownFileType = sourcecode.swift; path = ArbitraryEnum.generated.swift; sourceTree = "<group>"; };
		0227555D249275BD00F66505 /* ZwaaiTab.swift */ = {isa = PBXFileReference; lastKnownFileType = sourcecode.swift; path = ZwaaiTab.swift; sourceTree = "<group>"; };
		0227555F249275DC00F66505 /* HistoryTab.swift */ = {isa = PBXFileReference; lastKnownFileType = sourcecode.swift; path = HistoryTab.swift; sourceTree = "<group>"; };
		0228A730249E9E2700C894C6 /* QRScanner.strings */ = {isa = PBXFileReference; lastKnownFileType = text.plist.strings; path = QRScanner.strings; sourceTree = "<group>"; };
		0228A735249F54C000C894C6 /* PersistStateMiddleware.swift */ = {isa = PBXFileReference; lastKnownFileType = sourcecode.swift; path = PersistStateMiddleware.swift; sourceTree = "<group>"; };
		0228A73724A093F300C894C6 /* LoadSaveState.swift */ = {isa = PBXFileReference; lastKnownFileType = sourcecode.swift; path = LoadSaveState.swift; sourceTree = "<group>"; };
		0228A73A24A0A11300C894C6 /* AppError.swift */ = {isa = PBXFileReference; lastKnownFileType = sourcecode.swift; path = AppError.swift; sourceTree = "<group>"; };
		0228A73C24A0A8D600C894C6 /* AppMetaState.swift */ = {isa = PBXFileReference; lastKnownFileType = sourcecode.swift; path = AppMetaState.swift; sourceTree = "<group>"; };
		0228A73F24A0A9EA00C894C6 /* AppMetaAction.swift */ = {isa = PBXFileReference; lastKnownFileType = sourcecode.swift; path = AppMetaAction.swift; sourceTree = "<group>"; };
		0228A74124A0AAA800C894C6 /* AppMetaReducer.swift */ = {isa = PBXFileReference; lastKnownFileType = sourcecode.swift; path = AppMetaReducer.swift; sourceTree = "<group>"; };
		0228A74424A0B35600C894C6 /* SettingsHost.swift */ = {isa = PBXFileReference; lastKnownFileType = sourcecode.swift; path = SettingsHost.swift; sourceTree = "<group>"; };
		022D52AC24A5B67A004BB348 /* UIApplication+currentWindow.swift */ = {isa = PBXFileReference; fileEncoding = 4; lastKnownFileType = sourcecode.swift; path = "UIApplication+currentWindow.swift"; sourceTree = "<group>"; };
		022D52AE24A5B6AF004BB348 /* ZwaaiRuimte.swift */ = {isa = PBXFileReference; lastKnownFileType = sourcecode.swift; path = ZwaaiRuimte.swift; sourceTree = "<group>"; };
		022D52B024A5B88C004BB348 /* ScannerWithMask.swift */ = {isa = PBXFileReference; lastKnownFileType = sourcecode.swift; path = ScannerWithMask.swift; sourceTree = "<group>"; };
		022D52B224A5D778004BB348 /* ZwaaiReducer.swift */ = {isa = PBXFileReference; lastKnownFileType = sourcecode.swift; path = ZwaaiReducer.swift; sourceTree = "<group>"; };
		022D52B424A5D7CE004BB348 /* ZwaaiState.swift */ = {isa = PBXFileReference; lastKnownFileType = sourcecode.swift; path = ZwaaiState.swift; sourceTree = "<group>"; };
		022D52B624A5E5D0004BB348 /* ZwaaiViewModel.swift */ = {isa = PBXFileReference; lastKnownFileType = sourcecode.swift; path = ZwaaiViewModel.swift; sourceTree = "<group>"; };
		022D52B924A60CCC004BB348 /* HistoryItemSpec.swift */ = {isa = PBXFileReference; lastKnownFileType = sourcecode.swift; path = HistoryItemSpec.swift; sourceTree = "<group>"; };
		022D52BB24A61A94004BB348 /* Generators.swift */ = {isa = PBXFileReference; lastKnownFileType = sourcecode.swift; path = Generators.swift; sourceTree = "<group>"; };
		022D52BF24A640B3004BB348 /* DidScanURLMiddleware.swift */ = {isa = PBXFileReference; lastKnownFileType = sourcecode.swift; path = DidScanURLMiddleware.swift; sourceTree = "<group>"; };
		022D52C124A645AF004BB348 /* UpdateHistoryOnCheckoutMiddleware.swift */ = {isa = PBXFileReference; lastKnownFileType = sourcecode.swift; path = UpdateHistoryOnCheckoutMiddleware.swift; sourceTree = "<group>"; };
		02574CE724A75DCF0027F85E /* ZwaaiReducerSpec.swift */ = {isa = PBXFileReference; lastKnownFileType = sourcecode.swift; path = ZwaaiReducerSpec.swift; sourceTree = "<group>"; };
		02574CE924A763FF0027F85E /* ZwaaiTabSpec.swift */ = {isa = PBXFileReference; lastKnownFileType = sourcecode.swift; path = ZwaaiTabSpec.swift; sourceTree = "<group>"; };
		02574CF424A9BFC50027F85E /* ZwaaiUITests.xctest */ = {isa = PBXFileReference; explicitFileType = wrapper.cfbundle; includeInIndex = 0; path = ZwaaiUITests.xctest; sourceTree = BUILT_PRODUCTS_DIR; };
		02574CF624A9BFC50027F85E /* ZwaaiPersonUITests.swift */ = {isa = PBXFileReference; lastKnownFileType = sourcecode.swift; path = ZwaaiPersonUITests.swift; sourceTree = "<group>"; };
		02574CF824A9BFC50027F85E /* Info.plist */ = {isa = PBXFileReference; lastKnownFileType = text.plist.xml; path = Info.plist; sourceTree = "<group>"; };
		026315D5249C93F400B4F175 /* Colors.swift */ = {isa = PBXFileReference; lastKnownFileType = sourcecode.swift; path = Colors.swift; sourceTree = "<group>"; };
		0264461C24A22D7900EC132A /* Formatters.swift */ = {isa = PBXFileReference; lastKnownFileType = sourcecode.swift; path = Formatters.swift; sourceTree = "<group>"; };
		0264461E24A22E9A00EC132A /* SettingsViewModel.swift */ = {isa = PBXFileReference; lastKnownFileType = sourcecode.swift; path = SettingsViewModel.swift; sourceTree = "<group>"; };
		027D1A8F24ACB1F700089D27 /* ZwaaiRuimteSpec.swift */ = {isa = PBXFileReference; lastKnownFileType = sourcecode.swift; path = ZwaaiRuimteSpec.swift; sourceTree = "<group>"; };
		027D1A9224ADAED300089D27 /* BuildInfoSpec.swift */ = {isa = PBXFileReference; lastKnownFileType = sourcecode.swift; path = BuildInfoSpec.swift; sourceTree = "<group>"; };
		02883DEC249CAD1D00A6BFA0 /* QRScanner.swift */ = {isa = PBXFileReference; lastKnownFileType = sourcecode.swift; path = QRScanner.swift; sourceTree = "<group>"; };
		02883DF1249CB0B200A6BFA0 /* CoreImage.framework */ = {isa = PBXFileReference; lastKnownFileType = wrapper.framework; name = CoreImage.framework; path = System/Library/Frameworks/CoreImage.framework; sourceTree = SDKROOT; };
		02883DF3249CC66E00A6BFA0 /* GenerateQRCode.swift */ = {isa = PBXFileReference; lastKnownFileType = sourcecode.swift; path = GenerateQRCode.swift; sourceTree = "<group>"; };
		02883DF5249CE2A200A6BFA0 /* ZwaaiAction.swift */ = {isa = PBXFileReference; lastKnownFileType = sourcecode.swift; path = ZwaaiAction.swift; sourceTree = "<group>"; };
		02883DF8249CE47600A6BFA0 /* Prism.stencil */ = {isa = PBXFileReference; lastKnownFileType = text; path = Prism.stencil; sourceTree = "<group>"; };
		02883DFA249CE58E00A6BFA0 /* Prism.generated.swift */ = {isa = PBXFileReference; fileEncoding = 4; lastKnownFileType = sourcecode.swift; path = Prism.generated.swift; sourceTree = "<group>"; };
		02BFF04824A9DD0C007EFEAB /* ZwaaiLogic.framework */ = {isa = PBXFileReference; explicitFileType = wrapper.framework; includeInIndex = 0; path = ZwaaiLogic.framework; sourceTree = BUILT_PRODUCTS_DIR; };
		02BFF04A24A9DD0C007EFEAB /* ZwaaiLogic.h */ = {isa = PBXFileReference; lastKnownFileType = sourcecode.c.h; path = ZwaaiLogic.h; sourceTree = "<group>"; };
		02BFF04B24A9DD0C007EFEAB /* Info.plist */ = {isa = PBXFileReference; lastKnownFileType = text.plist.xml; path = Info.plist; sourceTree = "<group>"; };
		02BFF08A24A9E7AF007EFEAB /* ZwaaiView.framework */ = {isa = PBXFileReference; explicitFileType = wrapper.framework; includeInIndex = 0; path = ZwaaiView.framework; sourceTree = BUILT_PRODUCTS_DIR; };
		02BFF08C24A9E7AF007EFEAB /* ZwaaiView.h */ = {isa = PBXFileReference; lastKnownFileType = sourcecode.c.h; path = ZwaaiView.h; sourceTree = "<group>"; };
		02BFF08D24A9E7AF007EFEAB /* Info.plist */ = {isa = PBXFileReference; lastKnownFileType = text.plist.xml; path = Info.plist; sourceTree = "<group>"; };
		02BFF09A24A9E7F0007EFEAB /* ZwaaiViewTests.xctest */ = {isa = PBXFileReference; explicitFileType = wrapper.cfbundle; includeInIndex = 0; path = ZwaaiViewTests.xctest; sourceTree = BUILT_PRODUCTS_DIR; };
		02BFF09E24A9E7F0007EFEAB /* Info.plist */ = {isa = PBXFileReference; lastKnownFileType = text.plist.xml; path = Info.plist; sourceTree = "<group>"; };
		02BFF0B124A9E90D007EFEAB /* AppStore.swift */ = {isa = PBXFileReference; lastKnownFileType = sourcecode.swift; path = AppStore.swift; sourceTree = "<group>"; };
		02C1472224926DAC000C08F9 /* Zwaai.app */ = {isa = PBXFileReference; explicitFileType = wrapper.application; includeInIndex = 0; path = Zwaai.app; sourceTree = BUILT_PRODUCTS_DIR; };
		02C1472524926DAC000C08F9 /* AppDelegate.swift */ = {isa = PBXFileReference; lastKnownFileType = sourcecode.swift; path = AppDelegate.swift; sourceTree = "<group>"; };
		02C1472724926DAC000C08F9 /* SceneDelegate.swift */ = {isa = PBXFileReference; lastKnownFileType = sourcecode.swift; path = SceneDelegate.swift; sourceTree = "<group>"; };
		02C1472B24926DAE000C08F9 /* Assets.xcassets */ = {isa = PBXFileReference; lastKnownFileType = folder.assetcatalog; path = Assets.xcassets; sourceTree = "<group>"; };
		02C1472E24926DAE000C08F9 /* Preview Assets.xcassets */ = {isa = PBXFileReference; lastKnownFileType = folder.assetcatalog; path = "Preview Assets.xcassets"; sourceTree = "<group>"; };
		02C1473124926DAE000C08F9 /* Base */ = {isa = PBXFileReference; lastKnownFileType = file.storyboard; name = Base; path = Base.lproj/LaunchScreen.storyboard; sourceTree = "<group>"; };
		02C1473324926DAE000C08F9 /* Info.plist */ = {isa = PBXFileReference; lastKnownFileType = text.plist.xml; path = Info.plist; sourceTree = "<group>"; };
		02C778492497657E0013EE05 /* AppState.swift */ = {isa = PBXFileReference; lastKnownFileType = sourcecode.swift; path = AppState.swift; sourceTree = "<group>"; };
		02C7784C249765EF0013EE05 /* HistoryState.swift */ = {isa = PBXFileReference; lastKnownFileType = sourcecode.swift; path = HistoryState.swift; sourceTree = "<group>"; };
		02C7784E249766550013EE05 /* HistoryItem.swift */ = {isa = PBXFileReference; lastKnownFileType = sourcecode.swift; path = HistoryItem.swift; sourceTree = "<group>"; };
		02C77850249767940013EE05 /* HistoryActions.swift */ = {isa = PBXFileReference; lastKnownFileType = sourcecode.swift; path = HistoryActions.swift; sourceTree = "<group>"; };
		02C77852249767A70013EE05 /* AppActions.swift */ = {isa = PBXFileReference; lastKnownFileType = sourcecode.swift; path = AppActions.swift; sourceTree = "<group>"; };
		02C778542497681A0013EE05 /* HistoryReducer.swift */ = {isa = PBXFileReference; lastKnownFileType = sourcecode.swift; path = HistoryReducer.swift; sourceTree = "<group>"; };
		02C778582497697E0013EE05 /* AppReducer.swift */ = {isa = PBXFileReference; lastKnownFileType = sourcecode.swift; path = AppReducer.swift; sourceTree = "<group>"; };
		02C7785A2497B9060013EE05 /* AuthenticateMiddleware.swift */ = {isa = PBXFileReference; lastKnownFileType = sourcecode.swift; path = AuthenticateMiddleware.swift; sourceTree = "<group>"; };
		02C7785C2497BA500013EE05 /* AppMiddleware.swift */ = {isa = PBXFileReference; lastKnownFileType = sourcecode.swift; path = AppMiddleware.swift; sourceTree = "<group>"; };
		02E2E51224A0CB66009F2D1B /* SettingsTab.swift */ = {isa = PBXFileReference; lastKnownFileType = sourcecode.swift; path = SettingsTab.swift; sourceTree = "<group>"; };
		02E2E51524A0CBC4009F2D1B /* BuildInfo.swift */ = {isa = PBXFileReference; lastKnownFileType = sourcecode.swift; path = BuildInfo.swift; sourceTree = "<group>"; };
		02E2E51724A0CEA2009F2D1B /* buildinfo.txt */ = {isa = PBXFileReference; lastKnownFileType = text; path = buildinfo.txt; sourceTree = "<group>"; };
		02E2E51924A0D198009F2D1B /* KeyValueRow.swift */ = {isa = PBXFileReference; lastKnownFileType = sourcecode.swift; path = KeyValueRow.swift; sourceTree = "<group>"; };
		02E2E51D24A0D33E009F2D1B /* ResetAppStateReducer.swift */ = {isa = PBXFileReference; lastKnownFileType = sourcecode.swift; path = ResetAppStateReducer.swift; sourceTree = "<group>"; };
		02E2E51F24A0DD84009F2D1B /* FunctionalProgramming.swift */ = {isa = PBXFileReference; lastKnownFileType = sourcecode.swift; path = FunctionalProgramming.swift; sourceTree = "<group>"; };
		02E2E52224A0E490009F2D1B /* FunctionalProgrammingSpec.swift */ = {isa = PBXFileReference; lastKnownFileType = sourcecode.swift; path = FunctionalProgrammingSpec.swift; sourceTree = "<group>"; };
		02E2E52424A0EF65009F2D1B /* HistoryList.swift */ = {isa = PBXFileReference; lastKnownFileType = sourcecode.swift; path = HistoryList.swift; sourceTree = "<group>"; };
		02E2E52624A0F305009F2D1B /* HistoryList.stringsdict */ = {isa = PBXFileReference; lastKnownFileType = text.plist.stringsdict; path = HistoryList.stringsdict; sourceTree = "<group>"; };
		02E2E52824A0FA38009F2D1B /* HistoryList.strings */ = {isa = PBXFileReference; lastKnownFileType = text.plist.strings; path = HistoryList.strings; sourceTree = "<group>"; };
		02E2E52A24A0FD1A009F2D1B /* HistoryViewModel.swift */ = {isa = PBXFileReference; lastKnownFileType = sourcecode.swift; path = HistoryViewModel.swift; sourceTree = "<group>"; };
		02FA9AE8249D4E88003CCBB4 /* LoggingMiddleware.swift */ = {isa = PBXFileReference; lastKnownFileType = sourcecode.swift; path = LoggingMiddleware.swift; sourceTree = "<group>"; };
		02FA9AEA249E18BA003CCBB4 /* Random.swift */ = {isa = PBXFileReference; lastKnownFileType = sourcecode.swift; path = Random.swift; sourceTree = "<group>"; };
		02FA9AF0249E2C46003CCBB4 /* ZwaaiLogicTests.xctest */ = {isa = PBXFileReference; explicitFileType = wrapper.cfbundle; includeInIndex = 0; path = ZwaaiLogicTests.xctest; sourceTree = BUILT_PRODUCTS_DIR; };
		02FA9AF4249E2C46003CCBB4 /* Info.plist */ = {isa = PBXFileReference; lastKnownFileType = text.plist.xml; path = Info.plist; sourceTree = "<group>"; };
		02FA9B00249E2D7A003CCBB4 /* RandomSpec.swift */ = {isa = PBXFileReference; lastKnownFileType = sourcecode.swift; path = RandomSpec.swift; sourceTree = "<group>"; };
		02FBEACB2498BE2600295212 /* 180048__unfa__sneeze.wav */ = {isa = PBXFileReference; lastKnownFileType = audio.wav; path = 180048__unfa__sneeze.wav; sourceTree = "<group>"; };
		02FBEACD2498BE2D00295212 /* 180048__unfa__sneeze.flac */ = {isa = PBXFileReference; lastKnownFileType = file; path = 180048__unfa__sneeze.flac; sourceTree = "<group>"; };
		02FBEACE2498BE9900295212 /* AudioFeedback.swift */ = {isa = PBXFileReference; fileEncoding = 4; lastKnownFileType = sourcecode.swift; path = AudioFeedback.swift; sourceTree = "<group>"; };
		02FBEAD12498C26200295212 /* ZwaaiPerson.swift */ = {isa = PBXFileReference; lastKnownFileType = sourcecode.swift; path = ZwaaiPerson.swift; sourceTree = "<group>"; };
/* End PBXFileReference section */

/* Begin PBXFrameworksBuildPhase section */
		02574CF124A9BFC50027F85E /* Frameworks */ = {
			isa = PBXFrameworksBuildPhase;
			buildActionMask = 2147483647;
			files = (
				02574CFF24A9C09D0027F85E /* Nimble in Frameworks */,
			);
			runOnlyForDeploymentPostprocessing = 0;
		};
		02BFF04524A9DD0C007EFEAB /* Frameworks */ = {
			isa = PBXFrameworksBuildPhase;
			buildActionMask = 2147483647;
			files = (
				02BFF07824A9DEDD007EFEAB /* CombineRex in Frameworks */,
			);
			runOnlyForDeploymentPostprocessing = 0;
		};
		02BFF08724A9E7AF007EFEAB /* Frameworks */ = {
			isa = PBXFrameworksBuildPhase;
			buildActionMask = 2147483647;
			files = (
				02BFF0CB24A9E9A7007EFEAB /* ZwaaiLogic.framework in Frameworks */,
				02BFF0D924A9EA2C007EFEAB /* QRCodeReader in Frameworks */,
			);
			runOnlyForDeploymentPostprocessing = 0;
		};
		02BFF09724A9E7F0007EFEAB /* Frameworks */ = {
			isa = PBXFrameworksBuildPhase;
			buildActionMask = 2147483647;
			files = (
				02BFF0DA24A9EA6C007EFEAB /* ZwaaiLogic.framework in Frameworks */,
				02BFF0D324A9E9C4007EFEAB /* Nimble in Frameworks */,
				02BFF0D124A9E9C4007EFEAB /* Quick in Frameworks */,
				02BFF0D724A9E9E8007EFEAB /* ViewInspector in Frameworks */,
				02BFF09F24A9E7F0007EFEAB /* ZwaaiView.framework in Frameworks */,
			);
			runOnlyForDeploymentPostprocessing = 0;
		};
		02C1471F24926DAC000C08F9 /* Frameworks */ = {
			isa = PBXFrameworksBuildPhase;
			buildActionMask = 2147483647;
			files = (
				02BFF04F24A9DD0C007EFEAB /* ZwaaiLogic.framework in Frameworks */,
				02BFF09124A9E7AF007EFEAB /* ZwaaiView.framework in Frameworks */,
				02883DF2249CB0B200A6BFA0 /* CoreImage.framework in Frameworks */,
			);
			runOnlyForDeploymentPostprocessing = 0;
		};
		02FA9AED249E2C46003CCBB4 /* Frameworks */ = {
			isa = PBXFrameworksBuildPhase;
			buildActionMask = 2147483647;
			files = (
				02BFF05D24A9DD6C007EFEAB /* ZwaaiLogic.framework in Frameworks */,
				02FA9B04249E3050003CCBB4 /* SwiftCheck in Frameworks */,
				02FA9AFC249E2CDE003CCBB4 /* Quick in Frameworks */,
				02FA9AFF249E2D37003CCBB4 /* Nimble in Frameworks */,
			);
			runOnlyForDeploymentPostprocessing = 0;
		};
/* End PBXFrameworksBuildPhase section */

/* Begin PBXGroup section */
		02135FA124AB19B000E33BF1 /* Settings */ = {
			isa = PBXGroup;
			children = (
				02135FA224AB19C900E33BF1 /* SettingsViewModelSpec.swift */,
				027D1A9224ADAED300089D27 /* BuildInfoSpec.swift */,
			);
			path = Settings;
			sourceTree = "<group>";
		};
		02135FA424AB1C3200E33BF1 /* Redux */ = {
			isa = PBXGroup;
			children = (
				02135FA524AB1C4900E33BF1 /* ResetAppStateReducerSpec.swift */,
				02135FB324AB68B400E33BF1 /* LoggerMiddlewareSpec.swift */,
			);
			path = Redux;
			sourceTree = "<group>";
		};
		02135FA924AB2F7F00E33BF1 /* Persistence */ = {
			isa = PBXGroup;
			children = (
				02135FAA24AB2FE700E33BF1 /* PersistStateMiddlewareSpec.swift */,
				02135FB124AB39CE00E33BF1 /* LoadSaveStateSpec.swift */,
			);
			path = Persistence;
			sourceTree = "<group>";
		};
		02135FAC24AB331300E33BF1 /* TestUtils */ = {
			isa = PBXGroup;
			children = (
				02135FAD24AB332800E33BF1 /* CaptureDispatchesMiddleware.swift */,
			);
			path = TestUtils;
			sourceTree = "<group>";
		};
		02135FBA24AB78CC00E33BF1 /* Generated */ = {
			isa = PBXGroup;
			children = (
				02135FBB24AB78CC00E33BF1 /* Prism.generated.swift */,
				02135FBC24AB78CC00E33BF1 /* ArbitraryEnum.generated.swift */,
			);
			path = Generated;
			sourceTree = "<group>";
		};
		0228A734249F54AC00C894C6 /* Persistence */ = {
			isa = PBXGroup;
			children = (
				0228A735249F54C000C894C6 /* PersistStateMiddleware.swift */,
				0228A73724A093F300C894C6 /* LoadSaveState.swift */,
			);
			path = Persistence;
			sourceTree = "<group>";
		};
		0228A73E24A0A9DF00C894C6 /* AppMeta */ = {
			isa = PBXGroup;
			children = (
				0228A73C24A0A8D600C894C6 /* AppMetaState.swift */,
				0228A73F24A0A9EA00C894C6 /* AppMetaAction.swift */,
				0228A74124A0AAA800C894C6 /* AppMetaReducer.swift */,
			);
			path = AppMeta;
			sourceTree = "<group>";
		};
		0228A74324A0B34400C894C6 /* Settings */ = {
			isa = PBXGroup;
			children = (
				0228A74424A0B35600C894C6 /* SettingsHost.swift */,
				02E2E51224A0CB66009F2D1B /* SettingsTab.swift */,
			);
			path = Settings;
			sourceTree = "<group>";
		};
		022D52B824A60CAC004BB348 /* History tab */ = {
			isa = PBXGroup;
			children = (
				022D52B924A60CCC004BB348 /* HistoryItemSpec.swift */,
				02135F9624AA7FCC00E33BF1 /* HistoryStateSpec.swift */,
				02135F9824AA83BC00E33BF1 /* HistoryReducerSpec.swift */,
				02135F9A24AAFD2E00E33BF1 /* HistoryViewModelSpec.swift */,
				02135F9C24AB07CD00E33BF1 /* AuthenticateMiddlewareSpec.swift */,
				02135F9E24AB12DC00E33BF1 /* DidScanURLMiddlewareSpec.swift */,
			);
			path = "History tab";
			sourceTree = "<group>";
		};
		02574CE624A75DBC0027F85E /* Zwaai tab */ = {
			isa = PBXGroup;
			children = (
				02574CE724A75DCF0027F85E /* ZwaaiReducerSpec.swift */,
				02135F8624AA075200E33BF1 /* ZwaaiViewModelSpec.swift */,
				02135F8E24AA1FCC00E33BF1 /* CheckedInSpaceSpec.swift */,
				02135F9024AA2D2300E33BF1 /* UpdateHistoryOnCheckoutMiddlewareSpec.swift */,
			);
			path = "Zwaai tab";
			sourceTree = "<group>";
		};
		02574CF524A9BFC50027F85E /* ZwaaiUITests */ = {
			isa = PBXGroup;
			children = (
				02574CF624A9BFC50027F85E /* ZwaaiPersonUITests.swift */,
				02574CF824A9BFC50027F85E /* Info.plist */,
			);
			path = ZwaaiUITests;
			sourceTree = "<group>";
		};
		027D1A9124ADAEC200089D27 /* Settings */ = {
			isa = PBXGroup;
			children = (
			);
			path = Settings;
			sourceTree = "<group>";
		};
		02883DF0249CB0B200A6BFA0 /* Frameworks */ = {
			isa = PBXGroup;
			children = (
				02883DF1249CB0B200A6BFA0 /* CoreImage.framework */,
			);
			name = Frameworks;
			sourceTree = "<group>";
		};
		02883DF7249CE45200A6BFA0 /* SourceryTemplates */ = {
			isa = PBXGroup;
			children = (
				02883DF8249CE47600A6BFA0 /* Prism.stencil */,
			);
			path = SourceryTemplates;
			sourceTree = "<group>";
		};
		02883DF9249CE4D200A6BFA0 /* Generated */ = {
			isa = PBXGroup;
			children = (
				02883DFA249CE58E00A6BFA0 /* Prism.generated.swift */,
			);
			path = Generated;
			sourceTree = "<group>";
		};
		02BFF04924A9DD0C007EFEAB /* ZwaaiLogic */ = {
			isa = PBXGroup;
			children = (
				02BFF06824A9DDE7007EFEAB /* Zwaai */,
				02BFF05E24A9DD86007EFEAB /* History */,
				02BFF07924A9DF5E007EFEAB /* Settings */,
				02C778482497655F0013EE05 /* Redux */,
				0228A734249F54AC00C894C6 /* Persistence */,
				0228A73E24A0A9DF00C894C6 /* AppMeta */,
				02BFF06524A9DDAE007EFEAB /* Utils */,
				02883DF9249CE4D200A6BFA0 /* Generated */,
				02BFF04A24A9DD0C007EFEAB /* ZwaaiLogic.h */,
				02BFF04B24A9DD0C007EFEAB /* Info.plist */,
			);
			path = ZwaaiLogic;
			sourceTree = "<group>";
		};
		02BFF05E24A9DD86007EFEAB /* History */ = {
			isa = PBXGroup;
			children = (
				02C7784C249765EF0013EE05 /* HistoryState.swift */,
				02C7784E249766550013EE05 /* HistoryItem.swift */,
				02C77850249767940013EE05 /* HistoryActions.swift */,
				02C778542497681A0013EE05 /* HistoryReducer.swift */,
				02E2E52A24A0FD1A009F2D1B /* HistoryViewModel.swift */,
				02C7785A2497B9060013EE05 /* AuthenticateMiddleware.swift */,
				022D52BF24A640B3004BB348 /* DidScanURLMiddleware.swift */,
			);
			path = History;
			sourceTree = "<group>";
		};
		02BFF06524A9DDAE007EFEAB /* Utils */ = {
			isa = PBXGroup;
			children = (
				0228A73A24A0A11300C894C6 /* AppError.swift */,
				0264461C24A22D7900EC132A /* Formatters.swift */,
				02E2E51F24A0DD84009F2D1B /* FunctionalProgramming.swift */,
				02135F8824AA149B00E33BF1 /* HexEncoding.swift */,
				02FA9AEA249E18BA003CCBB4 /* Random.swift */,
			);
			path = Utils;
			sourceTree = "<group>";
		};
		02BFF06824A9DDE7007EFEAB /* Zwaai */ = {
			isa = PBXGroup;
			children = (
				022D52B624A5E5D0004BB348 /* ZwaaiViewModel.swift */,
				02883DF5249CE2A200A6BFA0 /* ZwaaiAction.swift */,
				022D52B224A5D778004BB348 /* ZwaaiReducer.swift */,
				022D52B424A5D7CE004BB348 /* ZwaaiState.swift */,
				02135F8C24AA1F2B00E33BF1 /* CheckedInSpace.swift */,
				022D52C124A645AF004BB348 /* UpdateHistoryOnCheckoutMiddleware.swift */,
			);
			path = Zwaai;
			sourceTree = "<group>";
		};
		02BFF07924A9DF5E007EFEAB /* Settings */ = {
			isa = PBXGroup;
			children = (
				0264461E24A22E9A00EC132A /* SettingsViewModel.swift */,
				02E2E51524A0CBC4009F2D1B /* BuildInfo.swift */,
				02E2E51724A0CEA2009F2D1B /* buildinfo.txt */,
			);
			path = Settings;
			sourceTree = "<group>";
		};
		02BFF08B24A9E7AF007EFEAB /* ZwaaiView */ = {
			isa = PBXGroup;
			children = (
				02BFF0B124A9E90D007EFEAB /* AppStore.swift */,
				02FBEAD02498C1F300295212 /* Zwaai tab */,
				02C7784B249765E20013EE05 /* History tab */,
				0228A74324A0B34400C894C6 /* Settings */,
				02E2E51B24A0D1AD009F2D1B /* Utils */,
				02FBEAC72498BC8A00295212 /* Resources */,
				02BFF08C24A9E7AF007EFEAB /* ZwaaiView.h */,
				02BFF08D24A9E7AF007EFEAB /* Info.plist */,
				0209262024A9EEEB0027FEFD /* Bundle.swift */,
			);
			path = ZwaaiView;
			sourceTree = "<group>";
		};
		02BFF09B24A9E7F0007EFEAB /* ZwaaiViewTests */ = {
			isa = PBXGroup;
			children = (
				02BFF0A624A9E818007EFEAB /* Zwaai tab */,
				027D1A9124ADAEC200089D27 /* Settings */,
				02BFF09E24A9E7F0007EFEAB /* Info.plist */,
			);
			path = ZwaaiViewTests;
			sourceTree = "<group>";
		};
		02BFF0A624A9E818007EFEAB /* Zwaai tab */ = {
			isa = PBXGroup;
			children = (
				02574CE924A763FF0027F85E /* ZwaaiTabSpec.swift */,
				027D1A8F24ACB1F700089D27 /* ZwaaiRuimteSpec.swift */,
			);
			path = "Zwaai tab";
			sourceTree = "<group>";
		};
		02C1471924926DAC000C08F9 = {
			isa = PBXGroup;
			children = (
				02C1472424926DAC000C08F9 /* Zwaai */,
				02BFF04924A9DD0C007EFEAB /* ZwaaiLogic */,
				02FA9AF1249E2C46003CCBB4 /* ZwaaiLogicTests */,
				02BFF08B24A9E7AF007EFEAB /* ZwaaiView */,
				02BFF09B24A9E7F0007EFEAB /* ZwaaiViewTests */,
				02574CF524A9BFC50027F85E /* ZwaaiUITests */,
				02883DF7249CE45200A6BFA0 /* SourceryTemplates */,
				02C1472324926DAC000C08F9 /* Products */,
				02883DF0249CB0B200A6BFA0 /* Frameworks */,
			);
			sourceTree = "<group>";
		};
		02C1472324926DAC000C08F9 /* Products */ = {
			isa = PBXGroup;
			children = (
				02C1472224926DAC000C08F9 /* Zwaai.app */,
				02FA9AF0249E2C46003CCBB4 /* ZwaaiLogicTests.xctest */,
				02574CF424A9BFC50027F85E /* ZwaaiUITests.xctest */,
				02BFF04824A9DD0C007EFEAB /* ZwaaiLogic.framework */,
				02BFF08A24A9E7AF007EFEAB /* ZwaaiView.framework */,
				02BFF09A24A9E7F0007EFEAB /* ZwaaiViewTests.xctest */,
			);
			name = Products;
			sourceTree = "<group>";
		};
		02C1472424926DAC000C08F9 /* Zwaai */ = {
			isa = PBXGroup;
			children = (
				02C1472524926DAC000C08F9 /* AppDelegate.swift */,
				02C1472724926DAC000C08F9 /* SceneDelegate.swift */,
				0206C362249B6BBD009DE1EC /* Main.storyboard */,
				02C1472B24926DAE000C08F9 /* Assets.xcassets */,
				02C1473024926DAE000C08F9 /* LaunchScreen.storyboard */,
				02C1473324926DAE000C08F9 /* Info.plist */,
				02C1472D24926DAE000C08F9 /* Preview Content */,
			);
			path = Zwaai;
			sourceTree = "<group>";
		};
		02C1472D24926DAE000C08F9 /* Preview Content */ = {
			isa = PBXGroup;
			children = (
				02C1472E24926DAE000C08F9 /* Preview Assets.xcassets */,
			);
			path = "Preview Content";
			sourceTree = "<group>";
		};
		02C778482497655F0013EE05 /* Redux */ = {
			isa = PBXGroup;
			children = (
				02C778492497657E0013EE05 /* AppState.swift */,
				02C77852249767A70013EE05 /* AppActions.swift */,
				02C778582497697E0013EE05 /* AppReducer.swift */,
				02C7785C2497BA500013EE05 /* AppMiddleware.swift */,
				02FA9AE8249D4E88003CCBB4 /* LoggingMiddleware.swift */,
				02E2E51D24A0D33E009F2D1B /* ResetAppStateReducer.swift */,
			);
			path = Redux;
			sourceTree = "<group>";
		};
		02C7784B249765E20013EE05 /* History tab */ = {
			isa = PBXGroup;
			children = (
				0206C386249BA263009DE1EC /* HistoryHost.swift */,
				0227555F249275DC00F66505 /* HistoryTab.swift */,
				02E2E52424A0EF65009F2D1B /* HistoryList.swift */,
				02E2E52624A0F305009F2D1B /* HistoryList.stringsdict */,
				02E2E52824A0FA38009F2D1B /* HistoryList.strings */,
			);
			path = "History tab";
			sourceTree = "<group>";
		};
		02E2E51B24A0D1AD009F2D1B /* Utils */ = {
			isa = PBXGroup;
			children = (
				02FBEACE2498BE9900295212 /* AudioFeedback.swift */,
				026315D5249C93F400B4F175 /* Colors.swift */,
				02E2E51924A0D198009F2D1B /* KeyValueRow.swift */,
				022D52AC24A5B67A004BB348 /* UIApplication+currentWindow.swift */,
			);
			path = Utils;
			sourceTree = "<group>";
		};
		02E2E52124A0E481009F2D1B /* Utils */ = {
			isa = PBXGroup;
			children = (
				02135FA724AB20C600E33BF1 /* AppErrorSpec.swift */,
				02E2E52224A0E490009F2D1B /* FunctionalProgrammingSpec.swift */,
				02135F8A24AA1B5400E33BF1 /* HexEncodingSpec.swift */,
				02FA9B00249E2D7A003CCBB4 /* RandomSpec.swift */,
			);
			path = Utils;
			sourceTree = "<group>";
		};
		02FA9AF1249E2C46003CCBB4 /* ZwaaiLogicTests */ = {
			isa = PBXGroup;
			children = (
				02574CE624A75DBC0027F85E /* Zwaai tab */,
				022D52B824A60CAC004BB348 /* History tab */,
				02135FA124AB19B000E33BF1 /* Settings */,
				02135FA424AB1C3200E33BF1 /* Redux */,
				02135FA924AB2F7F00E33BF1 /* Persistence */,
				02E2E52124A0E481009F2D1B /* Utils */,
				02135FAC24AB331300E33BF1 /* TestUtils */,
				02135FBA24AB78CC00E33BF1 /* Generated */,
				022D52BB24A61A94004BB348 /* Generators.swift */,
				02FA9AF4249E2C46003CCBB4 /* Info.plist */,
			);
			path = ZwaaiLogicTests;
			sourceTree = "<group>";
		};
		02FBEAC72498BC8A00295212 /* Resources */ = {
			isa = PBXGroup;
			children = (
				02FBEACD2498BE2D00295212 /* 180048__unfa__sneeze.flac */,
				02FBEACB2498BE2600295212 /* 180048__unfa__sneeze.wav */,
			);
			path = Resources;
			sourceTree = "<group>";
		};
		02FBEAD02498C1F300295212 /* Zwaai tab */ = {
			isa = PBXGroup;
			children = (
				0206C384249B72AA009DE1EC /* ZwaaiHost.swift */,
				0227555D249275BD00F66505 /* ZwaaiTab.swift */,
				02FBEAD12498C26200295212 /* ZwaaiPerson.swift */,
				022D52AE24A5B6AF004BB348 /* ZwaaiRuimte.swift */,
				022D52B024A5B88C004BB348 /* ScannerWithMask.swift */,
				02883DEC249CAD1D00A6BFA0 /* QRScanner.swift */,
				0228A730249E9E2700C894C6 /* QRScanner.strings */,
				02883DF3249CC66E00A6BFA0 /* GenerateQRCode.swift */,
			);
			path = "Zwaai tab";
			sourceTree = "<group>";
		};
/* End PBXGroup section */

/* Begin PBXHeadersBuildPhase section */
		02BFF04324A9DD0C007EFEAB /* Headers */ = {
			isa = PBXHeadersBuildPhase;
			buildActionMask = 2147483647;
			files = (
				02BFF04C24A9DD0C007EFEAB /* ZwaaiLogic.h in Headers */,
			);
			runOnlyForDeploymentPostprocessing = 0;
		};
		02BFF08524A9E7AF007EFEAB /* Headers */ = {
			isa = PBXHeadersBuildPhase;
			buildActionMask = 2147483647;
			files = (
				02BFF08E24A9E7AF007EFEAB /* ZwaaiView.h in Headers */,
			);
			runOnlyForDeploymentPostprocessing = 0;
		};
/* End PBXHeadersBuildPhase section */

/* Begin PBXNativeTarget section */
		02574CF324A9BFC50027F85E /* ZwaaiUITests */ = {
			isa = PBXNativeTarget;
			buildConfigurationList = 02574CFD24A9BFC50027F85E /* Build configuration list for PBXNativeTarget "ZwaaiUITests" */;
			buildPhases = (
				02574CF024A9BFC50027F85E /* Sources */,
				02574CF124A9BFC50027F85E /* Frameworks */,
				02574CF224A9BFC50027F85E /* Resources */,
			);
			buildRules = (
			);
			dependencies = (
				02574CFA24A9BFC50027F85E /* PBXTargetDependency */,
			);
			name = ZwaaiUITests;
			packageProductDependencies = (
				02574CFE24A9C09D0027F85E /* Nimble */,
			);
			productName = ZwaaiUITests;
			productReference = 02574CF424A9BFC50027F85E /* ZwaaiUITests.xctest */;
			productType = "com.apple.product-type.bundle.ui-testing";
		};
		02BFF04724A9DD0C007EFEAB /* ZwaaiLogic */ = {
			isa = PBXNativeTarget;
			buildConfigurationList = 02BFF05124A9DD0C007EFEAB /* Build configuration list for PBXNativeTarget "ZwaaiLogic" */;
			buildPhases = (
				02BFF04324A9DD0C007EFEAB /* Headers */,
				02BFF04424A9DD0C007EFEAB /* Sources */,
				02BFF04524A9DD0C007EFEAB /* Frameworks */,
				02BFF04624A9DD0C007EFEAB /* Resources */,
				027D1A9624ADB0A000089D27 /* Write build info */,
			);
			buildRules = (
			);
			dependencies = (
			);
			name = ZwaaiLogic;
			packageProductDependencies = (
				02BFF07724A9DEDD007EFEAB /* CombineRex */,
			);
			productName = ZwaaiLogic;
			productReference = 02BFF04824A9DD0C007EFEAB /* ZwaaiLogic.framework */;
			productType = "com.apple.product-type.framework";
		};
		02BFF08924A9E7AF007EFEAB /* ZwaaiView */ = {
			isa = PBXNativeTarget;
			buildConfigurationList = 02BFF09324A9E7AF007EFEAB /* Build configuration list for PBXNativeTarget "ZwaaiView" */;
			buildPhases = (
				02BFF08524A9E7AF007EFEAB /* Headers */,
				02BFF08624A9E7AF007EFEAB /* Sources */,
				02BFF08724A9E7AF007EFEAB /* Frameworks */,
				02BFF08824A9E7AF007EFEAB /* Resources */,
				02BFF0CF24A9E9A7007EFEAB /* Embed Frameworks */,
			);
			buildRules = (
			);
			dependencies = (
				02BFF0CE24A9E9A7007EFEAB /* PBXTargetDependency */,
			);
			name = ZwaaiView;
			packageProductDependencies = (
				02BFF0D824A9EA2C007EFEAB /* QRCodeReader */,
			);
			productName = ZwaaiView;
			productReference = 02BFF08A24A9E7AF007EFEAB /* ZwaaiView.framework */;
			productType = "com.apple.product-type.framework";
		};
		02BFF09924A9E7F0007EFEAB /* ZwaaiViewTests */ = {
			isa = PBXNativeTarget;
			buildConfigurationList = 02BFF0A224A9E7F0007EFEAB /* Build configuration list for PBXNativeTarget "ZwaaiViewTests" */;
			buildPhases = (
				02BFF09624A9E7F0007EFEAB /* Sources */,
				02BFF09724A9E7F0007EFEAB /* Frameworks */,
				02BFF09824A9E7F0007EFEAB /* Resources */,
			);
			buildRules = (
			);
			dependencies = (
				02BFF0A124A9E7F0007EFEAB /* PBXTargetDependency */,
			);
			name = ZwaaiViewTests;
			packageProductDependencies = (
				02BFF0D024A9E9C4007EFEAB /* Quick */,
				02BFF0D224A9E9C4007EFEAB /* Nimble */,
				02BFF0D624A9E9E8007EFEAB /* ViewInspector */,
			);
			productName = ZwaaiViewTests;
			productReference = 02BFF09A24A9E7F0007EFEAB /* ZwaaiViewTests.xctest */;
			productType = "com.apple.product-type.bundle.unit-test";
		};
		02C1472124926DAC000C08F9 /* Zwaai */ = {
			isa = PBXNativeTarget;
			buildConfigurationList = 02C1473624926DAE000C08F9 /* Build configuration list for PBXNativeTarget "Zwaai" */;
			buildPhases = (
				02C1471E24926DAC000C08F9 /* Sources */,
				02C1471F24926DAC000C08F9 /* Frameworks */,
				02C1472024926DAC000C08F9 /* Resources */,
				02E2E51C24A0D2C2009F2D1B /* SwiftLint */,
				02E2E51424A0CB90009F2D1B /* Write build info */,
				02BFF03F24A9DC51007EFEAB /* Embed Frameworks */,
			);
			buildRules = (
			);
			dependencies = (
				02BFF04E24A9DD0C007EFEAB /* PBXTargetDependency */,
				02BFF09024A9E7AF007EFEAB /* PBXTargetDependency */,
			);
			name = Zwaai;
			packageProductDependencies = (
			);
			productName = Zwaai;
			productReference = 02C1472224926DAC000C08F9 /* Zwaai.app */;
			productType = "com.apple.product-type.application";
		};
		02FA9AEF249E2C46003CCBB4 /* ZwaaiLogicTests */ = {
			isa = PBXNativeTarget;
			buildConfigurationList = 02FA9AF7249E2C46003CCBB4 /* Build configuration list for PBXNativeTarget "ZwaaiLogicTests" */;
			buildPhases = (
				02FA9AEC249E2C46003CCBB4 /* Sources */,
				02FA9AED249E2C46003CCBB4 /* Frameworks */,
				02FA9AEE249E2C46003CCBB4 /* Resources */,
			);
			buildRules = (
			);
			dependencies = (
				02FA9AF6249E2C46003CCBB4 /* PBXTargetDependency */,
			);
			name = ZwaaiLogicTests;
			packageProductDependencies = (
				02FA9AFB249E2CDE003CCBB4 /* Quick */,
				02FA9AFE249E2D37003CCBB4 /* Nimble */,
				02FA9B03249E3050003CCBB4 /* SwiftCheck */,
			);
			productName = ZwaaiTests;
			productReference = 02FA9AF0249E2C46003CCBB4 /* ZwaaiLogicTests.xctest */;
			productType = "com.apple.product-type.bundle.unit-test";
		};
/* End PBXNativeTarget section */

/* Begin PBXProject section */
		02C1471A24926DAC000C08F9 /* Project object */ = {
			isa = PBXProject;
			attributes = {
				LastSwiftUpdateCheck = 1150;
				LastUpgradeCheck = 1150;
				ORGANIZATIONNAME = Zwaai;
				TargetAttributes = {
					02574CF324A9BFC50027F85E = {
						CreatedOnToolsVersion = 11.5;
						TestTargetID = 02C1472124926DAC000C08F9;
					};
					02BFF04724A9DD0C007EFEAB = {
						CreatedOnToolsVersion = 11.5;
					};
					02BFF08924A9E7AF007EFEAB = {
						CreatedOnToolsVersion = 11.5;
					};
					02BFF09924A9E7F0007EFEAB = {
						CreatedOnToolsVersion = 11.5;
					};
					02C1472124926DAC000C08F9 = {
						CreatedOnToolsVersion = 11.5;
					};
					02FA9AEF249E2C46003CCBB4 = {
						CreatedOnToolsVersion = 11.5;
						LastSwiftMigration = 1150;
					};
				};
			};
			buildConfigurationList = 02C1471D24926DAC000C08F9 /* Build configuration list for PBXProject "Zwaai" */;
			compatibilityVersion = "Xcode 9.3";
			developmentRegion = en;
			hasScannedForEncodings = 0;
			knownRegions = (
				en,
				Base,
			);
			mainGroup = 02C1471924926DAC000C08F9;
			packageReferences = (
				02FBEA9E24980F0300295212 /* XCRemoteSwiftPackageReference "SwiftRex" */,
				02FBEAA124980FC900295212 /* XCRemoteSwiftPackageReference "QRCodeReader.swift" */,
				02FA9AFA249E2CDE003CCBB4 /* XCRemoteSwiftPackageReference "Quick" */,
				02FA9AFD249E2D37003CCBB4 /* XCRemoteSwiftPackageReference "Nimble" */,
				02FA9B02249E3050003CCBB4 /* XCRemoteSwiftPackageReference "SwiftCheck" */,
				02574CEB24A765F10027F85E /* XCRemoteSwiftPackageReference "ViewInspector" */,
			);
			productRefGroup = 02C1472324926DAC000C08F9 /* Products */;
			projectDirPath = "";
			projectRoot = "";
			targets = (
				02C1472124926DAC000C08F9 /* Zwaai */,
				02BFF04724A9DD0C007EFEAB /* ZwaaiLogic */,
				02FA9AEF249E2C46003CCBB4 /* ZwaaiLogicTests */,
				02BFF08924A9E7AF007EFEAB /* ZwaaiView */,
				02BFF09924A9E7F0007EFEAB /* ZwaaiViewTests */,
				02574CF324A9BFC50027F85E /* ZwaaiUITests */,
			);
		};
/* End PBXProject section */

/* Begin PBXResourcesBuildPhase section */
		02574CF224A9BFC50027F85E /* Resources */ = {
			isa = PBXResourcesBuildPhase;
			buildActionMask = 2147483647;
			files = (
			);
			runOnlyForDeploymentPostprocessing = 0;
		};
		02BFF04624A9DD0C007EFEAB /* Resources */ = {
			isa = PBXResourcesBuildPhase;
			buildActionMask = 2147483647;
			files = (
				027D1A9724ADB0CD00089D27 /* buildinfo.txt in Resources */,
			);
			runOnlyForDeploymentPostprocessing = 0;
		};
		02BFF08824A9E7AF007EFEAB /* Resources */ = {
			isa = PBXResourcesBuildPhase;
			buildActionMask = 2147483647;
			files = (
				02BFF0B724A9E93D007EFEAB /* HistoryList.strings in Resources */,
				0209262224A9F04A0027FEFD /* 180048__unfa__sneeze.wav in Resources */,
				02BFF0AF24A9E843007EFEAB /* QRScanner.strings in Resources */,
				02BFF0B624A9E93D007EFEAB /* HistoryList.stringsdict in Resources */,
			);
			runOnlyForDeploymentPostprocessing = 0;
		};
		02BFF09824A9E7F0007EFEAB /* Resources */ = {
			isa = PBXResourcesBuildPhase;
			buildActionMask = 2147483647;
			files = (
			);
			runOnlyForDeploymentPostprocessing = 0;
		};
		02C1472024926DAC000C08F9 /* Resources */ = {
			isa = PBXResourcesBuildPhase;
			buildActionMask = 2147483647;
			files = (
				02C1473224926DAE000C08F9 /* LaunchScreen.storyboard in Resources */,
				0206C363249B6BBD009DE1EC /* Main.storyboard in Resources */,
				02C1472F24926DAE000C08F9 /* Preview Assets.xcassets in Resources */,
				02C1472C24926DAE000C08F9 /* Assets.xcassets in Resources */,
			);
			runOnlyForDeploymentPostprocessing = 0;
		};
		02FA9AEE249E2C46003CCBB4 /* Resources */ = {
			isa = PBXResourcesBuildPhase;
			buildActionMask = 2147483647;
			files = (
				02736BED24A9DA5D00422FE5 /* Assets.xcassets in Resources */,
			);
			runOnlyForDeploymentPostprocessing = 0;
		};
/* End PBXResourcesBuildPhase section */

/* Begin PBXShellScriptBuildPhase section */
		027D1A9624ADB0A000089D27 /* Write build info */ = {
			isa = PBXShellScriptBuildPhase;
			buildActionMask = 2147483647;
			files = (
			);
			inputFileListPaths = (
			);
			inputPaths = (
			);
			name = "Write build info";
			outputFileListPaths = (
			);
			outputPaths = (
			);
			runOnlyForDeploymentPostprocessing = 0;
			shellPath = /bin/sh;
			shellScript = "BUILDINFO_FILE=$CODESIGNING_FOLDER_PATH/buildinfo.txt\nif [[ -f $BUILDINFO_FILE ]]; then\n    git rev-parse --short HEAD > $BUILDINFO_FILE\n    git rev-parse --abbrev-ref HEAD >> $BUILDINFO_FILE\nfi\n";
		};
		02E2E51424A0CB90009F2D1B /* Write build info */ = {
			isa = PBXShellScriptBuildPhase;
			buildActionMask = 2147483647;
			files = (
			);
			inputFileListPaths = (
			);
			inputPaths = (
			);
			name = "Write build info";
			outputFileListPaths = (
			);
			outputPaths = (
			);
			runOnlyForDeploymentPostprocessing = 0;
			shellPath = /bin/sh;
			shellScript = "#BUILDINFO_FILE=$CODESIGNING_FOLDER_PATH/buildinfo.txt\n#if [[ -f $BUILDINFO_FILE ]]; then\n#    git rev-parse --short HEAD > $BUILDINFO_FILE\n#    git rev-parse --abbrev-ref HEAD >> $BUILDINFO_FILE\n#fi\n";
		};
		02E2E51C24A0D2C2009F2D1B /* SwiftLint */ = {
			isa = PBXShellScriptBuildPhase;
			buildActionMask = 2147483647;
			files = (
			);
			inputFileListPaths = (
			);
			inputPaths = (
			);
			name = SwiftLint;
			outputFileListPaths = (
			);
			outputPaths = (
			);
			runOnlyForDeploymentPostprocessing = 0;
			shellPath = /bin/sh;
			shellScript = "if command -v /usr/local/bin/mint; then\n  /usr/local/bin/mint run swiftlint\nelif command -v swiftlint; then\n  swiftlint\nelse\n  echo \"warning: SwiftLint not installed, download from https://github.com/realm/SwiftLint\"\nfi\n";
		};
/* End PBXShellScriptBuildPhase section */

/* Begin PBXSourcesBuildPhase section */
		02574CF024A9BFC50027F85E /* Sources */ = {
			isa = PBXSourcesBuildPhase;
			buildActionMask = 2147483647;
			files = (
				02574CF724A9BFC50027F85E /* ZwaaiPersonUITests.swift in Sources */,
			);
			runOnlyForDeploymentPostprocessing = 0;
		};
		02BFF04424A9DD0C007EFEAB /* Sources */ = {
			isa = PBXSourcesBuildPhase;
			buildActionMask = 2147483647;
			files = (
				02BFF06D24A9DE04007EFEAB /* UpdateHistoryOnCheckoutMiddleware.swift in Sources */,
				02BFF05B24A9DD5E007EFEAB /* PersistStateMiddleware.swift in Sources */,
				02BFF07024A9DE1D007EFEAB /* AppMetaReducer.swift in Sources */,
				02BFF05A24A9DD57007EFEAB /* ResetAppStateReducer.swift in Sources */,
				02BFF07424A9DE34007EFEAB /* AppError.swift in Sources */,
				02BFF05F24A9DD9B007EFEAB /* HistoryState.swift in Sources */,
				027D1A9424ADAEEE00089D27 /* BuildInfo.swift in Sources */,
				02BFF06F24A9DE1D007EFEAB /* AppMetaAction.swift in Sources */,
				02BFF07B24A9DF7C007EFEAB /* HistoryViewModel.swift in Sources */,
				02BFF06724A9DDCD007EFEAB /* Random.swift in Sources */,
				02135F8D24AA1F2B00E33BF1 /* CheckedInSpace.swift in Sources */,
				02BFF06024A9DD9B007EFEAB /* HistoryItem.swift in Sources */,
				02BFF06324A9DD9B007EFEAB /* AuthenticateMiddleware.swift in Sources */,
				02BFF06424A9DD9B007EFEAB /* DidScanURLMiddleware.swift in Sources */,
				02BFF06B24A9DE04007EFEAB /* ZwaaiReducer.swift in Sources */,
				02BFF07624A9DE8D007EFEAB /* Prism.generated.swift in Sources */,
				02BFF05424A9DD57007EFEAB /* AppState.swift in Sources */,
				02BFF06224A9DD9B007EFEAB /* HistoryReducer.swift in Sources */,
				02BFF06C24A9DE04007EFEAB /* ZwaaiState.swift in Sources */,
				02BFF06A24A9DE04007EFEAB /* ZwaaiAction.swift in Sources */,
				02BFF05724A9DD57007EFEAB /* AppReducer.swift in Sources */,
				02BFF05924A9DD57007EFEAB /* LoggingMiddleware.swift in Sources */,
				02135F8924AA149B00E33BF1 /* HexEncoding.swift in Sources */,
				02BFF05C24A9DD5E007EFEAB /* LoadSaveState.swift in Sources */,
				02BFF06624A9DDCD007EFEAB /* FunctionalProgramming.swift in Sources */,
				02BFF07524A9DE7D007EFEAB /* Formatters.swift in Sources */,
				02BFF05824A9DD57007EFEAB /* AppMiddleware.swift in Sources */,
				02BFF06924A9DE04007EFEAB /* ZwaaiViewModel.swift in Sources */,
				02BFF06E24A9DE1D007EFEAB /* AppMetaState.swift in Sources */,
				02BFF06124A9DD9B007EFEAB /* HistoryActions.swift in Sources */,
				02BFF05524A9DD57007EFEAB /* AppActions.swift in Sources */,
				02BFF07A24A9DF6F007EFEAB /* SettingsViewModel.swift in Sources */,
			);
			runOnlyForDeploymentPostprocessing = 0;
		};
		02BFF08624A9E7AF007EFEAB /* Sources */ = {
			isa = PBXSourcesBuildPhase;
			buildActionMask = 2147483647;
			files = (
				02BFF0B424A9E93D007EFEAB /* HistoryTab.swift in Sources */,
				02BFF0C724A9E970007EFEAB /* AudioFeedback.swift in Sources */,
				02BFF0AD24A9E843007EFEAB /* ScannerWithMask.swift in Sources */,
				0209262124A9EEEB0027FEFD /* Bundle.swift in Sources */,
				02BFF0AB24A9E843007EFEAB /* ZwaaiPerson.swift in Sources */,
				02BFF0B024A9E843007EFEAB /* GenerateQRCode.swift in Sources */,
				02BFF0C924A9E970007EFEAB /* KeyValueRow.swift in Sources */,
				02BFF0AA24A9E843007EFEAB /* ZwaaiTab.swift in Sources */,
				02BFF0AE24A9E843007EFEAB /* QRScanner.swift in Sources */,
				02BFF0B524A9E93D007EFEAB /* HistoryList.swift in Sources */,
				02BFF0C824A9E970007EFEAB /* Colors.swift in Sources */,
				02BFF0B324A9E93D007EFEAB /* HistoryHost.swift in Sources */,
				02BFF0C424A9E96A007EFEAB /* SettingsHost.swift in Sources */,
				02BFF0AC24A9E843007EFEAB /* ZwaaiRuimte.swift in Sources */,
				02BFF0C524A9E96A007EFEAB /* SettingsTab.swift in Sources */,
				02BFF0A924A9E843007EFEAB /* ZwaaiHost.swift in Sources */,
				02BFF0CA24A9E970007EFEAB /* UIApplication+currentWindow.swift in Sources */,
				02BFF0B224A9E90D007EFEAB /* AppStore.swift in Sources */,
			);
			runOnlyForDeploymentPostprocessing = 0;
		};
		02BFF09624A9E7F0007EFEAB /* Sources */ = {
			isa = PBXSourcesBuildPhase;
			buildActionMask = 2147483647;
			files = (
				02BFF0A524A9E800007EFEAB /* ZwaaiTabSpec.swift in Sources */,
				027D1A9024ACB1F700089D27 /* ZwaaiRuimteSpec.swift in Sources */,
			);
			runOnlyForDeploymentPostprocessing = 0;
		};
		02C1471E24926DAC000C08F9 /* Sources */ = {
			isa = PBXSourcesBuildPhase;
			buildActionMask = 2147483647;
			files = (
				02C1472624926DAC000C08F9 /* AppDelegate.swift in Sources */,
				02C1472824926DAC000C08F9 /* SceneDelegate.swift in Sources */,
			);
			runOnlyForDeploymentPostprocessing = 0;
		};
		02FA9AEC249E2C46003CCBB4 /* Sources */ = {
			isa = PBXSourcesBuildPhase;
			buildActionMask = 2147483647;
			files = (
				02135F8B24AA1B5400E33BF1 /* HexEncodingSpec.swift in Sources */,
				02FA9B01249E2D7A003CCBB4 /* RandomSpec.swift in Sources */,
				02135FB224AB39CE00E33BF1 /* LoadSaveStateSpec.swift in Sources */,
				02BFF08324A9E72E007EFEAB /* AppDelegate.swift in Sources */,
				022D52BC24A61A94004BB348 /* Generators.swift in Sources */,
				02135F9724AA7FCC00E33BF1 /* HistoryStateSpec.swift in Sources */,
				02135F9124AA2D2300E33BF1 /* UpdateHistoryOnCheckoutMiddlewareSpec.swift in Sources */,
				02E2E52324A0E490009F2D1B /* FunctionalProgrammingSpec.swift in Sources */,
				02135FBD24AB78CC00E33BF1 /* Prism.generated.swift in Sources */,
				02135FB424AB68B400E33BF1 /* LoggerMiddlewareSpec.swift in Sources */,
				027ED00524ABB34B0090360B /* ArbitraryEnum.generated.swift in Sources */,
				02135F8F24AA1FCC00E33BF1 /* CheckedInSpaceSpec.swift in Sources */,
				022D52BA24A60CCC004BB348 /* HistoryItemSpec.swift in Sources */,
				02574CE824A75DCF0027F85E /* ZwaaiReducerSpec.swift in Sources */,
				02135F9924AA83BC00E33BF1 /* HistoryReducerSpec.swift in Sources */,
				02135F9B24AAFD2E00E33BF1 /* HistoryViewModelSpec.swift in Sources */,
				02135F9D24AB07CD00E33BF1 /* AuthenticateMiddlewareSpec.swift in Sources */,
				02135F9F24AB12DC00E33BF1 /* DidScanURLMiddlewareSpec.swift in Sources */,
				02135FAE24AB332800E33BF1 /* CaptureDispatchesMiddleware.swift in Sources */,
				027D1A9924ADB51100089D27 /* BuildInfoSpec.swift in Sources */,
				02135FA324AB19C900E33BF1 /* SettingsViewModelSpec.swift in Sources */,
				02135FA624AB1C4900E33BF1 /* ResetAppStateReducerSpec.swift in Sources */,
				02135F8724AA075200E33BF1 /* ZwaaiViewModelSpec.swift in Sources */,
				02135FA824AB20C600E33BF1 /* AppErrorSpec.swift in Sources */,
				02135FAB24AB2FE700E33BF1 /* PersistStateMiddlewareSpec.swift in Sources */,
			);
			runOnlyForDeploymentPostprocessing = 0;
		};
/* End PBXSourcesBuildPhase section */

/* Begin PBXTargetDependency section */
		02574CFA24A9BFC50027F85E /* PBXTargetDependency */ = {
			isa = PBXTargetDependency;
			target = 02C1472124926DAC000C08F9 /* Zwaai */;
			targetProxy = 02574CF924A9BFC50027F85E /* PBXContainerItemProxy */;
		};
		02BFF04E24A9DD0C007EFEAB /* PBXTargetDependency */ = {
			isa = PBXTargetDependency;
			target = 02BFF04724A9DD0C007EFEAB /* ZwaaiLogic */;
			targetProxy = 02BFF04D24A9DD0C007EFEAB /* PBXContainerItemProxy */;
		};
		02BFF09024A9E7AF007EFEAB /* PBXTargetDependency */ = {
			isa = PBXTargetDependency;
			target = 02BFF08924A9E7AF007EFEAB /* ZwaaiView */;
			targetProxy = 02BFF08F24A9E7AF007EFEAB /* PBXContainerItemProxy */;
		};
		02BFF0A124A9E7F0007EFEAB /* PBXTargetDependency */ = {
			isa = PBXTargetDependency;
			target = 02BFF08924A9E7AF007EFEAB /* ZwaaiView */;
			targetProxy = 02BFF0A024A9E7F0007EFEAB /* PBXContainerItemProxy */;
		};
		02BFF0CE24A9E9A7007EFEAB /* PBXTargetDependency */ = {
			isa = PBXTargetDependency;
			target = 02BFF04724A9DD0C007EFEAB /* ZwaaiLogic */;
			targetProxy = 02BFF0CD24A9E9A7007EFEAB /* PBXContainerItemProxy */;
		};
		02FA9AF6249E2C46003CCBB4 /* PBXTargetDependency */ = {
			isa = PBXTargetDependency;
			target = 02C1472124926DAC000C08F9 /* Zwaai */;
			targetProxy = 02FA9AF5249E2C46003CCBB4 /* PBXContainerItemProxy */;
		};
/* End PBXTargetDependency section */

/* Begin PBXVariantGroup section */
		02C1473024926DAE000C08F9 /* LaunchScreen.storyboard */ = {
			isa = PBXVariantGroup;
			children = (
				02C1473124926DAE000C08F9 /* Base */,
			);
			name = LaunchScreen.storyboard;
			sourceTree = "<group>";
		};
/* End PBXVariantGroup section */

/* Begin XCBuildConfiguration section */
		02574CFB24A9BFC50027F85E /* Debug */ = {
			isa = XCBuildConfiguration;
			buildSettings = {
				CODE_SIGN_STYLE = Automatic;
				DEVELOPMENT_TEAM = 38HP5T8ATC;
				INFOPLIST_FILE = ZwaaiUITests/Info.plist;
				IPHONEOS_DEPLOYMENT_TARGET = 13.5;
				LD_RUNPATH_SEARCH_PATHS = (
					"$(inherited)",
					"@executable_path/Frameworks",
					"@loader_path/Frameworks",
				);
				PRODUCT_BUNDLE_IDENTIFIER = app.zwaai.ZwaaiUITests;
				PRODUCT_NAME = "$(TARGET_NAME)";
				SWIFT_VERSION = 5.0;
				TARGETED_DEVICE_FAMILY = "1,2";
				TEST_TARGET_NAME = Zwaai;
			};
			name = Debug;
		};
		02574CFC24A9BFC50027F85E /* Release */ = {
			isa = XCBuildConfiguration;
			buildSettings = {
				CODE_SIGN_STYLE = Automatic;
				DEVELOPMENT_TEAM = 38HP5T8ATC;
				INFOPLIST_FILE = ZwaaiUITests/Info.plist;
				IPHONEOS_DEPLOYMENT_TARGET = 13.5;
				LD_RUNPATH_SEARCH_PATHS = (
					"$(inherited)",
					"@executable_path/Frameworks",
					"@loader_path/Frameworks",
				);
				PRODUCT_BUNDLE_IDENTIFIER = app.zwaai.ZwaaiUITests;
				PRODUCT_NAME = "$(TARGET_NAME)";
				SWIFT_VERSION = 5.0;
				TARGETED_DEVICE_FAMILY = "1,2";
				TEST_TARGET_NAME = Zwaai;
			};
			name = Release;
		};
		02BFF05224A9DD0C007EFEAB /* Debug */ = {
			isa = XCBuildConfiguration;
			buildSettings = {
				CODE_SIGN_STYLE = Automatic;
				CURRENT_PROJECT_VERSION = 1;
				DEFINES_MODULE = YES;
				DEVELOPMENT_TEAM = 7EQ9KX3BR9;
				DYLIB_COMPATIBILITY_VERSION = 1;
				DYLIB_CURRENT_VERSION = 1;
				DYLIB_INSTALL_NAME_BASE = "@rpath";
				INFOPLIST_FILE = ZwaaiLogic/Info.plist;
				INSTALL_PATH = "$(LOCAL_LIBRARY_DIR)/Frameworks";
				LD_RUNPATH_SEARCH_PATHS = (
					"$(inherited)",
					"@executable_path/Frameworks",
					"@loader_path/Frameworks",
				);
				PRODUCT_BUNDLE_IDENTIFIER = app.zwaai.ZwaaiLogic;
				PRODUCT_NAME = "$(TARGET_NAME:c99extidentifier)";
				SKIP_INSTALL = YES;
				SWIFT_VERSION = 5.0;
				TARGETED_DEVICE_FAMILY = "1,2";
				VERSIONING_SYSTEM = "apple-generic";
				VERSION_INFO_PREFIX = "";
			};
			name = Debug;
		};
		02BFF05324A9DD0C007EFEAB /* Release */ = {
			isa = XCBuildConfiguration;
			buildSettings = {
				CODE_SIGN_STYLE = Automatic;
				CURRENT_PROJECT_VERSION = 1;
				DEFINES_MODULE = YES;
				DEVELOPMENT_TEAM = 7EQ9KX3BR9;
				DYLIB_COMPATIBILITY_VERSION = 1;
				DYLIB_CURRENT_VERSION = 1;
				DYLIB_INSTALL_NAME_BASE = "@rpath";
				INFOPLIST_FILE = ZwaaiLogic/Info.plist;
				INSTALL_PATH = "$(LOCAL_LIBRARY_DIR)/Frameworks";
				LD_RUNPATH_SEARCH_PATHS = (
					"$(inherited)",
					"@executable_path/Frameworks",
					"@loader_path/Frameworks",
				);
				PRODUCT_BUNDLE_IDENTIFIER = app.zwaai.ZwaaiLogic;
				PRODUCT_NAME = "$(TARGET_NAME:c99extidentifier)";
				SKIP_INSTALL = YES;
				SWIFT_VERSION = 5.0;
				TARGETED_DEVICE_FAMILY = "1,2";
				VERSIONING_SYSTEM = "apple-generic";
				VERSION_INFO_PREFIX = "";
			};
			name = Release;
		};
		02BFF09424A9E7AF007EFEAB /* Debug */ = {
			isa = XCBuildConfiguration;
			buildSettings = {
				CODE_SIGN_STYLE = Automatic;
				CURRENT_PROJECT_VERSION = 1;
				DEFINES_MODULE = YES;
				DEVELOPMENT_TEAM = 7EQ9KX3BR9;
				DYLIB_COMPATIBILITY_VERSION = 1;
				DYLIB_CURRENT_VERSION = 1;
				DYLIB_INSTALL_NAME_BASE = "@rpath";
				INFOPLIST_FILE = ZwaaiView/Info.plist;
				INSTALL_PATH = "$(LOCAL_LIBRARY_DIR)/Frameworks";
				LD_RUNPATH_SEARCH_PATHS = (
					"$(inherited)",
					"@executable_path/Frameworks",
					"@loader_path/Frameworks",
				);
				PRODUCT_BUNDLE_IDENTIFIER = app.zwaai.ZwaaiView;
				PRODUCT_NAME = "$(TARGET_NAME:c99extidentifier)";
				SKIP_INSTALL = YES;
				SWIFT_VERSION = 5.0;
				TARGETED_DEVICE_FAMILY = "1,2";
				VERSIONING_SYSTEM = "apple-generic";
				VERSION_INFO_PREFIX = "";
			};
			name = Debug;
		};
		02BFF09524A9E7AF007EFEAB /* Release */ = {
			isa = XCBuildConfiguration;
			buildSettings = {
				CODE_SIGN_STYLE = Automatic;
				CURRENT_PROJECT_VERSION = 1;
				DEFINES_MODULE = YES;
				DEVELOPMENT_TEAM = 7EQ9KX3BR9;
				DYLIB_COMPATIBILITY_VERSION = 1;
				DYLIB_CURRENT_VERSION = 1;
				DYLIB_INSTALL_NAME_BASE = "@rpath";
				INFOPLIST_FILE = ZwaaiView/Info.plist;
				INSTALL_PATH = "$(LOCAL_LIBRARY_DIR)/Frameworks";
				LD_RUNPATH_SEARCH_PATHS = (
					"$(inherited)",
					"@executable_path/Frameworks",
					"@loader_path/Frameworks",
				);
				PRODUCT_BUNDLE_IDENTIFIER = app.zwaai.ZwaaiView;
				PRODUCT_NAME = "$(TARGET_NAME:c99extidentifier)";
				SKIP_INSTALL = YES;
				SWIFT_VERSION = 5.0;
				TARGETED_DEVICE_FAMILY = "1,2";
				VERSIONING_SYSTEM = "apple-generic";
				VERSION_INFO_PREFIX = "";
			};
			name = Release;
		};
		02BFF0A324A9E7F0007EFEAB /* Debug */ = {
			isa = XCBuildConfiguration;
			buildSettings = {
				ALWAYS_EMBED_SWIFT_STANDARD_LIBRARIES = YES;
				CODE_SIGN_STYLE = Automatic;
				DEVELOPMENT_TEAM = 38HP5T8ATC;
				INFOPLIST_FILE = ZwaaiViewTests/Info.plist;
				IPHONEOS_DEPLOYMENT_TARGET = 13.5;
				LD_RUNPATH_SEARCH_PATHS = (
					"$(inherited)",
					"@executable_path/Frameworks",
					"@loader_path/Frameworks",
				);
				PRODUCT_BUNDLE_IDENTIFIER = app.zwaai.ZwaaiViewTests;
				PRODUCT_NAME = "$(TARGET_NAME)";
				SWIFT_VERSION = 5.0;
				TARGETED_DEVICE_FAMILY = "1,2";
			};
			name = Debug;
		};
		02BFF0A424A9E7F0007EFEAB /* Release */ = {
			isa = XCBuildConfiguration;
			buildSettings = {
				ALWAYS_EMBED_SWIFT_STANDARD_LIBRARIES = YES;
				CODE_SIGN_STYLE = Automatic;
				DEVELOPMENT_TEAM = 38HP5T8ATC;
				INFOPLIST_FILE = ZwaaiViewTests/Info.plist;
				IPHONEOS_DEPLOYMENT_TARGET = 13.5;
				LD_RUNPATH_SEARCH_PATHS = (
					"$(inherited)",
					"@executable_path/Frameworks",
					"@loader_path/Frameworks",
				);
				PRODUCT_BUNDLE_IDENTIFIER = app.zwaai.ZwaaiViewTests;
				PRODUCT_NAME = "$(TARGET_NAME)";
				SWIFT_VERSION = 5.0;
				TARGETED_DEVICE_FAMILY = "1,2";
			};
			name = Release;
		};
		02C1473424926DAE000C08F9 /* Debug */ = {
			isa = XCBuildConfiguration;
			buildSettings = {
				ALWAYS_SEARCH_USER_PATHS = NO;
				CLANG_ANALYZER_NONNULL = YES;
				CLANG_ANALYZER_NUMBER_OBJECT_CONVERSION = YES_AGGRESSIVE;
				CLANG_CXX_LANGUAGE_STANDARD = "gnu++14";
				CLANG_CXX_LIBRARY = "libc++";
				CLANG_ENABLE_MODULES = YES;
				CLANG_ENABLE_OBJC_ARC = YES;
				CLANG_ENABLE_OBJC_WEAK = YES;
				CLANG_WARN_BLOCK_CAPTURE_AUTORELEASING = YES;
				CLANG_WARN_BOOL_CONVERSION = YES;
				CLANG_WARN_COMMA = YES;
				CLANG_WARN_CONSTANT_CONVERSION = YES;
				CLANG_WARN_DEPRECATED_OBJC_IMPLEMENTATIONS = YES;
				CLANG_WARN_DIRECT_OBJC_ISA_USAGE = YES_ERROR;
				CLANG_WARN_DOCUMENTATION_COMMENTS = YES;
				CLANG_WARN_EMPTY_BODY = YES;
				CLANG_WARN_ENUM_CONVERSION = YES;
				CLANG_WARN_INFINITE_RECURSION = YES;
				CLANG_WARN_INT_CONVERSION = YES;
				CLANG_WARN_NON_LITERAL_NULL_CONVERSION = YES;
				CLANG_WARN_OBJC_IMPLICIT_RETAIN_SELF = YES;
				CLANG_WARN_OBJC_LITERAL_CONVERSION = YES;
				CLANG_WARN_OBJC_ROOT_CLASS = YES_ERROR;
				CLANG_WARN_RANGE_LOOP_ANALYSIS = YES;
				CLANG_WARN_STRICT_PROTOTYPES = YES;
				CLANG_WARN_SUSPICIOUS_MOVE = YES;
				CLANG_WARN_UNGUARDED_AVAILABILITY = YES_AGGRESSIVE;
				CLANG_WARN_UNREACHABLE_CODE = YES;
				CLANG_WARN__DUPLICATE_METHOD_MATCH = YES;
				COPY_PHASE_STRIP = NO;
				DEBUG_INFORMATION_FORMAT = dwarf;
				ENABLE_STRICT_OBJC_MSGSEND = YES;
				ENABLE_TESTABILITY = YES;
				GCC_C_LANGUAGE_STANDARD = gnu11;
				GCC_DYNAMIC_NO_PIC = NO;
				GCC_NO_COMMON_BLOCKS = YES;
				GCC_OPTIMIZATION_LEVEL = 0;
				GCC_PREPROCESSOR_DEFINITIONS = (
					"DEBUG=1",
					"$(inherited)",
				);
				GCC_WARN_64_TO_32_BIT_CONVERSION = YES;
				GCC_WARN_ABOUT_RETURN_TYPE = YES_ERROR;
				GCC_WARN_UNDECLARED_SELECTOR = YES;
				GCC_WARN_UNINITIALIZED_AUTOS = YES_AGGRESSIVE;
				GCC_WARN_UNUSED_FUNCTION = YES;
				GCC_WARN_UNUSED_VARIABLE = YES;
				IPHONEOS_DEPLOYMENT_TARGET = 13.0;
				MTL_ENABLE_DEBUG_INFO = INCLUDE_SOURCE;
				MTL_FAST_MATH = YES;
				ONLY_ACTIVE_ARCH = YES;
				RUN_CLANG_STATIC_ANALYZER = YES;
				SDKROOT = iphoneos;
				SWIFT_ACTIVE_COMPILATION_CONDITIONS = DEBUG;
				SWIFT_OPTIMIZATION_LEVEL = "-Onone";
			};
			name = Debug;
		};
		02C1473524926DAE000C08F9 /* Release */ = {
			isa = XCBuildConfiguration;
			buildSettings = {
				ALWAYS_SEARCH_USER_PATHS = NO;
				CLANG_ANALYZER_NONNULL = YES;
				CLANG_ANALYZER_NUMBER_OBJECT_CONVERSION = YES_AGGRESSIVE;
				CLANG_CXX_LANGUAGE_STANDARD = "gnu++14";
				CLANG_CXX_LIBRARY = "libc++";
				CLANG_ENABLE_MODULES = YES;
				CLANG_ENABLE_OBJC_ARC = YES;
				CLANG_ENABLE_OBJC_WEAK = YES;
				CLANG_WARN_BLOCK_CAPTURE_AUTORELEASING = YES;
				CLANG_WARN_BOOL_CONVERSION = YES;
				CLANG_WARN_COMMA = YES;
				CLANG_WARN_CONSTANT_CONVERSION = YES;
				CLANG_WARN_DEPRECATED_OBJC_IMPLEMENTATIONS = YES;
				CLANG_WARN_DIRECT_OBJC_ISA_USAGE = YES_ERROR;
				CLANG_WARN_DOCUMENTATION_COMMENTS = YES;
				CLANG_WARN_EMPTY_BODY = YES;
				CLANG_WARN_ENUM_CONVERSION = YES;
				CLANG_WARN_INFINITE_RECURSION = YES;
				CLANG_WARN_INT_CONVERSION = YES;
				CLANG_WARN_NON_LITERAL_NULL_CONVERSION = YES;
				CLANG_WARN_OBJC_IMPLICIT_RETAIN_SELF = YES;
				CLANG_WARN_OBJC_LITERAL_CONVERSION = YES;
				CLANG_WARN_OBJC_ROOT_CLASS = YES_ERROR;
				CLANG_WARN_RANGE_LOOP_ANALYSIS = YES;
				CLANG_WARN_STRICT_PROTOTYPES = YES;
				CLANG_WARN_SUSPICIOUS_MOVE = YES;
				CLANG_WARN_UNGUARDED_AVAILABILITY = YES_AGGRESSIVE;
				CLANG_WARN_UNREACHABLE_CODE = YES;
				CLANG_WARN__DUPLICATE_METHOD_MATCH = YES;
				COPY_PHASE_STRIP = NO;
				DEBUG_INFORMATION_FORMAT = "dwarf-with-dsym";
				ENABLE_NS_ASSERTIONS = NO;
				ENABLE_STRICT_OBJC_MSGSEND = YES;
				GCC_C_LANGUAGE_STANDARD = gnu11;
				GCC_NO_COMMON_BLOCKS = YES;
				GCC_WARN_64_TO_32_BIT_CONVERSION = YES;
				GCC_WARN_ABOUT_RETURN_TYPE = YES_ERROR;
				GCC_WARN_UNDECLARED_SELECTOR = YES;
				GCC_WARN_UNINITIALIZED_AUTOS = YES_AGGRESSIVE;
				GCC_WARN_UNUSED_FUNCTION = YES;
				GCC_WARN_UNUSED_VARIABLE = YES;
				IPHONEOS_DEPLOYMENT_TARGET = 13.0;
				MTL_ENABLE_DEBUG_INFO = NO;
				MTL_FAST_MATH = YES;
				RUN_CLANG_STATIC_ANALYZER = YES;
				SDKROOT = iphoneos;
				SWIFT_COMPILATION_MODE = wholemodule;
				SWIFT_OPTIMIZATION_LEVEL = "-O";
				VALIDATE_PRODUCT = YES;
			};
			name = Release;
		};
		02C1473724926DAE000C08F9 /* Debug */ = {
			isa = XCBuildConfiguration;
			buildSettings = {
				ALWAYS_EMBED_SWIFT_STANDARD_LIBRARIES = YES;
				ASSETCATALOG_COMPILER_APPICON_NAME = AppIcon;
				CODE_SIGN_STYLE = Automatic;
				DEVELOPMENT_ASSET_PATHS = "\"Zwaai/Preview Content\"";
				DEVELOPMENT_TEAM = 7EQ9KX3BR9;
				ENABLE_PREVIEWS = YES;
				INFOPLIST_FILE = Zwaai/Info.plist;
				LD_RUNPATH_SEARCH_PATHS = (
					"$(inherited)",
					"@executable_path/Frameworks",
				);
				PRODUCT_BUNDLE_IDENTIFIER = app.zwaai.Zwaai;
				PRODUCT_NAME = "$(TARGET_NAME)";
				SWIFT_VERSION = 5.0;
				TARGETED_DEVICE_FAMILY = 1;
			};
			name = Debug;
		};
		02C1473824926DAE000C08F9 /* Release */ = {
			isa = XCBuildConfiguration;
			buildSettings = {
				ALWAYS_EMBED_SWIFT_STANDARD_LIBRARIES = YES;
				ASSETCATALOG_COMPILER_APPICON_NAME = AppIcon;
				CODE_SIGN_STYLE = Automatic;
				DEVELOPMENT_ASSET_PATHS = "\"Zwaai/Preview Content\"";
				DEVELOPMENT_TEAM = 7EQ9KX3BR9;
				ENABLE_PREVIEWS = YES;
				INFOPLIST_FILE = Zwaai/Info.plist;
				LD_RUNPATH_SEARCH_PATHS = (
					"$(inherited)",
					"@executable_path/Frameworks",
				);
				PRODUCT_BUNDLE_IDENTIFIER = app.zwaai.Zwaai;
				PRODUCT_NAME = "$(TARGET_NAME)";
				SWIFT_VERSION = 5.0;
				TARGETED_DEVICE_FAMILY = 1;
			};
			name = Release;
		};
		02FA9AF8249E2C46003CCBB4 /* Debug */ = {
			isa = XCBuildConfiguration;
			buildSettings = {
				CLANG_ENABLE_MODULES = YES;
				CODE_SIGN_STYLE = Automatic;
				DEVELOPMENT_TEAM = 38HP5T8ATC;
				INFOPLIST_FILE = ZwaaiLogicTests/Info.plist;
				IPHONEOS_DEPLOYMENT_TARGET = 13.5;
				LD_RUNPATH_SEARCH_PATHS = (
					"$(inherited)",
					"@executable_path/Frameworks",
					"@loader_path/Frameworks",
				);
				PRODUCT_BUNDLE_IDENTIFIER = app.zwaai.ZwaaiLogicTests;
				PRODUCT_NAME = "$(TARGET_NAME)";
				SWIFT_OPTIMIZATION_LEVEL = "-Onone";
				SWIFT_VERSION = 5.0;
				TARGETED_DEVICE_FAMILY = "1,2";
			};
			name = Debug;
		};
		02FA9AF9249E2C46003CCBB4 /* Release */ = {
			isa = XCBuildConfiguration;
			buildSettings = {
				CLANG_ENABLE_MODULES = YES;
				CODE_SIGN_STYLE = Automatic;
				DEVELOPMENT_TEAM = 38HP5T8ATC;
				INFOPLIST_FILE = ZwaaiLogicTests/Info.plist;
				IPHONEOS_DEPLOYMENT_TARGET = 13.5;
				LD_RUNPATH_SEARCH_PATHS = (
					"$(inherited)",
					"@executable_path/Frameworks",
					"@loader_path/Frameworks",
				);
				PRODUCT_BUNDLE_IDENTIFIER = app.zwaai.ZwaaiLogicTests;
				PRODUCT_NAME = "$(TARGET_NAME)";
				SWIFT_VERSION = 5.0;
				TARGETED_DEVICE_FAMILY = "1,2";
			};
			name = Release;
		};
/* End XCBuildConfiguration section */

/* Begin XCConfigurationList section */
		02574CFD24A9BFC50027F85E /* Build configuration list for PBXNativeTarget "ZwaaiUITests" */ = {
			isa = XCConfigurationList;
			buildConfigurations = (
				02574CFB24A9BFC50027F85E /* Debug */,
				02574CFC24A9BFC50027F85E /* Release */,
			);
			defaultConfigurationIsVisible = 0;
			defaultConfigurationName = Release;
		};
		02BFF05124A9DD0C007EFEAB /* Build configuration list for PBXNativeTarget "ZwaaiLogic" */ = {
			isa = XCConfigurationList;
			buildConfigurations = (
				02BFF05224A9DD0C007EFEAB /* Debug */,
				02BFF05324A9DD0C007EFEAB /* Release */,
			);
			defaultConfigurationIsVisible = 0;
			defaultConfigurationName = Release;
		};
		02BFF09324A9E7AF007EFEAB /* Build configuration list for PBXNativeTarget "ZwaaiView" */ = {
			isa = XCConfigurationList;
			buildConfigurations = (
				02BFF09424A9E7AF007EFEAB /* Debug */,
				02BFF09524A9E7AF007EFEAB /* Release */,
			);
			defaultConfigurationIsVisible = 0;
			defaultConfigurationName = Release;
		};
		02BFF0A224A9E7F0007EFEAB /* Build configuration list for PBXNativeTarget "ZwaaiViewTests" */ = {
			isa = XCConfigurationList;
			buildConfigurations = (
				02BFF0A324A9E7F0007EFEAB /* Debug */,
				02BFF0A424A9E7F0007EFEAB /* Release */,
			);
			defaultConfigurationIsVisible = 0;
			defaultConfigurationName = Release;
		};
		02C1471D24926DAC000C08F9 /* Build configuration list for PBXProject "Zwaai" */ = {
			isa = XCConfigurationList;
			buildConfigurations = (
				02C1473424926DAE000C08F9 /* Debug */,
				02C1473524926DAE000C08F9 /* Release */,
			);
			defaultConfigurationIsVisible = 0;
			defaultConfigurationName = Release;
		};
		02C1473624926DAE000C08F9 /* Build configuration list for PBXNativeTarget "Zwaai" */ = {
			isa = XCConfigurationList;
			buildConfigurations = (
				02C1473724926DAE000C08F9 /* Debug */,
				02C1473824926DAE000C08F9 /* Release */,
			);
			defaultConfigurationIsVisible = 0;
			defaultConfigurationName = Release;
		};
		02FA9AF7249E2C46003CCBB4 /* Build configuration list for PBXNativeTarget "ZwaaiLogicTests" */ = {
			isa = XCConfigurationList;
			buildConfigurations = (
				02FA9AF8249E2C46003CCBB4 /* Debug */,
				02FA9AF9249E2C46003CCBB4 /* Release */,
			);
			defaultConfigurationIsVisible = 0;
			defaultConfigurationName = Release;
		};
/* End XCConfigurationList section */

/* Begin XCRemoteSwiftPackageReference section */
		02574CEB24A765F10027F85E /* XCRemoteSwiftPackageReference "ViewInspector" */ = {
			isa = XCRemoteSwiftPackageReference;
			repositoryURL = "https://github.com/nalexn/ViewInspector.git";
			requirement = {
				kind = upToNextMajorVersion;
				minimumVersion = 0.0.0;
			};
		};
		02FA9AFA249E2CDE003CCBB4 /* XCRemoteSwiftPackageReference "Quick" */ = {
			isa = XCRemoteSwiftPackageReference;
			repositoryURL = "https://github.com/Quick/Quick.git";
			requirement = {
				kind = upToNextMajorVersion;
				minimumVersion = 3.0.0;
			};
		};
		02FA9AFD249E2D37003CCBB4 /* XCRemoteSwiftPackageReference "Nimble" */ = {
			isa = XCRemoteSwiftPackageReference;
			repositoryURL = "https://github.com/Quick/Nimble.git";
			requirement = {
				kind = upToNextMajorVersion;
				minimumVersion = 8.0.0;
			};
		};
		02FA9B02249E3050003CCBB4 /* XCRemoteSwiftPackageReference "SwiftCheck" */ = {
			isa = XCRemoteSwiftPackageReference;
			repositoryURL = "https://github.com/typelift/SwiftCheck.git";
			requirement = {
				branch = master;
				kind = branch;
			};
		};
		02FBEA9E24980F0300295212 /* XCRemoteSwiftPackageReference "SwiftRex" */ = {
			isa = XCRemoteSwiftPackageReference;
			repositoryURL = "https://github.com/SwiftRex/SwiftRex.git";
			requirement = {
				kind = upToNextMajorVersion;
				minimumVersion = 0.7.0;
			};
		};
		02FBEAA124980FC900295212 /* XCRemoteSwiftPackageReference "QRCodeReader.swift" */ = {
			isa = XCRemoteSwiftPackageReference;
			repositoryURL = "https://github.com/yannickl/QRCodeReader.swift.git";
			requirement = {
				kind = upToNextMajorVersion;
				minimumVersion = 10.0.0;
			};
		};
/* End XCRemoteSwiftPackageReference section */

/* Begin XCSwiftPackageProductDependency section */
		02574CFE24A9C09D0027F85E /* Nimble */ = {
			isa = XCSwiftPackageProductDependency;
			package = 02FA9AFD249E2D37003CCBB4 /* XCRemoteSwiftPackageReference "Nimble" */;
			productName = Nimble;
		};
		02BFF07724A9DEDD007EFEAB /* CombineRex */ = {
			isa = XCSwiftPackageProductDependency;
			package = 02FBEA9E24980F0300295212 /* XCRemoteSwiftPackageReference "SwiftRex" */;
			productName = CombineRex;
		};
		02BFF0D024A9E9C4007EFEAB /* Quick */ = {
			isa = XCSwiftPackageProductDependency;
			package = 02FA9AFA249E2CDE003CCBB4 /* XCRemoteSwiftPackageReference "Quick" */;
			productName = Quick;
		};
		02BFF0D224A9E9C4007EFEAB /* Nimble */ = {
			isa = XCSwiftPackageProductDependency;
			package = 02FA9AFD249E2D37003CCBB4 /* XCRemoteSwiftPackageReference "Nimble" */;
			productName = Nimble;
		};
		02BFF0D624A9E9E8007EFEAB /* ViewInspector */ = {
			isa = XCSwiftPackageProductDependency;
			package = 02574CEB24A765F10027F85E /* XCRemoteSwiftPackageReference "ViewInspector" */;
			productName = ViewInspector;
		};
		02BFF0D824A9EA2C007EFEAB /* QRCodeReader */ = {
			isa = XCSwiftPackageProductDependency;
			package = 02FBEAA124980FC900295212 /* XCRemoteSwiftPackageReference "QRCodeReader.swift" */;
			productName = QRCodeReader;
		};
		02FA9AFB249E2CDE003CCBB4 /* Quick */ = {
			isa = XCSwiftPackageProductDependency;
			package = 02FA9AFA249E2CDE003CCBB4 /* XCRemoteSwiftPackageReference "Quick" */;
			productName = Quick;
		};
		02FA9AFE249E2D37003CCBB4 /* Nimble */ = {
			isa = XCSwiftPackageProductDependency;
			package = 02FA9AFD249E2D37003CCBB4 /* XCRemoteSwiftPackageReference "Nimble" */;
			productName = Nimble;
		};
		02FA9B03249E3050003CCBB4 /* SwiftCheck */ = {
			isa = XCSwiftPackageProductDependency;
			package = 02FA9B02249E3050003CCBB4 /* XCRemoteSwiftPackageReference "SwiftCheck" */;
			productName = SwiftCheck;
		};
/* End XCSwiftPackageProductDependency section */
	};
	rootObject = 02C1471A24926DAC000C08F9 /* Project object */;
}
