// !$*UTF8*$!
{
	archiveVersion = 1;
	classes = {
	};
	objectVersion = 52;
	objects = {

/* Begin PBXBuildFile section */
		0206C363249B6BBD009DE1EC /* Main.storyboard in Resources */ = {isa = PBXBuildFile; fileRef = 0206C362249B6BBD009DE1EC /* Main.storyboard */; };
		0206C385249B72AA009DE1EC /* ZwaaiHost.swift in Sources */ = {isa = PBXBuildFile; fileRef = 0206C384249B72AA009DE1EC /* ZwaaiHost.swift */; };
		0206C387249BA263009DE1EC /* HistoryHost.swift in Sources */ = {isa = PBXBuildFile; fileRef = 0206C386249BA263009DE1EC /* HistoryHost.swift */; };
		0227555E249275BD00F66505 /* ZwaaiTab.swift in Sources */ = {isa = PBXBuildFile; fileRef = 0227555D249275BD00F66505 /* ZwaaiTab.swift */; };
		02275560249275DC00F66505 /* HistoryTab.swift in Sources */ = {isa = PBXBuildFile; fileRef = 0227555F249275DC00F66505 /* HistoryTab.swift */; };
		026315D6249C93F400B4F175 /* Colors.swift in Sources */ = {isa = PBXBuildFile; fileRef = 026315D5249C93F400B4F175 /* Colors.swift */; };
		02C1472624926DAC000C08F9 /* AppDelegate.swift in Sources */ = {isa = PBXBuildFile; fileRef = 02C1472524926DAC000C08F9 /* AppDelegate.swift */; };
		02C1472824926DAC000C08F9 /* SceneDelegate.swift in Sources */ = {isa = PBXBuildFile; fileRef = 02C1472724926DAC000C08F9 /* SceneDelegate.swift */; };
		02C1472C24926DAE000C08F9 /* Assets.xcassets in Resources */ = {isa = PBXBuildFile; fileRef = 02C1472B24926DAE000C08F9 /* Assets.xcassets */; };
		02C1472F24926DAE000C08F9 /* Preview Assets.xcassets in Resources */ = {isa = PBXBuildFile; fileRef = 02C1472E24926DAE000C08F9 /* Preview Assets.xcassets */; };
		02C1473224926DAE000C08F9 /* LaunchScreen.storyboard in Resources */ = {isa = PBXBuildFile; fileRef = 02C1473024926DAE000C08F9 /* LaunchScreen.storyboard */; };
		02C7784A2497657E0013EE05 /* AppState.swift in Sources */ = {isa = PBXBuildFile; fileRef = 02C778492497657E0013EE05 /* AppState.swift */; };
		02C7784D249765EF0013EE05 /* HistoryState.swift in Sources */ = {isa = PBXBuildFile; fileRef = 02C7784C249765EF0013EE05 /* HistoryState.swift */; };
		02C7784F249766550013EE05 /* HistoryItem.swift in Sources */ = {isa = PBXBuildFile; fileRef = 02C7784E249766550013EE05 /* HistoryItem.swift */; };
		02C77851249767940013EE05 /* HistoryActions.swift in Sources */ = {isa = PBXBuildFile; fileRef = 02C77850249767940013EE05 /* HistoryActions.swift */; };
		02C77853249767A70013EE05 /* AppActions.swift in Sources */ = {isa = PBXBuildFile; fileRef = 02C77852249767A70013EE05 /* AppActions.swift */; };
		02C778552497681A0013EE05 /* HistoryReducer.swift in Sources */ = {isa = PBXBuildFile; fileRef = 02C778542497681A0013EE05 /* HistoryReducer.swift */; };
		02C77857249768B90013EE05 /* AppStore.swift in Sources */ = {isa = PBXBuildFile; fileRef = 02C77856249768B90013EE05 /* AppStore.swift */; };
		02C778592497697E0013EE05 /* AppReducer.swift in Sources */ = {isa = PBXBuildFile; fileRef = 02C778582497697E0013EE05 /* AppReducer.swift */; };
		02C7785B2497B9060013EE05 /* AuthenticateMiddleware.swift in Sources */ = {isa = PBXBuildFile; fileRef = 02C7785A2497B9060013EE05 /* AuthenticateMiddleware.swift */; };
		02C7785D2497BA500013EE05 /* AppMiddleware.swift in Sources */ = {isa = PBXBuildFile; fileRef = 02C7785C2497BA500013EE05 /* AppMiddleware.swift */; };
		02FBEAA024980F0300295212 /* CombineRex in Frameworks */ = {isa = PBXBuildFile; productRef = 02FBEA9F24980F0300295212 /* CombineRex */; };
		02FBEAA324980FC900295212 /* QRCodeReader in Frameworks */ = {isa = PBXBuildFile; productRef = 02FBEAA224980FC900295212 /* QRCodeReader */; };
		02FBEACC2498BE2600295212 /* 180048__unfa__sneeze.wav in Resources */ = {isa = PBXBuildFile; fileRef = 02FBEACB2498BE2600295212 /* 180048__unfa__sneeze.wav */; };
		02FBEACF2498BE9900295212 /* AudioFeedback.swift in Sources */ = {isa = PBXBuildFile; fileRef = 02FBEACE2498BE9900295212 /* AudioFeedback.swift */; };
		02FBEAD22498C26200295212 /* ZwaaiScanner.swift in Sources */ = {isa = PBXBuildFile; fileRef = 02FBEAD12498C26200295212 /* ZwaaiScanner.swift */; };
/* End PBXBuildFile section */

/* Begin PBXFileReference section */
		0206C362249B6BBD009DE1EC /* Main.storyboard */ = {isa = PBXFileReference; lastKnownFileType = file.storyboard; path = Main.storyboard; sourceTree = "<group>"; };
		0206C384249B72AA009DE1EC /* ZwaaiHost.swift */ = {isa = PBXFileReference; lastKnownFileType = sourcecode.swift; path = ZwaaiHost.swift; sourceTree = "<group>"; };
		0206C386249BA263009DE1EC /* HistoryHost.swift */ = {isa = PBXFileReference; lastKnownFileType = sourcecode.swift; path = HistoryHost.swift; sourceTree = "<group>"; };
		0227555D249275BD00F66505 /* ZwaaiTab.swift */ = {isa = PBXFileReference; lastKnownFileType = sourcecode.swift; path = ZwaaiTab.swift; sourceTree = "<group>"; };
		0227555F249275DC00F66505 /* HistoryTab.swift */ = {isa = PBXFileReference; lastKnownFileType = sourcecode.swift; path = HistoryTab.swift; sourceTree = "<group>"; };
		026315D5249C93F400B4F175 /* Colors.swift */ = {isa = PBXFileReference; lastKnownFileType = sourcecode.swift; path = Colors.swift; sourceTree = "<group>"; };
		02C1472224926DAC000C08F9 /* Zwaai.app */ = {isa = PBXFileReference; explicitFileType = wrapper.application; includeInIndex = 0; path = Zwaai.app; sourceTree = BUILT_PRODUCTS_DIR; };
		02C1472524926DAC000C08F9 /* AppDelegate.swift */ = {isa = PBXFileReference; lastKnownFileType = sourcecode.swift; path = AppDelegate.swift; sourceTree = "<group>"; };
		02C1472724926DAC000C08F9 /* SceneDelegate.swift */ = {isa = PBXFileReference; lastKnownFileType = sourcecode.swift; path = SceneDelegate.swift; sourceTree = "<group>"; };
		02C1472B24926DAE000C08F9 /* Assets.xcassets */ = {isa = PBXFileReference; lastKnownFileType = folder.assetcatalog; path = Assets.xcassets; sourceTree = "<group>"; };
		02C1472E24926DAE000C08F9 /* Preview Assets.xcassets */ = {isa = PBXFileReference; lastKnownFileType = folder.assetcatalog; path = "Preview Assets.xcassets"; sourceTree = "<group>"; };
		02C1473124926DAE000C08F9 /* Base */ = {isa = PBXFileReference; lastKnownFileType = file.storyboard; name = Base; path = Base.lproj/LaunchScreen.storyboard; sourceTree = "<group>"; };
		02C1473324926DAE000C08F9 /* Info.plist */ = {isa = PBXFileReference; lastKnownFileType = text.plist.xml; path = Info.plist; sourceTree = "<group>"; };
		02C778492497657E0013EE05 /* AppState.swift */ = {isa = PBXFileReference; lastKnownFileType = sourcecode.swift; path = AppState.swift; sourceTree = "<group>"; };
		02C7784C249765EF0013EE05 /* HistoryState.swift */ = {isa = PBXFileReference; lastKnownFileType = sourcecode.swift; path = HistoryState.swift; sourceTree = "<group>"; };
		02C7784E249766550013EE05 /* HistoryItem.swift */ = {isa = PBXFileReference; lastKnownFileType = sourcecode.swift; path = HistoryItem.swift; sourceTree = "<group>"; };
		02C77850249767940013EE05 /* HistoryActions.swift */ = {isa = PBXFileReference; lastKnownFileType = sourcecode.swift; path = HistoryActions.swift; sourceTree = "<group>"; };
		02C77852249767A70013EE05 /* AppActions.swift */ = {isa = PBXFileReference; lastKnownFileType = sourcecode.swift; path = AppActions.swift; sourceTree = "<group>"; };
		02C778542497681A0013EE05 /* HistoryReducer.swift */ = {isa = PBXFileReference; lastKnownFileType = sourcecode.swift; path = HistoryReducer.swift; sourceTree = "<group>"; };
		02C77856249768B90013EE05 /* AppStore.swift */ = {isa = PBXFileReference; lastKnownFileType = sourcecode.swift; path = AppStore.swift; sourceTree = "<group>"; };
		02C778582497697E0013EE05 /* AppReducer.swift */ = {isa = PBXFileReference; lastKnownFileType = sourcecode.swift; path = AppReducer.swift; sourceTree = "<group>"; };
		02C7785A2497B9060013EE05 /* AuthenticateMiddleware.swift */ = {isa = PBXFileReference; lastKnownFileType = sourcecode.swift; path = AuthenticateMiddleware.swift; sourceTree = "<group>"; };
		02C7785C2497BA500013EE05 /* AppMiddleware.swift */ = {isa = PBXFileReference; lastKnownFileType = sourcecode.swift; path = AppMiddleware.swift; sourceTree = "<group>"; };
		02FBEACB2498BE2600295212 /* 180048__unfa__sneeze.wav */ = {isa = PBXFileReference; lastKnownFileType = audio.wav; path = 180048__unfa__sneeze.wav; sourceTree = "<group>"; };
		02FBEACD2498BE2D00295212 /* 180048__unfa__sneeze.flac */ = {isa = PBXFileReference; lastKnownFileType = file; path = 180048__unfa__sneeze.flac; sourceTree = "<group>"; };
		02FBEACE2498BE9900295212 /* AudioFeedback.swift */ = {isa = PBXFileReference; fileEncoding = 4; lastKnownFileType = sourcecode.swift; path = AudioFeedback.swift; sourceTree = "<group>"; };
		02FBEAD12498C26200295212 /* ZwaaiScanner.swift */ = {isa = PBXFileReference; lastKnownFileType = sourcecode.swift; path = ZwaaiScanner.swift; sourceTree = "<group>"; };
/* End PBXFileReference section */

/* Begin PBXFrameworksBuildPhase section */
		02C1471F24926DAC000C08F9 /* Frameworks */ = {
			isa = PBXFrameworksBuildPhase;
			buildActionMask = 2147483647;
			files = (
				02FBEAA024980F0300295212 /* CombineRex in Frameworks */,
				02FBEAA324980FC900295212 /* QRCodeReader in Frameworks */,
			);
			runOnlyForDeploymentPostprocessing = 0;
		};
/* End PBXFrameworksBuildPhase section */

/* Begin PBXGroup section */
		02C1471924926DAC000C08F9 = {
			isa = PBXGroup;
			children = (
				02C1472424926DAC000C08F9 /* Zwaai */,
				02C1472324926DAC000C08F9 /* Products */,
			);
			sourceTree = "<group>";
		};
		02C1472324926DAC000C08F9 /* Products */ = {
			isa = PBXGroup;
			children = (
				02C1472224926DAC000C08F9 /* Zwaai.app */,
			);
			name = Products;
			sourceTree = "<group>";
		};
		02C1472424926DAC000C08F9 /* Zwaai */ = {
			isa = PBXGroup;
			children = (
				02FBEAD02498C1F300295212 /* Zwaai tab */,
				02C7784B249765E20013EE05 /* History tab */,
				02C778482497655F0013EE05 /* Redux */,
				02C1472524926DAC000C08F9 /* AppDelegate.swift */,
				02C1472724926DAC000C08F9 /* SceneDelegate.swift */,
				0206C362249B6BBD009DE1EC /* Main.storyboard */,
				02FBEACE2498BE9900295212 /* AudioFeedback.swift */,
				026315D5249C93F400B4F175 /* Colors.swift */,
				02C1472B24926DAE000C08F9 /* Assets.xcassets */,
				02FBEAC72498BC8A00295212 /* Resources */,
				02C1473024926DAE000C08F9 /* LaunchScreen.storyboard */,
				02C1473324926DAE000C08F9 /* Info.plist */,
				02C1472D24926DAE000C08F9 /* Preview Content */,
			);
			path = Zwaai;
			sourceTree = "<group>";
		};
		02C1472D24926DAE000C08F9 /* Preview Content */ = {
			isa = PBXGroup;
			children = (
				02C1472E24926DAE000C08F9 /* Preview Assets.xcassets */,
			);
			path = "Preview Content";
			sourceTree = "<group>";
		};
		02C778482497655F0013EE05 /* Redux */ = {
			isa = PBXGroup;
			children = (
				02C778492497657E0013EE05 /* AppState.swift */,
				02C77852249767A70013EE05 /* AppActions.swift */,
				02C77856249768B90013EE05 /* AppStore.swift */,
				02C778582497697E0013EE05 /* AppReducer.swift */,
				02C7785C2497BA500013EE05 /* AppMiddleware.swift */,
			);
			path = Redux;
			sourceTree = "<group>";
		};
		02C7784B249765E20013EE05 /* History tab */ = {
			isa = PBXGroup;
			children = (
				0206C386249BA263009DE1EC /* HistoryHost.swift */,
				0227555F249275DC00F66505 /* HistoryTab.swift */,
				02C7784C249765EF0013EE05 /* HistoryState.swift */,
				02C7784E249766550013EE05 /* HistoryItem.swift */,
				02C77850249767940013EE05 /* HistoryActions.swift */,
				02C778542497681A0013EE05 /* HistoryReducer.swift */,
				02C7785A2497B9060013EE05 /* AuthenticateMiddleware.swift */,
			);
			path = "History tab";
			sourceTree = "<group>";
		};
		02FBEAC72498BC8A00295212 /* Resources */ = {
			isa = PBXGroup;
			children = (
				02FBEACD2498BE2D00295212 /* 180048__unfa__sneeze.flac */,
				02FBEACB2498BE2600295212 /* 180048__unfa__sneeze.wav */,
			);
			path = Resources;
			sourceTree = "<group>";
		};
		02FBEAD02498C1F300295212 /* Zwaai tab */ = {
			isa = PBXGroup;
			children = (
				0227555D249275BD00F66505 /* ZwaaiTab.swift */,
				02FBEAD12498C26200295212 /* ZwaaiScanner.swift */,
				0206C384249B72AA009DE1EC /* ZwaaiHost.swift */,
			);
			path = "Zwaai tab";
			sourceTree = "<group>";
		};
/* End PBXGroup section */

/* Begin PBXNativeTarget section */
		02C1472124926DAC000C08F9 /* Zwaai */ = {
			isa = PBXNativeTarget;
			buildConfigurationList = 02C1473624926DAE000C08F9 /* Build configuration list for PBXNativeTarget "Zwaai" */;
			buildPhases = (
				02C1471E24926DAC000C08F9 /* Sources */,
				02C1471F24926DAC000C08F9 /* Frameworks */,
				02C1472024926DAC000C08F9 /* Resources */,
			);
			buildRules = (
			);
			dependencies = (
			);
			name = Zwaai;
			packageProductDependencies = (
				02FBEA9F24980F0300295212 /* CombineRex */,
				02FBEAA224980FC900295212 /* QRCodeReader */,
			);
			productName = Zwaai;
			productReference = 02C1472224926DAC000C08F9 /* Zwaai.app */;
			productType = "com.apple.product-type.application";
		};
/* End PBXNativeTarget section */

/* Begin PBXProject section */
		02C1471A24926DAC000C08F9 /* Project object */ = {
			isa = PBXProject;
			attributes = {
				LastSwiftUpdateCheck = 1150;
				LastUpgradeCheck = 1150;
				ORGANIZATIONNAME = Zwaai;
				TargetAttributes = {
					02C1472124926DAC000C08F9 = {
						CreatedOnToolsVersion = 11.5;
					};
				};
			};
			buildConfigurationList = 02C1471D24926DAC000C08F9 /* Build configuration list for PBXProject "Zwaai" */;
			compatibilityVersion = "Xcode 9.3";
			developmentRegion = en;
			hasScannedForEncodings = 0;
			knownRegions = (
				en,
				Base,
			);
			mainGroup = 02C1471924926DAC000C08F9;
			packageReferences = (
				02FBEA9E24980F0300295212 /* XCRemoteSwiftPackageReference "SwiftRex" */,
				02FBEAA124980FC900295212 /* XCRemoteSwiftPackageReference "QRCodeReader.swift" */,
			);
			productRefGroup = 02C1472324926DAC000C08F9 /* Products */;
			projectDirPath = "";
			projectRoot = "";
			targets = (
				02C1472124926DAC000C08F9 /* Zwaai */,
			);
		};
/* End PBXProject section */

/* Begin PBXResourcesBuildPhase section */
		02C1472024926DAC000C08F9 /* Resources */ = {
			isa = PBXResourcesBuildPhase;
			buildActionMask = 2147483647;
			files = (
				02C1473224926DAE000C08F9 /* LaunchScreen.storyboard in Resources */,
				0206C363249B6BBD009DE1EC /* Main.storyboard in Resources */,
				02FBEACC2498BE2600295212 /* 180048__unfa__sneeze.wav in Resources */,
				02C1472F24926DAE000C08F9 /* Preview Assets.xcassets in Resources */,
				02C1472C24926DAE000C08F9 /* Assets.xcassets in Resources */,
			);
			runOnlyForDeploymentPostprocessing = 0;
		};
/* End PBXResourcesBuildPhase section */

/* Begin PBXSourcesBuildPhase section */
		02C1471E24926DAC000C08F9 /* Sources */ = {
			isa = PBXSourcesBuildPhase;
			buildActionMask = 2147483647;
			files = (
				02C7784D249765EF0013EE05 /* HistoryState.swift in Sources */,
				02275560249275DC00F66505 /* HistoryTab.swift in Sources */,
				0206C387249BA263009DE1EC /* HistoryHost.swift in Sources */,
				02C77853249767A70013EE05 /* AppActions.swift in Sources */,
				02C778552497681A0013EE05 /* HistoryReducer.swift in Sources */,
				02C7785B2497B9060013EE05 /* AuthenticateMiddleware.swift in Sources */,
				02FBEACF2498BE9900295212 /* AudioFeedback.swift in Sources */,
				0206C385249B72AA009DE1EC /* ZwaaiHost.swift in Sources */,
				02C7784F249766550013EE05 /* HistoryItem.swift in Sources */,
				0227555E249275BD00F66505 /* ZwaaiTab.swift in Sources */,
				02C77851249767940013EE05 /* HistoryActions.swift in Sources */,
				02C778592497697E0013EE05 /* AppReducer.swift in Sources */,
				026315D6249C93F400B4F175 /* Colors.swift in Sources */,
				02C7784A2497657E0013EE05 /* AppState.swift in Sources */,
				02C77857249768B90013EE05 /* AppStore.swift in Sources */,
				02C1472624926DAC000C08F9 /* AppDelegate.swift in Sources */,
				02C1472824926DAC000C08F9 /* SceneDelegate.swift in Sources */,
				02FBEAD22498C26200295212 /* ZwaaiScanner.swift in Sources */,
				02C7785D2497BA500013EE05 /* AppMiddleware.swift in Sources */,
			);
			runOnlyForDeploymentPostprocessing = 0;
		};
/* End PBXSourcesBuildPhase section */

/* Begin PBXVariantGroup section */
		02C1473024926DAE000C08F9 /* LaunchScreen.storyboard */ = {
			isa = PBXVariantGroup;
			children = (
				02C1473124926DAE000C08F9 /* Base */,
			);
			name = LaunchScreen.storyboard;
			sourceTree = "<group>";
		};
/* End PBXVariantGroup section */

/* Begin XCBuildConfiguration section */
		02C1473424926DAE000C08F9 /* Debug */ = {
			isa = XCBuildConfiguration;
			buildSettings = {
				ALWAYS_SEARCH_USER_PATHS = NO;
				CLANG_ANALYZER_NONNULL = YES;
				CLANG_ANALYZER_NUMBER_OBJECT_CONVERSION = YES_AGGRESSIVE;
				CLANG_CXX_LANGUAGE_STANDARD = "gnu++14";
				CLANG_CXX_LIBRARY = "libc++";
				CLANG_ENABLE_MODULES = YES;
				CLANG_ENABLE_OBJC_ARC = YES;
				CLANG_ENABLE_OBJC_WEAK = YES;
				CLANG_WARN_BLOCK_CAPTURE_AUTORELEASING = YES;
				CLANG_WARN_BOOL_CONVERSION = YES;
				CLANG_WARN_COMMA = YES;
				CLANG_WARN_CONSTANT_CONVERSION = YES;
				CLANG_WARN_DEPRECATED_OBJC_IMPLEMENTATIONS = YES;
				CLANG_WARN_DIRECT_OBJC_ISA_USAGE = YES_ERROR;
				CLANG_WARN_DOCUMENTATION_COMMENTS = YES;
				CLANG_WARN_EMPTY_BODY = YES;
				CLANG_WARN_ENUM_CONVERSION = YES;
				CLANG_WARN_INFINITE_RECURSION = YES;
				CLANG_WARN_INT_CONVERSION = YES;
				CLANG_WARN_NON_LITERAL_NULL_CONVERSION = YES;
				CLANG_WARN_OBJC_IMPLICIT_RETAIN_SELF = YES;
				CLANG_WARN_OBJC_LITERAL_CONVERSION = YES;
				CLANG_WARN_OBJC_ROOT_CLASS = YES_ERROR;
				CLANG_WARN_RANGE_LOOP_ANALYSIS = YES;
				CLANG_WARN_STRICT_PROTOTYPES = YES;
				CLANG_WARN_SUSPICIOUS_MOVE = YES;
				CLANG_WARN_UNGUARDED_AVAILABILITY = YES_AGGRESSIVE;
				CLANG_WARN_UNREACHABLE_CODE = YES;
				CLANG_WARN__DUPLICATE_METHOD_MATCH = YES;
				COPY_PHASE_STRIP = NO;
				DEBUG_INFORMATION_FORMAT = dwarf;
				ENABLE_STRICT_OBJC_MSGSEND = YES;
				ENABLE_TESTABILITY = YES;
				GCC_C_LANGUAGE_STANDARD = gnu11;
				GCC_DYNAMIC_NO_PIC = NO;
				GCC_NO_COMMON_BLOCKS = YES;
				GCC_OPTIMIZATION_LEVEL = 0;
				GCC_PREPROCESSOR_DEFINITIONS = (
					"DEBUG=1",
					"$(inherited)",
				);
				GCC_WARN_64_TO_32_BIT_CONVERSION = YES;
				GCC_WARN_ABOUT_RETURN_TYPE = YES_ERROR;
				GCC_WARN_UNDECLARED_SELECTOR = YES;
				GCC_WARN_UNINITIALIZED_AUTOS = YES_AGGRESSIVE;
				GCC_WARN_UNUSED_FUNCTION = YES;
				GCC_WARN_UNUSED_VARIABLE = YES;
				IPHONEOS_DEPLOYMENT_TARGET = 13.0;
				MTL_ENABLE_DEBUG_INFO = INCLUDE_SOURCE;
				MTL_FAST_MATH = YES;
				ONLY_ACTIVE_ARCH = YES;
				SDKROOT = iphoneos;
				SWIFT_ACTIVE_COMPILATION_CONDITIONS = DEBUG;
				SWIFT_OPTIMIZATION_LEVEL = "-Onone";
			};
			name = Debug;
		};
		02C1473524926DAE000C08F9 /* Release */ = {
			isa = XCBuildConfiguration;
			buildSettings = {
				ALWAYS_SEARCH_USER_PATHS = NO;
				CLANG_ANALYZER_NONNULL = YES;
				CLANG_ANALYZER_NUMBER_OBJECT_CONVERSION = YES_AGGRESSIVE;
				CLANG_CXX_LANGUAGE_STANDARD = "gnu++14";
				CLANG_CXX_LIBRARY = "libc++";
				CLANG_ENABLE_MODULES = YES;
				CLANG_ENABLE_OBJC_ARC = YES;
				CLANG_ENABLE_OBJC_WEAK = YES;
				CLANG_WARN_BLOCK_CAPTURE_AUTORELEASING = YES;
				CLANG_WARN_BOOL_CONVERSION = YES;
				CLANG_WARN_COMMA = YES;
				CLANG_WARN_CONSTANT_CONVERSION = YES;
				CLANG_WARN_DEPRECATED_OBJC_IMPLEMENTATIONS = YES;
				CLANG_WARN_DIRECT_OBJC_ISA_USAGE = YES_ERROR;
				CLANG_WARN_DOCUMENTATION_COMMENTS = YES;
				CLANG_WARN_EMPTY_BODY = YES;
				CLANG_WARN_ENUM_CONVERSION = YES;
				CLANG_WARN_INFINITE_RECURSION = YES;
				CLANG_WARN_INT_CONVERSION = YES;
				CLANG_WARN_NON_LITERAL_NULL_CONVERSION = YES;
				CLANG_WARN_OBJC_IMPLICIT_RETAIN_SELF = YES;
				CLANG_WARN_OBJC_LITERAL_CONVERSION = YES;
				CLANG_WARN_OBJC_ROOT_CLASS = YES_ERROR;
				CLANG_WARN_RANGE_LOOP_ANALYSIS = YES;
				CLANG_WARN_STRICT_PROTOTYPES = YES;
				CLANG_WARN_SUSPICIOUS_MOVE = YES;
				CLANG_WARN_UNGUARDED_AVAILABILITY = YES_AGGRESSIVE;
				CLANG_WARN_UNREACHABLE_CODE = YES;
				CLANG_WARN__DUPLICATE_METHOD_MATCH = YES;
				COPY_PHASE_STRIP = NO;
				DEBUG_INFORMATION_FORMAT = "dwarf-with-dsym";
				ENABLE_NS_ASSERTIONS = NO;
				ENABLE_STRICT_OBJC_MSGSEND = YES;
				GCC_C_LANGUAGE_STANDARD = gnu11;
				GCC_NO_COMMON_BLOCKS = YES;
				GCC_WARN_64_TO_32_BIT_CONVERSION = YES;
				GCC_WARN_ABOUT_RETURN_TYPE = YES_ERROR;
				GCC_WARN_UNDECLARED_SELECTOR = YES;
				GCC_WARN_UNINITIALIZED_AUTOS = YES_AGGRESSIVE;
				GCC_WARN_UNUSED_FUNCTION = YES;
				GCC_WARN_UNUSED_VARIABLE = YES;
				IPHONEOS_DEPLOYMENT_TARGET = 13.0;
				MTL_ENABLE_DEBUG_INFO = NO;
				MTL_FAST_MATH = YES;
				SDKROOT = iphoneos;
				SWIFT_COMPILATION_MODE = wholemodule;
				SWIFT_OPTIMIZATION_LEVEL = "-O";
				VALIDATE_PRODUCT = YES;
			};
			name = Release;
		};
		02C1473724926DAE000C08F9 /* Debug */ = {
			isa = XCBuildConfiguration;
			buildSettings = {
				ASSETCATALOG_COMPILER_APPICON_NAME = AppIcon;
				CODE_SIGN_STYLE = Automatic;
				DEVELOPMENT_ASSET_PATHS = "\"Zwaai/Preview Content\"";
				DEVELOPMENT_TEAM = 38HP5T8ATC;
				ENABLE_PREVIEWS = YES;
				INFOPLIST_FILE = Zwaai/Info.plist;
				LD_RUNPATH_SEARCH_PATHS = (
					"$(inherited)",
					"@executable_path/Frameworks",
				);
				PRODUCT_BUNDLE_IDENTIFIER = app.zwaai.Zwaai;
				PRODUCT_NAME = "$(TARGET_NAME)";
				SWIFT_VERSION = 5.0;
				TARGETED_DEVICE_FAMILY = 1;
			};
			name = Debug;
		};
		02C1473824926DAE000C08F9 /* Release */ = {
			isa = XCBuildConfiguration;
			buildSettings = {
				ASSETCATALOG_COMPILER_APPICON_NAME = AppIcon;
				CODE_SIGN_STYLE = Automatic;
				DEVELOPMENT_ASSET_PATHS = "\"Zwaai/Preview Content\"";
				DEVELOPMENT_TEAM = 38HP5T8ATC;
				ENABLE_PREVIEWS = YES;
				INFOPLIST_FILE = Zwaai/Info.plist;
				LD_RUNPATH_SEARCH_PATHS = (
					"$(inherited)",
					"@executable_path/Frameworks",
				);
				PRODUCT_BUNDLE_IDENTIFIER = app.zwaai.Zwaai;
				PRODUCT_NAME = "$(TARGET_NAME)";
				SWIFT_VERSION = 5.0;
				TARGETED_DEVICE_FAMILY = 1;
			};
			name = Release;
		};
/* End XCBuildConfiguration section */

/* Begin XCConfigurationList section */
		02C1471D24926DAC000C08F9 /* Build configuration list for PBXProject "Zwaai" */ = {
			isa = XCConfigurationList;
			buildConfigurations = (
				02C1473424926DAE000C08F9 /* Debug */,
				02C1473524926DAE000C08F9 /* Release */,
			);
			defaultConfigurationIsVisible = 0;
			defaultConfigurationName = Release;
		};
		02C1473624926DAE000C08F9 /* Build configuration list for PBXNativeTarget "Zwaai" */ = {
			isa = XCConfigurationList;
			buildConfigurations = (
				02C1473724926DAE000C08F9 /* Debug */,
				02C1473824926DAE000C08F9 /* Release */,
			);
			defaultConfigurationIsVisible = 0;
			defaultConfigurationName = Release;
		};
/* End XCConfigurationList section */

/* Begin XCRemoteSwiftPackageReference section */
		02FBEA9E24980F0300295212 /* XCRemoteSwiftPackageReference "SwiftRex" */ = {
			isa = XCRemoteSwiftPackageReference;
			repositoryURL = "https://github.com/SwiftRex/SwiftRex.git";
			requirement = {
				branch = develop;
				kind = branch;
			};
		};
		02FBEAA124980FC900295212 /* XCRemoteSwiftPackageReference "QRCodeReader.swift" */ = {
			isa = XCRemoteSwiftPackageReference;
			repositoryURL = "https://github.com/yannickl/QRCodeReader.swift.git";
			requirement = {
				kind = upToNextMajorVersion;
				minimumVersion = 10.0.0;
			};
		};
/* End XCRemoteSwiftPackageReference section */

/* Begin XCSwiftPackageProductDependency section */
		02FBEA9F24980F0300295212 /* CombineRex */ = {
			isa = XCSwiftPackageProductDependency;
			package = 02FBEA9E24980F0300295212 /* XCRemoteSwiftPackageReference "SwiftRex" */;
			productName = CombineRex;
		};
		02FBEAA224980FC900295212 /* QRCodeReader */ = {
			isa = XCSwiftPackageProductDependency;
			package = 02FBEAA124980FC900295212 /* XCRemoteSwiftPackageReference "QRCodeReader.swift" */;
			productName = QRCodeReader;
		};
/* End XCSwiftPackageProductDependency section */
	};
	rootObject = 02C1471A24926DAC000C08F9 /* Project object */;
}
